<?xml version="1.0" encoding="utf-8"?>
<Project ToolsVersion="4.0" xmlns="http://schemas.microsoft.com/developer/msbuild/2003">
  <ItemGroup>
    <Filter Include="Headerdateien">
      <UniqueIdentifier>{56475622-a2f6-4176-9e8c-bb522ffb07f4}</UniqueIdentifier>
      <Extensions>h;hpp;hxx;hm;inl</Extensions>
    </Filter>
    <Filter Include="Ressourcendateien">
      <UniqueIdentifier>{11D7A4D5-406F-44C7-A187-5CB0DB51C794}</UniqueIdentifier>
      <Extensions>rc;ico;cur;bmp;dlg;rc2;rct;bin;rgs;gif;jpg;jpeg;jpe;resx;tiff;tif;png;wav;mfcribbon-ms</Extensions>
    </Filter>
    <Filter Include="Quelldateien">
      <UniqueIdentifier>{0f36cf64-b84c-4bda-baf0-f6e5ce49a4ba}</UniqueIdentifier>
      <Extensions>cpp;c;cxx;rc;def;r;odl;idl;hpj;bat</Extensions>
    </Filter>
  </ItemGroup>
  <ItemGroup>
    <ClCompile Include="CLabel.cpp">
      <Filter>Quelldateien</Filter>
    </ClCompile>
    <ClCompile Include="DlgItemResizer.cpp">
      <Filter>Quelldateien</Filter>
    </ClCompile>
    <ClCompile Include="ModelessMessageBox.cpp">
      <Filter>Quelldateien</Filter>
    </ClCompile>
    <ClCompile Include="ObjectsListBox.cpp">
      <Filter>Quelldateien</Filter>
    </ClCompile>
    <ClCompile Include="ResizablePropertySheet.cpp">
      <Filter>Quelldateien</Filter>
    </ClCompile>
    <ClCompile Include="StdAfx.cpp">
      <Filter>Quelldateien</Filter>
    </ClCompile>
    <ClCompile Include="SVAnalyzerResultDlg.cpp">
      <Filter>Quelldateien</Filter>
    </ClCompile>
    <ClCompile Include="SVDlgBitmap.cpp">
      <Filter>Quelldateien</Filter>
    </ClCompile>
    <ClCompile Include="SVDlgFolder.cpp">
      <Filter>Quelldateien</Filter>
    </ClCompile>
    <ClCompile Include="SVDlgGraph.cpp">
      <Filter>Quelldateien</Filter>
    </ClCompile>
    <ClCompile Include="SVDottedNameTreeCtrl.cpp">
      <Filter>Quelldateien</Filter>
    </ClCompile>
    <ClCompile Include="SVEditableListBox.cpp">
      <Filter>Quelldateien</Filter>
    </ClCompile>
    <ClCompile Include="SVEditControlWithHelp.cpp">
      <Filter>Quelldateien</Filter>
    </ClCompile>
    <ClCompile Include="SVEditHelper.cpp">
      <Filter>Quelldateien</Filter>
    </ClCompile>
    <ClCompile Include="SVEnumerateCombo.cpp">
      <Filter>Quelldateien</Filter>
    </ClCompile>
    <ClCompile Include="SVFileDialog.cpp">
      <Filter>Quelldateien</Filter>
    </ClCompile>
    <ClCompile Include="SVHistogram.cpp">
      <Filter>Quelldateien</Filter>
    </ClCompile>
    <ClCompile Include="SVHorizListBox.cpp">
      <Filter>Quelldateien</Filter>
    </ClCompile>
    <ClCompile Include="SVInPlaceEdit.cpp">
      <Filter>Quelldateien</Filter>
    </ClCompile>
    <ClCompile Include="SVKnobControl.cpp">
      <Filter>Quelldateien</Filter>
    </ClCompile>
    <ClCompile Include="SVListCtrl.cpp">
      <Filter>Quelldateien</Filter>
    </ClCompile>
    <ClCompile Include="SVMaskEditor.cpp">
      <Filter>Quelldateien</Filter>
    </ClCompile>
    <ClCompile Include="SVOConfigNameEdit.cpp">
      <Filter>Quelldateien</Filter>
    </ClCompile>
    <ClCompile Include="SVOEditorWnd.cpp">
      <Filter>Quelldateien</Filter>
    </ClCompile>
    <ClCompile Include="SVOSelectItemListDlg.cpp">
      <Filter>Quelldateien</Filter>
    </ClCompile>
    <ClCompile Include="SVRemoteInputDialog.cpp">
      <Filter>Quelldateien</Filter>
    </ClCompile>
    <ClCompile Include="SVSlideBar.cpp">
      <Filter>Quelldateien</Filter>
    </ClCompile>
    <ClCompile Include="SVSliderCtrl.cpp">
      <Filter>Quelldateien</Filter>
    </ClCompile>
    <ClCompile Include="SVStatusBar.cpp">
      <Filter>Quelldateien</Filter>
    </ClCompile>
    <ClCompile Include="SVToolBar.cpp">
      <Filter>Quelldateien</Filter>
    </ClCompile>
    <ClCompile Include="SVUpDownButton.cpp">
      <Filter>Quelldateien</Filter>
    </ClCompile>
    <ClCompile Include="SVUtilityArgumentDialog.cpp">
      <Filter>Quelldateien</Filter>
    </ClCompile>
    <ClCompile Include="SVWindowBar.cpp">
      <Filter>Quelldateien</Filter>
    </ClCompile>
    <ClCompile Include="VisualFx.cpp">
      <Filter>Quelldateien</Filter>
    </ClCompile>
    <ClCompile Include="EditNumbers.cpp">
      <Filter>Quelldateien</Filter>
    </ClCompile>
    <ClCompile Include="DisplayMessageBox.cpp">
      <Filter>Quelldateien</Filter>
    </ClCompile>
    <ClCompile Include="EnterStringDlg.cpp">
      <Filter>Quelldateien</Filter>
    </ClCompile>
  </ItemGroup>
  <ItemGroup>
    <ClInclude Include="AvailableObjectListComboBox.h">
      <Filter>Headerdateien</Filter>
    </ClInclude>
    <ClInclude Include="CLabel.h">
      <Filter>Headerdateien</Filter>
    </ClInclude>
    <ClInclude Include="DlgItemResizer.h">
      <Filter>Headerdateien</Filter>
    </ClInclude>
    <ClInclude Include="ModelessMessageBox.h">
      <Filter>Headerdateien</Filter>
    </ClInclude>
    <ClInclude Include="ObjectsListBox.h">
      <Filter>Headerdateien</Filter>
    </ClInclude>
    <ClInclude Include="ResizablePropertySheet.h">
      <Filter>Headerdateien</Filter>
    </ClInclude>
    <ClInclude Include="StdAfx.h">
      <Filter>Headerdateien</Filter>
    </ClInclude>
    <ClInclude Include="SVAnalyzerResultDlg.h">
      <Filter>Headerdateien</Filter>
    </ClInclude>
    <ClInclude Include="SVDlgBitmap.H">
      <Filter>Headerdateien</Filter>
    </ClInclude>
    <ClInclude Include="SVDlgFolder.h">
      <Filter>Headerdateien</Filter>
    </ClInclude>
    <ClInclude Include="SVDlgGraph.h">
      <Filter>Headerdateien</Filter>
    </ClInclude>
    <ClInclude Include="SVDottedNameTreeCtrl.h">
      <Filter>Headerdateien</Filter>
    </ClInclude>
    <ClInclude Include="SVEditableListBox.h">
      <Filter>Headerdateien</Filter>
    </ClInclude>
    <ClInclude Include="SVEditControlWithHelp.h">
      <Filter>Headerdateien</Filter>
    </ClInclude>
    <ClInclude Include="SVEditHelper.h">
      <Filter>Headerdateien</Filter>
    </ClInclude>
    <ClInclude Include="SVEnumerateCombo.h">
      <Filter>Headerdateien</Filter>
    </ClInclude>
    <ClInclude Include="SVFileDialog.h">
      <Filter>Headerdateien</Filter>
    </ClInclude>
    <ClInclude Include="SVHistogram.h">
      <Filter>Headerdateien</Filter>
    </ClInclude>
    <ClInclude Include="SVHistogramLabels.h">
      <Filter>Headerdateien</Filter>
    </ClInclude>
    <ClInclude Include="SVHorizListBox.h">
      <Filter>Headerdateien</Filter>
    </ClInclude>
    <ClInclude Include="SVInPlaceEdit.h">
      <Filter>Headerdateien</Filter>
    </ClInclude>
    <ClInclude Include="SVKnobControl.h">
      <Filter>Headerdateien</Filter>
    </ClInclude>
    <ClInclude Include="SVListCtrl.h">
      <Filter>Headerdateien</Filter>
    </ClInclude>
    <ClInclude Include="SVMaskEditor.h">
      <Filter>Headerdateien</Filter>
    </ClInclude>
    <ClInclude Include="SVOConfigNameEdit.h">
      <Filter>Headerdateien</Filter>
    </ClInclude>
    <ClInclude Include="SVOEditorWnd.h">
      <Filter>Headerdateien</Filter>
    </ClInclude>
    <ClInclude Include="SVOSelectItemListDlg.h">
      <Filter>Headerdateien</Filter>
    </ClInclude>
    <ClInclude Include="SVRemoteInputDialog.h">
      <Filter>Headerdateien</Filter>
    </ClInclude>
    <ClInclude Include="SVSlideBar.h">
      <Filter>Headerdateien</Filter>
    </ClInclude>
    <ClInclude Include="SVSliderCtrl.h">
      <Filter>Headerdateien</Filter>
    </ClInclude>
    <ClInclude Include="SVStatusBar.h">
      <Filter>Headerdateien</Filter>
    </ClInclude>
    <ClInclude Include="SVToolBar.h">
      <Filter>Headerdateien</Filter>
    </ClInclude>
    <ClInclude Include="SVUpDownButton.h">
      <Filter>Headerdateien</Filter>
    </ClInclude>
    <ClInclude Include="SVUtilityArgumentDialog.h">
      <Filter>Headerdateien</Filter>
    </ClInclude>
    <ClInclude Include="SVWindowBar.h">
      <Filter>Headerdateien</Filter>
    </ClInclude>
    <ClInclude Include="VisualFx.h">
      <Filter>Headerdateien</Filter>
    </ClInclude>
    <ClInclude Include="EditNumbers.h">
      <Filter>Headerdateien</Filter>
    </ClInclude>
    <ClInclude Include="DisplayMessageBox.h">
      <Filter>Headerdateien</Filter>
    </ClInclude>
    <ClInclude Include="EnterStringDlg.h">
      <Filter>Headerdateien</Filter>
    </ClInclude>
  </ItemGroup>
  <ItemGroup>
    <None Include="AvailableObjectListComboBox.inl">
      <Filter>Headerdateien</Filter>
    </None>
  </ItemGroup>
</Project>