<?xml version="1.0" encoding="utf-8"?>
<Project ToolsVersion="4.0" xmlns="http://schemas.microsoft.com/developer/msbuild/2003">
  <ItemGroup>
    <Filter Include="Headerdateien">
      <UniqueIdentifier>{56475622-a2f6-4176-9e8c-bb522ffb07f4}</UniqueIdentifier>
      <Extensions>h;hpp;hxx;hm;inl</Extensions>
    </Filter>
    <Filter Include="Ressourcendateien">
      <UniqueIdentifier>{B85E57FA-AB5C-4C5E-835C-AB74FD9B29CE}</UniqueIdentifier>
      <Extensions>rc;ico;cur;bmp;dlg;rc2;rct;bin;rgs;gif;jpg;jpeg;jpe;resx;tiff;tif;png;wav;mfcribbon-ms</Extensions>
    </Filter>
    <Filter Include="Quelldateien">
      <UniqueIdentifier>{0f36cf64-b84c-4bda-baf0-f6e5ce49a4ba}</UniqueIdentifier>
      <Extensions>cpp;c;cxx;rc;def;r;odl;idl;hpj;bat</Extensions>
    </Filter>
  </ItemGroup>
  <ItemGroup>
    <ClCompile Include="AuxiliaryExtentsController.cpp">
      <Filter>Quelldateien</Filter>
    </ClCompile>
    <ClCompile Include="BlobReconstructFilterDlg.cpp">
      <Filter>Quelldateien</Filter>
    </ClCompile>
    <ClCompile Include="CDSVPictureDisplay.cpp">
      <Filter>Quelldateien</Filter>
    </ClCompile>
    <ClCompile Include="Custom2FilterDlg.cpp">
      <Filter>Quelldateien</Filter>
    </ClCompile>
    <ClCompile Include="Displayhelper.cpp">
      <Filter>Quelldateien</Filter>
    </ClCompile>
    <ClCompile Include="FormulaController.cpp">
      <Filter>Quelldateien</Filter>
    </ClCompile>
    <ClCompile Include="GlobalConstantConflictDlg.cpp">
      <Filter>Quelldateien</Filter>
    </ClCompile>
    <ClCompile Include="GlobalConstantDlg.cpp">
      <Filter>Quelldateien</Filter>
    </ClCompile>
    <ClCompile Include="ImageController.cpp">
      <Filter>Quelldateien</Filter>
    </ClCompile>
    <ClCompile Include="MaskController.cpp">
      <Filter>Quelldateien</Filter>
    </ClCompile>
    <ClCompile Include="ObjectSelectorController.cpp">
      <Filter>Quelldateien</Filter>
    </ClCompile>
    <ClCompile Include="PictureDisplay.cpp">
      <Filter>Quelldateien</Filter>
    </ClCompile>
    <ClCompile Include="RangeController.cpp">
      <Filter>Quelldateien</Filter>
    </ClCompile>
    <ClCompile Include="Ranking2FilterDlg.cpp">
      <Filter>Quelldateien</Filter>
    </ClCompile>
    <ClCompile Include="ReconstructFilterDlg.cpp">
      <Filter>Quelldateien</Filter>
    </ClCompile>
    <ClCompile Include="ResultTableSelectionDlg.cpp">
      <Filter>Quelldateien</Filter>
    </ClCompile>
    <ClCompile Include="StdAfx.cpp">
      <Filter>Quelldateien</Filter>
    </ClCompile>
    <ClCompile Include="SVAdjustToolSizePositionDlg.cpp">
      <Filter>Quelldateien</Filter>
    </ClCompile>
    <ClCompile Include="SVBarCodeAttributesDialog.cpp">
      <Filter>Quelldateien</Filter>
    </ClCompile>
    <ClCompile Include="SVBarCodeDataMatrixDialog.cpp">
      <Filter>Quelldateien</Filter>
    </ClCompile>
    <ClCompile Include="SVBarCodeGeneralDialog.cpp">
      <Filter>Quelldateien</Filter>
    </ClCompile>
    <ClCompile Include="SVBarCodeProperties.cpp">
      <Filter>Quelldateien</Filter>
    </ClCompile>
    <ClCompile Include="SVBarCodeStringMatchDialog.cpp">
      <Filter>Quelldateien</Filter>
    </ClCompile>
    <ClCompile Include="SVBlobAnalyzerDialog.cpp">
      <Filter>Quelldateien</Filter>
    </ClCompile>
    <ClCompile Include="SVBlobFeaturePropertiesDlg.cpp">
      <Filter>Quelldateien</Filter>
    </ClCompile>
    <ClCompile Include="SVCustomFilterDlg.cpp">
      <Filter>Quelldateien</Filter>
    </ClCompile>
    <ClCompile Include="SVCylindricalWarpDlg.cpp">
      <Filter>Quelldateien</Filter>
    </ClCompile>
    <ClCompile Include="SVDlgImage.cpp">
      <Filter>Quelldateien</Filter>
    </ClCompile>
    <ClCompile Include="SVEdgeMarkerAdjustmentPageClass.cpp">
      <Filter>Quelldateien</Filter>
    </ClCompile>
    <ClCompile Include="SVExternalToolImageSelectPage.cpp">
      <Filter>Quelldateien</Filter>
    </ClCompile>
    <ClCompile Include="SVFillBlobDlg.cpp">
      <Filter>Quelldateien</Filter>
    </ClCompile>
    <ClCompile Include="SVFormulaEditorPage.cpp">
      <Filter>Quelldateien</Filter>
    </ClCompile>
    <ClCompile Include="SVFormulaEditorSheet.cpp">
      <Filter>Quelldateien</Filter>
    </ClCompile>
    <ClCompile Include="SVLicenseMgrModelessDlg.cpp">
      <Filter>Quelldateien</Filter>
    </ClCompile>
    <ClCompile Include="SVLuminanceAnalyzerDlg.cpp">
      <Filter>Quelldateien</Filter>
    </ClCompile>
    <ClCompile Include="SVOCVGeneralDlg.cpp">
      <Filter>Quelldateien</Filter>
    </ClCompile>
    <ClCompile Include="SVOCVMatchDlg.cpp">
      <Filter>Quelldateien</Filter>
    </ClCompile>
    <ClCompile Include="SVOCVSheet.cpp">
      <Filter>Quelldateien</Filter>
    </ClCompile>
    <ClCompile Include="SVPatternAnalyzerModelPage.cpp">
      <Filter>Quelldateien</Filter>
    </ClCompile>
    <ClCompile Include="SVPerspectiveWarpPage.cpp">
      <Filter>Quelldateien</Filter>
    </ClCompile>
    <ClCompile Include="SVRankingFilterDlg.cpp">
      <Filter>Quelldateien</Filter>
    </ClCompile>
    <ClCompile Include="SVSaveToolSetImageDialog.cpp">
      <Filter>Quelldateien</Filter>
    </ClCompile>
    <ClCompile Include="SVShowDependentsDialog.cpp">
      <Filter>Quelldateien</Filter>
    </ClCompile>
    <ClCompile Include="SVTADlgColorToolPage.cpp">
      <Filter>Quelldateien</Filter>
    </ClCompile>
    <ClCompile Include="SVTADlgFileImageSourcePage.cpp">
      <Filter>Quelldateien</Filter>
    </ClCompile>
    <ClCompile Include="SVTADlgGeneralPage.cpp">
      <Filter>Quelldateien</Filter>
    </ClCompile>
    <ClCompile Include="SVTADlgPassFailPage.cpp">
      <Filter>Quelldateien</Filter>
    </ClCompile>
    <ClCompile Include="SVTADlgTransformImagePage.cpp">
      <Filter>Quelldateien</Filter>
    </ClCompile>
    <ClCompile Include="SVTextEditDialog.cpp">
      <Filter>Quelldateien</Filter>
    </ClCompile>
    <ClCompile Include="SVThickeningFilterDlg.cpp">
      <Filter>Quelldateien</Filter>
    </ClCompile>
    <ClCompile Include="SVThinningFilterDlg.cpp">
      <Filter>Quelldateien</Filter>
    </ClCompile>
    <ClCompile Include="SVToolAdjustmentDialogCommentPage.cpp">
      <Filter>Quelldateien</Filter>
    </ClCompile>
    <ClCompile Include="SVToolAdjustmentDialogFilterPageClass.cpp">
      <Filter>Quelldateien</Filter>
    </ClCompile>
    <ClCompile Include="SVToolAdjustmentDialogImagePageClass.cpp">
      <Filter>Quelldateien</Filter>
    </ClCompile>
    <ClCompile Include="SVToolAdjustmentDialogLinearSpecialPage.cpp">
      <Filter>Quelldateien</Filter>
    </ClCompile>
    <ClCompile Include="SVToolAdjustmentDialogSizePage.cpp">
      <Filter>Quelldateien</Filter>
    </ClCompile>
    <ClCompile Include="SVToolAdjustmentDialogTwoImagePage.cpp">
      <Filter>Quelldateien</Filter>
    </ClCompile>
    <ClCompile Include="SVToolAdjustmentLUTPage.cpp">
      <Filter>Quelldateien</Filter>
    </ClCompile>
    <ClCompile Include="SVWaterShedFilterDlg.cpp">
      <Filter>Quelldateien</Filter>
    </ClCompile>
    <ClCompile Include="TADialogLoopToolParameterPage.cpp">
      <Filter>Quelldateien</Filter>
    </ClCompile>
    <ClCompile Include="TADialogRingBufferParameterPage.cpp">
      <Filter>Quelldateien</Filter>
    </ClCompile>
    <ClCompile Include="TADialogTableDefinesPage.cpp">
      <Filter>Quelldateien</Filter>
    </ClCompile>
    <ClCompile Include="TADialogTableParameterPage.cpp">
      <Filter>Quelldateien</Filter>
    </ClCompile>
    <ClCompile Include="TaTableAnalyzerPage.cpp">
      <Filter>Quelldateien</Filter>
    </ClCompile>
    <ClCompile Include="TATableSourcePage.cpp">
      <Filter>Quelldateien</Filter>
    </ClCompile>
    <ClCompile Include="ToolAdjustToolSetPage.cpp">
      <Filter>Quelldateien</Filter>
    </ClCompile>
    <ClCompile Include="ZoomHelper.cpp">
      <Filter>Quelldateien</Filter>
    </ClCompile>
    <ClCompile Include="ValueEditWidgetHelper.cpp">
      <Filter>Quelldateien</Filter>
    </ClCompile>
    <ClCompile Include="NormalizerController.cpp">
      <Filter>Quelldateien</Filter>
    </ClCompile>
    <ClCompile Include="BlobAnalyzer2Sheet.cpp">
      <Filter>Quelldateien</Filter>
    </ClCompile>
    <ClCompile Include="BlobAnalyzer2General.cpp">
      <Filter>Quelldateien</Filter>
    </ClCompile>
    <ClCompile Include="BlobAnalyzer2Feature.cpp">
      <Filter>Quelldateien</Filter>
    </ClCompile>
    <ClCompile Include="BlobAnalyzer2FeatureSelector.cpp">
      <Filter>Quelldateien</Filter>
    </ClCompile>
    <ClCompile Include="BlobAnalyzer2Range.cpp">
      <Filter>Quelldateien</Filter>
    </ClCompile>
    <ClCompile Include="BlobAnalyzer2Draw.cpp">
      <Filter>Quelldateien</Filter>
    </ClCompile>
    <ClCompile Include="SelectToolForNewSourceImageDialog.cpp">
      <Filter>Quelldateien</Filter>
    </ClCompile>
    <ClCompile Include="ExternalToolTaskController.cpp">
      <Filter>Quelldateien</Filter>
    </ClCompile>
    <ClCompile Include="AudidFilesDialog.cpp">
      <Filter>Quelldateien</Filter>
    </ClCompile>
  </ItemGroup>
  <ItemGroup>
    <ClInclude Include="AuxiliaryExtentsController.h">
      <Filter>Headerdateien</Filter>
    </ClInclude>
    <ClInclude Include="BlobReconstructFilterDlg.h">
      <Filter>Headerdateien</Filter>
    </ClInclude>
    <ClInclude Include="BoundValue.h">
      <Filter>Headerdateien</Filter>
    </ClInclude>
    <ClInclude Include="CDSVPictureDisplay.h">
      <Filter>Headerdateien</Filter>
    </ClInclude>
    <ClInclude Include="Custom2FilterDlg.h">
      <Filter>Headerdateien</Filter>
    </ClInclude>
    <ClInclude Include="DataController.h">
      <Filter>Headerdateien</Filter>
    </ClInclude>
    <ClInclude Include="DisplayHelper.h">
      <Filter>Headerdateien</Filter>
    </ClInclude>
    <ClInclude Include="FormulaController.h">
      <Filter>Headerdateien</Filter>
    </ClInclude>
    <ClInclude Include="GlobalConstantConflictDlg.h">
      <Filter>Headerdateien</Filter>
    </ClInclude>
    <ClInclude Include="GlobalConstantDlg.h">
      <Filter>Headerdateien</Filter>
    </ClInclude>
    <ClInclude Include="GuiValueHelper.h">
      <Filter>Headerdateien</Filter>
    </ClInclude>
    <ClInclude Include="ImageController.h">
      <Filter>Headerdateien</Filter>
    </ClInclude>
    <ClInclude Include="ISVPropertyPageDialog.h">
      <Filter>Headerdateien</Filter>
    </ClInclude>
    <ClInclude Include="MaskController.h">
      <Filter>Headerdateien</Filter>
    </ClInclude>
    <ClInclude Include="ObjectSelectorController.h">
      <Filter>Headerdateien</Filter>
    </ClInclude>
    <ClInclude Include="PictureDisplay.h">
      <Filter>Headerdateien</Filter>
    </ClInclude>
    <ClInclude Include="RangeController.h">
      <Filter>Headerdateien</Filter>
    </ClInclude>
    <ClInclude Include="Ranking2FilterDlg.h">
      <Filter>Headerdateien</Filter>
    </ClInclude>
    <ClInclude Include="ReconstructFilterDlg.h">
      <Filter>Headerdateien</Filter>
    </ClInclude>
    <ClInclude Include="ResultTableSelectionDlg.h">
      <Filter>Headerdateien</Filter>
    </ClInclude>
    <ClInclude Include="Sci_Position.h">
      <Filter>Headerdateien</Filter>
    </ClInclude>
    <ClInclude Include="SciLexer.h">
      <Filter>Headerdateien</Filter>
    </ClInclude>
    <ClInclude Include="Scintilla.h">
      <Filter>Headerdateien</Filter>
    </ClInclude>
    <ClInclude Include="StdAfx.h">
      <Filter>Headerdateien</Filter>
    </ClInclude>
    <ClInclude Include="SVAdjustToolSizePositionDlg.h">
      <Filter>Headerdateien</Filter>
    </ClInclude>
    <ClInclude Include="SVBarCodeAttributesDialog.h">
      <Filter>Headerdateien</Filter>
    </ClInclude>
    <ClInclude Include="SVBarCodeDataMatrixDialog.h">
      <Filter>Headerdateien</Filter>
    </ClInclude>
    <ClInclude Include="SVBarCodeGeneralDialog.h">
      <Filter>Headerdateien</Filter>
    </ClInclude>
    <ClInclude Include="SVBarCodeProperties.h">
      <Filter>Headerdateien</Filter>
    </ClInclude>
    <ClInclude Include="SVBarCodeStringMatchDialog.h">
      <Filter>Headerdateien</Filter>
    </ClInclude>
    <ClInclude Include="SVBlobAnalyzerDialog.h">
      <Filter>Headerdateien</Filter>
    </ClInclude>
    <ClInclude Include="SVBlobFeaturePropertiesDlg.h">
      <Filter>Headerdateien</Filter>
    </ClInclude>
    <ClInclude Include="SVCustomFilterDlg.h">
      <Filter>Headerdateien</Filter>
    </ClInclude>
    <ClInclude Include="SVCylindricalWarpDlg.h">
      <Filter>Headerdateien</Filter>
    </ClInclude>
    <ClInclude Include="SVDlgImage.h">
      <Filter>Headerdateien</Filter>
    </ClInclude>
    <ClInclude Include="SVEdgeMarkerAdjustmentPageClass.h">
      <Filter>Headerdateien</Filter>
    </ClInclude>
    <ClInclude Include="SVExternalToolImageSelectPage.h">
      <Filter>Headerdateien</Filter>
    </ClInclude>
    <ClInclude Include="SVFillBlobDlg.h">
      <Filter>Headerdateien</Filter>
    </ClInclude>
    <ClInclude Include="SVFormulaEditorPage.h">
      <Filter>Headerdateien</Filter>
    </ClInclude>
    <ClInclude Include="SVFormulaEditorSheet.h">
      <Filter>Headerdateien</Filter>
    </ClInclude>
    <ClInclude Include="SVLicenseMgrModelessDlg.h">
      <Filter>Headerdateien</Filter>
    </ClInclude>
    <ClInclude Include="SVLuminanceAnalyzerDlg.h">
      <Filter>Headerdateien</Filter>
    </ClInclude>
    <ClInclude Include="SVOCVGeneralDlg.h">
      <Filter>Headerdateien</Filter>
    </ClInclude>
    <ClInclude Include="SVOCVMatchDlg.h">
      <Filter>Headerdateien</Filter>
    </ClInclude>
    <ClInclude Include="SVOCVSheet.h">
      <Filter>Headerdateien</Filter>
    </ClInclude>
    <ClInclude Include="SVPatternAnalyzerModelPage.h">
      <Filter>Headerdateien</Filter>
    </ClInclude>
    <ClInclude Include="SVPerspectiveWarpPage.h">
      <Filter>Headerdateien</Filter>
    </ClInclude>
    <ClInclude Include="SVRankingFilterDlg.h">
      <Filter>Headerdateien</Filter>
    </ClInclude>
    <ClInclude Include="SVSaveToolSetImageDialog.h">
      <Filter>Headerdateien</Filter>
    </ClInclude>
    <ClInclude Include="SVShowDependentsDialog.h">
      <Filter>Headerdateien</Filter>
    </ClInclude>
    <ClInclude Include="SVTADlgColorToolPage.h">
      <Filter>Headerdateien</Filter>
    </ClInclude>
    <ClInclude Include="SVTADlgFileImageSourcePage.h">
      <Filter>Headerdateien</Filter>
    </ClInclude>
    <ClInclude Include="SVTADlgGeneralPage.h">
      <Filter>Headerdateien</Filter>
    </ClInclude>
    <ClInclude Include="SVTADlgPassFailPage.h">
      <Filter>Headerdateien</Filter>
    </ClInclude>
    <ClInclude Include="SVTADlgTransformImagePage.h">
      <Filter>Headerdateien</Filter>
    </ClInclude>
    <ClInclude Include="SVTextEditDialog.h">
      <Filter>Headerdateien</Filter>
    </ClInclude>
    <ClInclude Include="SVThickeningFilterDlg.h">
      <Filter>Headerdateien</Filter>
    </ClInclude>
    <ClInclude Include="SVThinningFilterDlg.h">
      <Filter>Headerdateien</Filter>
    </ClInclude>
    <ClInclude Include="SVToolAdjustmentDialogCommentPage.h">
      <Filter>Headerdateien</Filter>
    </ClInclude>
    <ClInclude Include="SVToolAdjustmentDialogFilterPageClass.h">
      <Filter>Headerdateien</Filter>
    </ClInclude>
    <ClInclude Include="SVToolAdjustmentDialogImagePageClass.h">
      <Filter>Headerdateien</Filter>
    </ClInclude>
    <ClInclude Include="SVToolAdjustmentDialogLinearSpecialPage.h">
      <Filter>Headerdateien</Filter>
    </ClInclude>
    <ClInclude Include="SVToolAdjustmentDialogSizePage.h">
      <Filter>Headerdateien</Filter>
    </ClInclude>
    <ClInclude Include="SVToolAdjustmentDialogTwoImagePage.h">
      <Filter>Headerdateien</Filter>
    </ClInclude>
    <ClInclude Include="SVToolAdjustmentLUTPage.h">
      <Filter>Headerdateien</Filter>
    </ClInclude>
    <ClInclude Include="SVWaterShedFilterDlg.h">
      <Filter>Headerdateien</Filter>
    </ClInclude>
    <ClInclude Include="TADialogLoopToolParameterPage.h">
      <Filter>Headerdateien</Filter>
    </ClInclude>
    <ClInclude Include="TADialogRingBufferParameterPage.h">
      <Filter>Headerdateien</Filter>
    </ClInclude>
    <ClInclude Include="TADialogTableDefinesPage.h">
      <Filter>Headerdateien</Filter>
    </ClInclude>
    <ClInclude Include="TADialogTableParameterPage.h">
      <Filter>Headerdateien</Filter>
    </ClInclude>
    <ClInclude Include="TATableAnalyzerPage.h">
      <Filter>Headerdateien</Filter>
    </ClInclude>
    <ClInclude Include="TATableSourcePage.h">
      <Filter>Headerdateien</Filter>
    </ClInclude>
    <ClInclude Include="TextDefinesSvOg.h">
      <Filter>Headerdateien</Filter>
    </ClInclude>
    <ClInclude Include="ValuesAccessor.h">
      <Filter>Headerdateien</Filter>
    </ClInclude>
    <ClInclude Include="ZoomHelper.h">
      <Filter>Headerdateien</Filter>
    </ClInclude>
    <ClInclude Include="ToolAdjustToolSetPage.h">
      <Filter>Headerdateien</Filter>
    </ClInclude>
    <ClInclude Include="ValueEditWidgetHelper.h">
      <Filter>Headerdateien</Filter>
    </ClInclude>
    <ClInclude Include="NormalizerController.h">
      <Filter>Headerdateien</Filter>
    </ClInclude>
    <ClInclude Include="BlobAnalyzer2Sheet.h">
      <Filter>Headerdateien</Filter>
    </ClInclude>
    <ClInclude Include="BlobAnalyzer2General.h">
      <Filter>Headerdateien</Filter>
    </ClInclude>
    <ClInclude Include="BlobAnalyzer2Feature.h">
      <Filter>Headerdateien</Filter>
    </ClInclude>
    <ClInclude Include="BlobAnalyzer2FeatureSelector.h">
      <Filter>Headerdateien</Filter>
    </ClInclude>
    <ClInclude Include="BlobAnalyzer2Range.h">
      <Filter>Headerdateien</Filter>
    </ClInclude>
    <ClInclude Include="BlobAnalyzer2Draw.h">
      <Filter>Headerdateien</Filter>
    </ClInclude>
    <ClInclude Include="SelectToolForNewSourceImageDialog.h">
      <Filter>Headerdateien</Filter>
    </ClInclude>
    <ClInclude Include="ExternalToolTaskController.h">
      <Filter>Headerdateien</Filter>
    </ClInclude>
    <ClInclude Include="AudidFilesDialog.h">
      <Filter>Headerdateien</Filter>
    </ClInclude>
  </ItemGroup>
</Project>