
Microsoft Visual Studio Solution File, Format Version 11.00
# Visual Studio 2010
Project("{8BC9CEB8-8B4A-11D0-8D11-00A0C91BC942}") = "SVCmnLib", "SVCmnLib\SVCmnLib.vcxproj", "{1E626470-0C31-4F55-931C-FF260F98E7F2}"
EndProject
Project("{8BC9CEB8-8B4A-11D0-8D11-00A0C91BC942}") = "SVIOLibrary", "SVIOLibrary\SVIOLibrary.vcxproj", "{1E640802-4CA8-4BA7-A9A3-71A15D829080}"
EndProject
Project("{8BC9CEB8-8B4A-11D0-8D11-00A0C91BC942}") = "SVLibrary", "SVLibrary\SVLibrary.vcxproj", "{BA92F64B-9A1F-4A76-8590-82CE3CDBCFCA}"
EndProject
Project("{8BC9CEB8-8B4A-11D0-8D11-00A0C91BC942}") = "SVOMFCLibrary", "SVOMFCLibrary\SVOMFCLibrary.vcxproj", "{88204352-9BA7-43F1-ABAB-C75A485171E3}"
	ProjectSection(ProjectDependencies) = postProject
		{B022279A-59CD-41C3-9EA5-F9721FECAFDD} = {B022279A-59CD-41C3-9EA5-F9721FECAFDD}
	EndProjectSection
EndProject
Project("{8BC9CEB8-8B4A-11D0-8D11-00A0C91BC942}") = "SVObjectLibrary", "SVObjectLibrary\SVObjectLibrary.vcxproj", "{5796BBF7-F64D-4B14-816E-B9012A52A225}"
EndProject
Project("{8BC9CEB8-8B4A-11D0-8D11-00A0C91BC942}") = "SVPARSERSCRIPTS", "SVPARSERSCRIPTS\SVPARSERSCRIPTS.vcxproj", "{F9C47D53-F085-4218-8A2D-A6D6F2FC02E3}"
EndProject
Project("{8BC9CEB8-8B4A-11D0-8D11-00A0C91BC942}") = "SVSecurity", "SVSecurity\SVSecurity.vcxproj", "{22A733F9-76B1-4D79-8D08-BFB5FC104C33}"
	ProjectSection(ProjectDependencies) = postProject
		{B1F5F607-2CC4-4F28-ABB7-AF223BA573C8} = {B1F5F607-2CC4-4F28-ABB7-AF223BA573C8}
		{DD11E2A5-2BA6-42F7-936A-035A2F710E6E} = {DD11E2A5-2BA6-42F7-936A-035A2F710E6E}
		{AA20BDB8-15C0-43EB-83B5-6FC716849F13} = {AA20BDB8-15C0-43EB-83B5-6FC716849F13}
	EndProjectSection
EndProject
Project("{8BC9CEB8-8B4A-11D0-8D11-00A0C91BC942}") = "SVLoki", "SVLoki\SVLoki.vcxproj", "{03006BE8-17D0-4C54-B468-0CE86BC994FA}"
EndProject
Project("{8BC9CEB8-8B4A-11D0-8D11-00A0C91BC942}") = "SVMessage", "SVMessage\SVMessage.vcxproj", "{A511C66F-36A3-4590-9CB4-A0CB6CA1D702}"
EndProject
Project("{8BC9CEB8-8B4A-11D0-8D11-00A0C91BC942}") = "SVHBitmapUtilitiesLibrary", "SVHBitmapUtilitiesLibrary\SVHBitmapUtilitiesLibrary.vcxproj", "{B87372A4-FA22-4040-B036-335943817E68}"
EndProject
Project("{8BC9CEB8-8B4A-11D0-8D11-00A0C91BC942}") = "SVTimerLibrary", "SVTimerLibrary\SVTimerLibrary.vcxproj", "{722A6C78-28FC-4870-B7F8-30AF53C0BB46}"
EndProject
Project("{8BC9CEB8-8B4A-11D0-8D11-00A0C91BC942}") = "SVUtilityLibrary", "SVUtilityLibrary\SVUtilityLibrary.vcxproj", "{B022279A-59CD-41C3-9EA5-F9721FECAFDD}"
EndProject
Project("{8BC9CEB8-8B4A-11D0-8D11-00A0C91BC942}") = "SVMaterialsLibrary", "SVMaterialsLibrary\SVMaterialsLibrary.vcxproj", "{DD11E2A5-2BA6-42F7-936A-035A2F710E6E}"
	ProjectSection(ProjectDependencies) = postProject
		{B022279A-59CD-41C3-9EA5-F9721FECAFDD} = {B022279A-59CD-41C3-9EA5-F9721FECAFDD}
	EndProjectSection
EndProject
Project("{8BC9CEB8-8B4A-11D0-8D11-00A0C91BC942}") = "SVContainerLibrary", "SVContainerLibrary\SVContainerLibrary.vcxproj", "{39C20A29-7025-4180-AC95-05C32A4C106F}"
EndProject
Project("{8BC9CEB8-8B4A-11D0-8D11-00A0C91BC942}") = "SVTreeLibrary", "SVTreeLibrary\SVTreeLibrary.vcxproj", "{BA9068C5-740B-459C-B8DA-F294BBEE5223}"
EndProject
Project("{8BC9CEB8-8B4A-11D0-8D11-00A0C91BC942}") = "SVStatusLibrary", "SVStatusLibrary\SVStatusLibrary.vcxproj", "{AA20BDB8-15C0-43EB-83B5-6FC716849F13}"
	ProjectSection(ProjectDependencies) = postProject
		{A511C66F-36A3-4590-9CB4-A0CB6CA1D702} = {A511C66F-36A3-4590-9CB4-A0CB6CA1D702}
	EndProjectSection
EndProject
Project("{8BC9CEB8-8B4A-11D0-8D11-00A0C91BC942}") = "SVOLibrary", "SVOLibrary\SVOLibrary.vcxproj", "{20B9033B-0D0D-4637-8885-CED4EC1D8659}"
EndProject
Project("{8BC9CEB8-8B4A-11D0-8D11-00A0C91BC942}") = "SVDataManagerLibrary", "SVDataManagerLibrary\SVDataManagerLibrary.vcxproj", "{A3B979BB-48D4-47E8-B717-184C2EC878BC}"
	ProjectSection(ProjectDependencies) = postProject
		{A511C66F-36A3-4590-9CB4-A0CB6CA1D702} = {A511C66F-36A3-4590-9CB4-A0CB6CA1D702}
	EndProjectSection
EndProject
Project("{8BC9CEB8-8B4A-11D0-8D11-00A0C91BC942}") = "SVRunControlLibrary", "SVRunControlLibrary\SVRunControlLibrary.vcxproj", "{245ED6E8-B382-4D40-B26E-7D4E0CDFC5A9}"
EndProject
Project("{8BC9CEB8-8B4A-11D0-8D11-00A0C91BC942}") = "SVSystemLibrary", "SVSystemLibrary\SVSystemLibrary.vcxproj", "{1854674E-1C43-4305-A8AF-8D96D40FCE3E}"
	ProjectSection(ProjectDependencies) = postProject
		{A511C66F-36A3-4590-9CB4-A0CB6CA1D702} = {A511C66F-36A3-4590-9CB4-A0CB6CA1D702}
	EndProjectSection
EndProject
Project("{8BC9CEB8-8B4A-11D0-8D11-00A0C91BC942}") = "SVCommandLibrary", "SVCommandLibrary\SVCommandLibrary.vcxproj", "{4248D6A1-DAF2-417B-A284-EB3E243A7AD3}"
EndProject
Project("{8BC9CEB8-8B4A-11D0-8D11-00A0C91BC942}") = "SVXMLLibrary", "SVXMLLibrary\SVXMLLibrary.vcxproj", "{B1F5F607-2CC4-4F28-ABB7-AF223BA573C8}"
	ProjectSection(ProjectDependencies) = postProject
		{BA92F64B-9A1F-4A76-8590-82CE3CDBCFCA} = {BA92F64B-9A1F-4A76-8590-82CE3CDBCFCA}
	EndProjectSection
EndProject
Project("{8BC9CEB8-8B4A-11D0-8D11-00A0C91BC942}") = "SVConfigurationLibrary", "SVConfigurationLibrary\SVConfigurationLibrary.vcxproj", "{08C695D8-2979-43E6-B547-0825D7EDA345}"
EndProject
Project("{8BC9CEB8-8B4A-11D0-8D11-00A0C91BC942}") = "PropTree", "PropertyTree\PropTree.vcxproj", "{10F35B35-05F0-472D-B72E-304CAAAD305A}"
EndProject
Project("{8BC9CEB8-8B4A-11D0-8D11-00A0C91BC942}") = "SVOResource", "SVOResource\SVOResource.vcxproj", "{C3BC831E-730C-421E-8475-408B0A536082}"
EndProject
Project("{8BC9CEB8-8B4A-11D0-8D11-00A0C91BC942}") = "SVPictureDisplay", "SVPictureDisplay\SVPictureDisplay.vcxproj", "{2D5B80B2-305B-4DBA-B76D-335A51AF0D5C}"
	ProjectSection(ProjectDependencies) = postProject
		{88204352-9BA7-43F1-ABAB-C75A485171E3} = {88204352-9BA7-43F1-ABAB-C75A485171E3}
	EndProjectSection
EndProject
Global
	GlobalSection(SolutionConfigurationPlatforms) = preSolution
		Debug|Win32 = Debug|Win32
		Debug|x64 = Debug|x64
		Release|Win32 = Release|Win32
		Release|x64 = Release|x64
		Unicode Debug|Win32 = Unicode Debug|Win32
		Unicode Debug|x64 = Unicode Debug|x64
		Unicode Release|Win32 = Unicode Release|Win32
		Unicode Release|x64 = Unicode Release|x64
	EndGlobalSection
	GlobalSection(ProjectConfigurationPlatforms) = postSolution
		{1E626470-0C31-4F55-931C-FF260F98E7F2}.Debug|Win32.ActiveCfg = Debug|Win32
		{1E626470-0C31-4F55-931C-FF260F98E7F2}.Debug|Win32.Build.0 = Debug|Win32
		{1E626470-0C31-4F55-931C-FF260F98E7F2}.Debug|x64.ActiveCfg = Debug|x64
		{1E626470-0C31-4F55-931C-FF260F98E7F2}.Debug|x64.Build.0 = Debug|x64
		{1E626470-0C31-4F55-931C-FF260F98E7F2}.Release|Win32.ActiveCfg = Release|Win32
		{1E626470-0C31-4F55-931C-FF260F98E7F2}.Release|Win32.Build.0 = Release|Win32
		{1E626470-0C31-4F55-931C-FF260F98E7F2}.Release|x64.ActiveCfg = Release|x64
		{1E626470-0C31-4F55-931C-FF260F98E7F2}.Release|x64.Build.0 = Release|x64
		{1E626470-0C31-4F55-931C-FF260F98E7F2}.Unicode Debug|Win32.ActiveCfg = Debug|Win32
		{1E626470-0C31-4F55-931C-FF260F98E7F2}.Unicode Debug|Win32.Build.0 = Debug|Win32
		{1E626470-0C31-4F55-931C-FF260F98E7F2}.Unicode Debug|x64.ActiveCfg = Debug|x64
		{1E626470-0C31-4F55-931C-FF260F98E7F2}.Unicode Debug|x64.Build.0 = Debug|x64
		{1E626470-0C31-4F55-931C-FF260F98E7F2}.Unicode Release|Win32.ActiveCfg = Release|Win32
		{1E626470-0C31-4F55-931C-FF260F98E7F2}.Unicode Release|Win32.Build.0 = Release|Win32
		{1E626470-0C31-4F55-931C-FF260F98E7F2}.Unicode Release|x64.ActiveCfg = Release|x64
		{1E626470-0C31-4F55-931C-FF260F98E7F2}.Unicode Release|x64.Build.0 = Release|x64
		{1E640802-4CA8-4BA7-A9A3-71A15D829080}.Debug|Win32.ActiveCfg = Debug|Win32
		{1E640802-4CA8-4BA7-A9A3-71A15D829080}.Debug|Win32.Build.0 = Debug|Win32
		{1E640802-4CA8-4BA7-A9A3-71A15D829080}.Debug|x64.ActiveCfg = Debug|x64
		{1E640802-4CA8-4BA7-A9A3-71A15D829080}.Debug|x64.Build.0 = Debug|x64
		{1E640802-4CA8-4BA7-A9A3-71A15D829080}.Release|Win32.ActiveCfg = Release|Win32
		{1E640802-4CA8-4BA7-A9A3-71A15D829080}.Release|Win32.Build.0 = Release|Win32
		{1E640802-4CA8-4BA7-A9A3-71A15D829080}.Release|x64.ActiveCfg = Release|x64
		{1E640802-4CA8-4BA7-A9A3-71A15D829080}.Release|x64.Build.0 = Release|x64
		{1E640802-4CA8-4BA7-A9A3-71A15D829080}.Unicode Debug|Win32.ActiveCfg = Debug|Win32
		{1E640802-4CA8-4BA7-A9A3-71A15D829080}.Unicode Debug|Win32.Build.0 = Debug|Win32
		{1E640802-4CA8-4BA7-A9A3-71A15D829080}.Unicode Debug|x64.ActiveCfg = Debug|x64
		{1E640802-4CA8-4BA7-A9A3-71A15D829080}.Unicode Debug|x64.Build.0 = Debug|x64
		{1E640802-4CA8-4BA7-A9A3-71A15D829080}.Unicode Release|Win32.ActiveCfg = Release|Win32
		{1E640802-4CA8-4BA7-A9A3-71A15D829080}.Unicode Release|Win32.Build.0 = Release|Win32
		{1E640802-4CA8-4BA7-A9A3-71A15D829080}.Unicode Release|x64.ActiveCfg = Release|x64
		{1E640802-4CA8-4BA7-A9A3-71A15D829080}.Unicode Release|x64.Build.0 = Release|x64
		{BA92F64B-9A1F-4A76-8590-82CE3CDBCFCA}.Debug|Win32.ActiveCfg = Debug|Win32
		{BA92F64B-9A1F-4A76-8590-82CE3CDBCFCA}.Debug|Win32.Build.0 = Debug|Win32
		{BA92F64B-9A1F-4A76-8590-82CE3CDBCFCA}.Debug|x64.ActiveCfg = Debug|x64
		{BA92F64B-9A1F-4A76-8590-82CE3CDBCFCA}.Debug|x64.Build.0 = Debug|x64
		{BA92F64B-9A1F-4A76-8590-82CE3CDBCFCA}.Release|Win32.ActiveCfg = Release|Win32
		{BA92F64B-9A1F-4A76-8590-82CE3CDBCFCA}.Release|Win32.Build.0 = Release|Win32
		{BA92F64B-9A1F-4A76-8590-82CE3CDBCFCA}.Release|x64.ActiveCfg = Release|x64
		{BA92F64B-9A1F-4A76-8590-82CE3CDBCFCA}.Release|x64.Build.0 = Release|x64
		{BA92F64B-9A1F-4A76-8590-82CE3CDBCFCA}.Unicode Debug|Win32.ActiveCfg = Debug|Win32
		{BA92F64B-9A1F-4A76-8590-82CE3CDBCFCA}.Unicode Debug|Win32.Build.0 = Debug|Win32
		{BA92F64B-9A1F-4A76-8590-82CE3CDBCFCA}.Unicode Debug|x64.ActiveCfg = Debug|x64
		{BA92F64B-9A1F-4A76-8590-82CE3CDBCFCA}.Unicode Debug|x64.Build.0 = Debug|x64
		{BA92F64B-9A1F-4A76-8590-82CE3CDBCFCA}.Unicode Release|Win32.ActiveCfg = Release|Win32
		{BA92F64B-9A1F-4A76-8590-82CE3CDBCFCA}.Unicode Release|Win32.Build.0 = Release|Win32
		{BA92F64B-9A1F-4A76-8590-82CE3CDBCFCA}.Unicode Release|x64.ActiveCfg = Release|x64
		{BA92F64B-9A1F-4A76-8590-82CE3CDBCFCA}.Unicode Release|x64.Build.0 = Release|x64
		{88204352-9BA7-43F1-ABAB-C75A485171E3}.Debug|Win32.ActiveCfg = Debug|Win32
		{88204352-9BA7-43F1-ABAB-C75A485171E3}.Debug|Win32.Build.0 = Debug|Win32
		{88204352-9BA7-43F1-ABAB-C75A485171E3}.Debug|x64.ActiveCfg = Debug|x64
		{88204352-9BA7-43F1-ABAB-C75A485171E3}.Debug|x64.Build.0 = Debug|x64
		{88204352-9BA7-43F1-ABAB-C75A485171E3}.Release|Win32.ActiveCfg = Release|Win32
		{88204352-9BA7-43F1-ABAB-C75A485171E3}.Release|Win32.Build.0 = Release|Win32
		{88204352-9BA7-43F1-ABAB-C75A485171E3}.Release|x64.ActiveCfg = Release|x64
		{88204352-9BA7-43F1-ABAB-C75A485171E3}.Release|x64.Build.0 = Release|x64
		{88204352-9BA7-43F1-ABAB-C75A485171E3}.Unicode Debug|Win32.ActiveCfg = Debug|Win32
		{88204352-9BA7-43F1-ABAB-C75A485171E3}.Unicode Debug|Win32.Build.0 = Debug|Win32
		{88204352-9BA7-43F1-ABAB-C75A485171E3}.Unicode Debug|x64.ActiveCfg = Debug|x64
		{88204352-9BA7-43F1-ABAB-C75A485171E3}.Unicode Debug|x64.Build.0 = Debug|x64
		{88204352-9BA7-43F1-ABAB-C75A485171E3}.Unicode Release|Win32.ActiveCfg = Release|Win32
		{88204352-9BA7-43F1-ABAB-C75A485171E3}.Unicode Release|Win32.Build.0 = Release|Win32
		{88204352-9BA7-43F1-ABAB-C75A485171E3}.Unicode Release|x64.ActiveCfg = Release|x64
		{88204352-9BA7-43F1-ABAB-C75A485171E3}.Unicode Release|x64.Build.0 = Release|x64
		{5796BBF7-F64D-4B14-816E-B9012A52A225}.Debug|Win32.ActiveCfg = Debug|Win32
		{5796BBF7-F64D-4B14-816E-B9012A52A225}.Debug|Win32.Build.0 = Debug|Win32
		{5796BBF7-F64D-4B14-816E-B9012A52A225}.Debug|x64.ActiveCfg = Debug|x64
		{5796BBF7-F64D-4B14-816E-B9012A52A225}.Debug|x64.Build.0 = Debug|x64
		{5796BBF7-F64D-4B14-816E-B9012A52A225}.Release|Win32.ActiveCfg = Release|Win32
		{5796BBF7-F64D-4B14-816E-B9012A52A225}.Release|Win32.Build.0 = Release|Win32
		{5796BBF7-F64D-4B14-816E-B9012A52A225}.Release|x64.ActiveCfg = Release|x64
		{5796BBF7-F64D-4B14-816E-B9012A52A225}.Release|x64.Build.0 = Release|x64
		{5796BBF7-F64D-4B14-816E-B9012A52A225}.Unicode Debug|Win32.ActiveCfg = Debug|Win32
		{5796BBF7-F64D-4B14-816E-B9012A52A225}.Unicode Debug|Win32.Build.0 = Debug|Win32
		{5796BBF7-F64D-4B14-816E-B9012A52A225}.Unicode Debug|x64.ActiveCfg = Debug|x64
		{5796BBF7-F64D-4B14-816E-B9012A52A225}.Unicode Debug|x64.Build.0 = Debug|x64
		{5796BBF7-F64D-4B14-816E-B9012A52A225}.Unicode Release|Win32.ActiveCfg = Release|Win32
		{5796BBF7-F64D-4B14-816E-B9012A52A225}.Unicode Release|Win32.Build.0 = Release|Win32
		{5796BBF7-F64D-4B14-816E-B9012A52A225}.Unicode Release|x64.ActiveCfg = Release|x64
		{5796BBF7-F64D-4B14-816E-B9012A52A225}.Unicode Release|x64.Build.0 = Release|x64
		{F9C47D53-F085-4218-8A2D-A6D6F2FC02E3}.Debug|Win32.ActiveCfg = Debug|Win32
		{F9C47D53-F085-4218-8A2D-A6D6F2FC02E3}.Debug|Win32.Build.0 = Debug|Win32
		{F9C47D53-F085-4218-8A2D-A6D6F2FC02E3}.Debug|x64.ActiveCfg = Debug|x64
		{F9C47D53-F085-4218-8A2D-A6D6F2FC02E3}.Debug|x64.Build.0 = Debug|x64
		{F9C47D53-F085-4218-8A2D-A6D6F2FC02E3}.Release|Win32.ActiveCfg = Release|Win32
		{F9C47D53-F085-4218-8A2D-A6D6F2FC02E3}.Release|Win32.Build.0 = Release|Win32
		{F9C47D53-F085-4218-8A2D-A6D6F2FC02E3}.Release|x64.ActiveCfg = Release|x64
		{F9C47D53-F085-4218-8A2D-A6D6F2FC02E3}.Release|x64.Build.0 = Release|x64
		{F9C47D53-F085-4218-8A2D-A6D6F2FC02E3}.Unicode Debug|Win32.ActiveCfg = Debug|Win32
		{F9C47D53-F085-4218-8A2D-A6D6F2FC02E3}.Unicode Debug|Win32.Build.0 = Debug|Win32
		{F9C47D53-F085-4218-8A2D-A6D6F2FC02E3}.Unicode Debug|x64.ActiveCfg = Debug|x64
		{F9C47D53-F085-4218-8A2D-A6D6F2FC02E3}.Unicode Debug|x64.Build.0 = Debug|x64
		{F9C47D53-F085-4218-8A2D-A6D6F2FC02E3}.Unicode Release|Win32.ActiveCfg = Release|Win32
		{F9C47D53-F085-4218-8A2D-A6D6F2FC02E3}.Unicode Release|Win32.Build.0 = Release|Win32
		{F9C47D53-F085-4218-8A2D-A6D6F2FC02E3}.Unicode Release|x64.ActiveCfg = Release|x64
		{F9C47D53-F085-4218-8A2D-A6D6F2FC02E3}.Unicode Release|x64.Build.0 = Release|x64
		{22A733F9-76B1-4D79-8D08-BFB5FC104C33}.Debug|Win32.ActiveCfg = Debug|Win32
		{22A733F9-76B1-4D79-8D08-BFB5FC104C33}.Debug|Win32.Build.0 = Debug|Win32
		{22A733F9-76B1-4D79-8D08-BFB5FC104C33}.Debug|x64.ActiveCfg = Debug|x64
		{22A733F9-76B1-4D79-8D08-BFB5FC104C33}.Debug|x64.Build.0 = Debug|x64
		{22A733F9-76B1-4D79-8D08-BFB5FC104C33}.Release|Win32.ActiveCfg = Release|Win32
		{22A733F9-76B1-4D79-8D08-BFB5FC104C33}.Release|Win32.Build.0 = Release|Win32
		{22A733F9-76B1-4D79-8D08-BFB5FC104C33}.Release|x64.ActiveCfg = Release|x64
		{22A733F9-76B1-4D79-8D08-BFB5FC104C33}.Release|x64.Build.0 = Release|x64
		{22A733F9-76B1-4D79-8D08-BFB5FC104C33}.Unicode Debug|Win32.ActiveCfg = Debug|Win32
		{22A733F9-76B1-4D79-8D08-BFB5FC104C33}.Unicode Debug|Win32.Build.0 = Debug|Win32
		{22A733F9-76B1-4D79-8D08-BFB5FC104C33}.Unicode Debug|x64.ActiveCfg = Debug|x64
		{22A733F9-76B1-4D79-8D08-BFB5FC104C33}.Unicode Debug|x64.Build.0 = Debug|x64
		{22A733F9-76B1-4D79-8D08-BFB5FC104C33}.Unicode Release|Win32.ActiveCfg = Release|Win32
		{22A733F9-76B1-4D79-8D08-BFB5FC104C33}.Unicode Release|Win32.Build.0 = Release|Win32
		{22A733F9-76B1-4D79-8D08-BFB5FC104C33}.Unicode Release|x64.ActiveCfg = Release|x64
		{22A733F9-76B1-4D79-8D08-BFB5FC104C33}.Unicode Release|x64.Build.0 = Release|x64
		{03006BE8-17D0-4C54-B468-0CE86BC994FA}.Debug|Win32.ActiveCfg = Debug|Win32
		{03006BE8-17D0-4C54-B468-0CE86BC994FA}.Debug|Win32.Build.0 = Debug|Win32
		{03006BE8-17D0-4C54-B468-0CE86BC994FA}.Debug|x64.ActiveCfg = Debug|x64
		{03006BE8-17D0-4C54-B468-0CE86BC994FA}.Debug|x64.Build.0 = Debug|x64
		{03006BE8-17D0-4C54-B468-0CE86BC994FA}.Release|Win32.ActiveCfg = Release|Win32
		{03006BE8-17D0-4C54-B468-0CE86BC994FA}.Release|Win32.Build.0 = Release|Win32
		{03006BE8-17D0-4C54-B468-0CE86BC994FA}.Release|x64.ActiveCfg = Release|x64
		{03006BE8-17D0-4C54-B468-0CE86BC994FA}.Release|x64.Build.0 = Release|x64
		{03006BE8-17D0-4C54-B468-0CE86BC994FA}.Unicode Debug|Win32.ActiveCfg = Debug|Win32
		{03006BE8-17D0-4C54-B468-0CE86BC994FA}.Unicode Debug|Win32.Build.0 = Debug|Win32
		{03006BE8-17D0-4C54-B468-0CE86BC994FA}.Unicode Debug|x64.ActiveCfg = Debug|x64
		{03006BE8-17D0-4C54-B468-0CE86BC994FA}.Unicode Debug|x64.Build.0 = Debug|x64
		{03006BE8-17D0-4C54-B468-0CE86BC994FA}.Unicode Release|Win32.ActiveCfg = Release|Win32
		{03006BE8-17D0-4C54-B468-0CE86BC994FA}.Unicode Release|Win32.Build.0 = Release|Win32
		{03006BE8-17D0-4C54-B468-0CE86BC994FA}.Unicode Release|x64.ActiveCfg = Release|x64
		{03006BE8-17D0-4C54-B468-0CE86BC994FA}.Unicode Release|x64.Build.0 = Release|x64
		{A511C66F-36A3-4590-9CB4-A0CB6CA1D702}.Debug|Win32.ActiveCfg = Debug|Win32
		{A511C66F-36A3-4590-9CB4-A0CB6CA1D702}.Debug|Win32.Build.0 = Debug|Win32
		{A511C66F-36A3-4590-9CB4-A0CB6CA1D702}.Debug|x64.ActiveCfg = Debug|x64
		{A511C66F-36A3-4590-9CB4-A0CB6CA1D702}.Debug|x64.Build.0 = Debug|x64
		{A511C66F-36A3-4590-9CB4-A0CB6CA1D702}.Release|Win32.ActiveCfg = Release|Win32
		{A511C66F-36A3-4590-9CB4-A0CB6CA1D702}.Release|Win32.Build.0 = Release|Win32
		{A511C66F-36A3-4590-9CB4-A0CB6CA1D702}.Release|x64.ActiveCfg = Release|x64
		{A511C66F-36A3-4590-9CB4-A0CB6CA1D702}.Release|x64.Build.0 = Release|x64
		{A511C66F-36A3-4590-9CB4-A0CB6CA1D702}.Unicode Debug|Win32.ActiveCfg = Debug|Win32
		{A511C66F-36A3-4590-9CB4-A0CB6CA1D702}.Unicode Debug|Win32.Build.0 = Debug|Win32
		{A511C66F-36A3-4590-9CB4-A0CB6CA1D702}.Unicode Debug|x64.ActiveCfg = Debug|x64
		{A511C66F-36A3-4590-9CB4-A0CB6CA1D702}.Unicode Debug|x64.Build.0 = Debug|x64
		{A511C66F-36A3-4590-9CB4-A0CB6CA1D702}.Unicode Release|Win32.ActiveCfg = Release|Win32
		{A511C66F-36A3-4590-9CB4-A0CB6CA1D702}.Unicode Release|Win32.Build.0 = Release|Win32
		{A511C66F-36A3-4590-9CB4-A0CB6CA1D702}.Unicode Release|x64.ActiveCfg = Release|x64
		{A511C66F-36A3-4590-9CB4-A0CB6CA1D702}.Unicode Release|x64.Build.0 = Release|x64
		{B87372A4-FA22-4040-B036-335943817E68}.Debug|Win32.ActiveCfg = Debug|Win32
		{B87372A4-FA22-4040-B036-335943817E68}.Debug|Win32.Build.0 = Debug|Win32
		{B87372A4-FA22-4040-B036-335943817E68}.Debug|x64.ActiveCfg = Debug|x64
		{B87372A4-FA22-4040-B036-335943817E68}.Debug|x64.Build.0 = Debug|x64
		{B87372A4-FA22-4040-B036-335943817E68}.Release|Win32.ActiveCfg = Release|Win32
		{B87372A4-FA22-4040-B036-335943817E68}.Release|Win32.Build.0 = Release|Win32
		{B87372A4-FA22-4040-B036-335943817E68}.Release|x64.ActiveCfg = Release|x64
		{B87372A4-FA22-4040-B036-335943817E68}.Release|x64.Build.0 = Release|x64
		{B87372A4-FA22-4040-B036-335943817E68}.Unicode Debug|Win32.ActiveCfg = Debug|Win32
		{B87372A4-FA22-4040-B036-335943817E68}.Unicode Debug|Win32.Build.0 = Debug|Win32
		{B87372A4-FA22-4040-B036-335943817E68}.Unicode Debug|x64.ActiveCfg = Debug|x64
		{B87372A4-FA22-4040-B036-335943817E68}.Unicode Debug|x64.Build.0 = Debug|x64
		{B87372A4-FA22-4040-B036-335943817E68}.Unicode Release|Win32.ActiveCfg = Release|Win32
		{B87372A4-FA22-4040-B036-335943817E68}.Unicode Release|Win32.Build.0 = Release|Win32
		{B87372A4-FA22-4040-B036-335943817E68}.Unicode Release|x64.ActiveCfg = Release|x64
		{B87372A4-FA22-4040-B036-335943817E68}.Unicode Release|x64.Build.0 = Release|x64
		{722A6C78-28FC-4870-B7F8-30AF53C0BB46}.Debug|Win32.ActiveCfg = Debug|Win32
		{722A6C78-28FC-4870-B7F8-30AF53C0BB46}.Debug|Win32.Build.0 = Debug|Win32
		{722A6C78-28FC-4870-B7F8-30AF53C0BB46}.Debug|x64.ActiveCfg = Debug|x64
		{722A6C78-28FC-4870-B7F8-30AF53C0BB46}.Debug|x64.Build.0 = Debug|x64
		{722A6C78-28FC-4870-B7F8-30AF53C0BB46}.Release|Win32.ActiveCfg = Release|Win32
		{722A6C78-28FC-4870-B7F8-30AF53C0BB46}.Release|Win32.Build.0 = Release|Win32
		{722A6C78-28FC-4870-B7F8-30AF53C0BB46}.Release|x64.ActiveCfg = Release|x64
		{722A6C78-28FC-4870-B7F8-30AF53C0BB46}.Release|x64.Build.0 = Release|x64
		{722A6C78-28FC-4870-B7F8-30AF53C0BB46}.Unicode Debug|Win32.ActiveCfg = Debug|Win32
		{722A6C78-28FC-4870-B7F8-30AF53C0BB46}.Unicode Debug|Win32.Build.0 = Debug|Win32
		{722A6C78-28FC-4870-B7F8-30AF53C0BB46}.Unicode Debug|x64.ActiveCfg = Debug|x64
		{722A6C78-28FC-4870-B7F8-30AF53C0BB46}.Unicode Debug|x64.Build.0 = Debug|x64
		{722A6C78-28FC-4870-B7F8-30AF53C0BB46}.Unicode Release|Win32.ActiveCfg = Release|Win32
		{722A6C78-28FC-4870-B7F8-30AF53C0BB46}.Unicode Release|Win32.Build.0 = Release|Win32
		{722A6C78-28FC-4870-B7F8-30AF53C0BB46}.Unicode Release|x64.ActiveCfg = Release|x64
		{722A6C78-28FC-4870-B7F8-30AF53C0BB46}.Unicode Release|x64.Build.0 = Release|x64
		{B022279A-59CD-41C3-9EA5-F9721FECAFDD}.Debug|Win32.ActiveCfg = Debug|Win32
		{B022279A-59CD-41C3-9EA5-F9721FECAFDD}.Debug|Win32.Build.0 = Debug|Win32
		{B022279A-59CD-41C3-9EA5-F9721FECAFDD}.Debug|x64.ActiveCfg = Debug|x64
		{B022279A-59CD-41C3-9EA5-F9721FECAFDD}.Debug|x64.Build.0 = Debug|x64
		{B022279A-59CD-41C3-9EA5-F9721FECAFDD}.Release|Win32.ActiveCfg = Release|Win32
		{B022279A-59CD-41C3-9EA5-F9721FECAFDD}.Release|Win32.Build.0 = Release|Win32
		{B022279A-59CD-41C3-9EA5-F9721FECAFDD}.Release|x64.ActiveCfg = Release|x64
		{B022279A-59CD-41C3-9EA5-F9721FECAFDD}.Release|x64.Build.0 = Release|x64
		{B022279A-59CD-41C3-9EA5-F9721FECAFDD}.Unicode Debug|Win32.ActiveCfg = Debug|Win32
		{B022279A-59CD-41C3-9EA5-F9721FECAFDD}.Unicode Debug|Win32.Build.0 = Debug|Win32
		{B022279A-59CD-41C3-9EA5-F9721FECAFDD}.Unicode Debug|x64.ActiveCfg = Debug|x64
		{B022279A-59CD-41C3-9EA5-F9721FECAFDD}.Unicode Debug|x64.Build.0 = Debug|x64
		{B022279A-59CD-41C3-9EA5-F9721FECAFDD}.Unicode Release|Win32.ActiveCfg = Release|Win32
		{B022279A-59CD-41C3-9EA5-F9721FECAFDD}.Unicode Release|Win32.Build.0 = Release|Win32
		{B022279A-59CD-41C3-9EA5-F9721FECAFDD}.Unicode Release|x64.ActiveCfg = Release|x64
		{B022279A-59CD-41C3-9EA5-F9721FECAFDD}.Unicode Release|x64.Build.0 = Release|x64
		{DD11E2A5-2BA6-42F7-936A-035A2F710E6E}.Debug|Win32.ActiveCfg = Debug|Win32
		{DD11E2A5-2BA6-42F7-936A-035A2F710E6E}.Debug|Win32.Build.0 = Debug|Win32
		{DD11E2A5-2BA6-42F7-936A-035A2F710E6E}.Debug|x64.ActiveCfg = Debug|x64
		{DD11E2A5-2BA6-42F7-936A-035A2F710E6E}.Debug|x64.Build.0 = Debug|x64
		{DD11E2A5-2BA6-42F7-936A-035A2F710E6E}.Release|Win32.ActiveCfg = Release|Win32
		{DD11E2A5-2BA6-42F7-936A-035A2F710E6E}.Release|Win32.Build.0 = Release|Win32
		{DD11E2A5-2BA6-42F7-936A-035A2F710E6E}.Release|x64.ActiveCfg = Release|x64
		{DD11E2A5-2BA6-42F7-936A-035A2F710E6E}.Release|x64.Build.0 = Release|x64
		{DD11E2A5-2BA6-42F7-936A-035A2F710E6E}.Unicode Debug|Win32.ActiveCfg = Debug|Win32
		{DD11E2A5-2BA6-42F7-936A-035A2F710E6E}.Unicode Debug|Win32.Build.0 = Debug|Win32
		{DD11E2A5-2BA6-42F7-936A-035A2F710E6E}.Unicode Debug|x64.ActiveCfg = Debug|x64
		{DD11E2A5-2BA6-42F7-936A-035A2F710E6E}.Unicode Debug|x64.Build.0 = Debug|x64
		{DD11E2A5-2BA6-42F7-936A-035A2F710E6E}.Unicode Release|Win32.ActiveCfg = Release|Win32
		{DD11E2A5-2BA6-42F7-936A-035A2F710E6E}.Unicode Release|Win32.Build.0 = Release|Win32
		{DD11E2A5-2BA6-42F7-936A-035A2F710E6E}.Unicode Release|x64.ActiveCfg = Release|x64
		{DD11E2A5-2BA6-42F7-936A-035A2F710E6E}.Unicode Release|x64.Build.0 = Release|x64
		{39C20A29-7025-4180-AC95-05C32A4C106F}.Debug|Win32.ActiveCfg = Debug|Win32
		{39C20A29-7025-4180-AC95-05C32A4C106F}.Debug|Win32.Build.0 = Debug|Win32
		{39C20A29-7025-4180-AC95-05C32A4C106F}.Debug|x64.ActiveCfg = Debug|x64
		{39C20A29-7025-4180-AC95-05C32A4C106F}.Debug|x64.Build.0 = Debug|x64
		{39C20A29-7025-4180-AC95-05C32A4C106F}.Release|Win32.ActiveCfg = Release|Win32
		{39C20A29-7025-4180-AC95-05C32A4C106F}.Release|Win32.Build.0 = Release|Win32
		{39C20A29-7025-4180-AC95-05C32A4C106F}.Release|x64.ActiveCfg = Release|x64
		{39C20A29-7025-4180-AC95-05C32A4C106F}.Release|x64.Build.0 = Release|x64
		{39C20A29-7025-4180-AC95-05C32A4C106F}.Unicode Debug|Win32.ActiveCfg = Debug|Win32
		{39C20A29-7025-4180-AC95-05C32A4C106F}.Unicode Debug|Win32.Build.0 = Debug|Win32
		{39C20A29-7025-4180-AC95-05C32A4C106F}.Unicode Debug|x64.ActiveCfg = Debug|x64
		{39C20A29-7025-4180-AC95-05C32A4C106F}.Unicode Debug|x64.Build.0 = Debug|x64
		{39C20A29-7025-4180-AC95-05C32A4C106F}.Unicode Release|Win32.ActiveCfg = Release|Win32
		{39C20A29-7025-4180-AC95-05C32A4C106F}.Unicode Release|Win32.Build.0 = Release|Win32
		{39C20A29-7025-4180-AC95-05C32A4C106F}.Unicode Release|x64.ActiveCfg = Release|x64
		{39C20A29-7025-4180-AC95-05C32A4C106F}.Unicode Release|x64.Build.0 = Release|x64
		{BA9068C5-740B-459C-B8DA-F294BBEE5223}.Debug|Win32.ActiveCfg = Debug|Win32
		{BA9068C5-740B-459C-B8DA-F294BBEE5223}.Debug|Win32.Build.0 = Debug|Win32
		{BA9068C5-740B-459C-B8DA-F294BBEE5223}.Debug|x64.ActiveCfg = Debug|x64
		{BA9068C5-740B-459C-B8DA-F294BBEE5223}.Debug|x64.Build.0 = Debug|x64
		{BA9068C5-740B-459C-B8DA-F294BBEE5223}.Release|Win32.ActiveCfg = Release|Win32
		{BA9068C5-740B-459C-B8DA-F294BBEE5223}.Release|Win32.Build.0 = Release|Win32
		{BA9068C5-740B-459C-B8DA-F294BBEE5223}.Release|x64.ActiveCfg = Release|x64
		{BA9068C5-740B-459C-B8DA-F294BBEE5223}.Release|x64.Build.0 = Release|x64
		{BA9068C5-740B-459C-B8DA-F294BBEE5223}.Unicode Debug|Win32.ActiveCfg = Debug|Win32
		{BA9068C5-740B-459C-B8DA-F294BBEE5223}.Unicode Debug|Win32.Build.0 = Debug|Win32
		{BA9068C5-740B-459C-B8DA-F294BBEE5223}.Unicode Debug|x64.ActiveCfg = Debug|x64
		{BA9068C5-740B-459C-B8DA-F294BBEE5223}.Unicode Debug|x64.Build.0 = Debug|x64
		{BA9068C5-740B-459C-B8DA-F294BBEE5223}.Unicode Release|Win32.ActiveCfg = Release|Win32
		{BA9068C5-740B-459C-B8DA-F294BBEE5223}.Unicode Release|Win32.Build.0 = Release|Win32
		{BA9068C5-740B-459C-B8DA-F294BBEE5223}.Unicode Release|x64.ActiveCfg = Release|x64
		{BA9068C5-740B-459C-B8DA-F294BBEE5223}.Unicode Release|x64.Build.0 = Release|x64
		{AA20BDB8-15C0-43EB-83B5-6FC716849F13}.Debug|Win32.ActiveCfg = Debug|Win32
		{AA20BDB8-15C0-43EB-83B5-6FC716849F13}.Debug|Win32.Build.0 = Debug|Win32
		{AA20BDB8-15C0-43EB-83B5-6FC716849F13}.Debug|x64.ActiveCfg = Debug|x64
		{AA20BDB8-15C0-43EB-83B5-6FC716849F13}.Debug|x64.Build.0 = Debug|x64
		{AA20BDB8-15C0-43EB-83B5-6FC716849F13}.Release|Win32.ActiveCfg = Release|Win32
		{AA20BDB8-15C0-43EB-83B5-6FC716849F13}.Release|Win32.Build.0 = Release|Win32
		{AA20BDB8-15C0-43EB-83B5-6FC716849F13}.Release|x64.ActiveCfg = Release|x64
		{AA20BDB8-15C0-43EB-83B5-6FC716849F13}.Release|x64.Build.0 = Release|x64
		{AA20BDB8-15C0-43EB-83B5-6FC716849F13}.Unicode Debug|Win32.ActiveCfg = Debug|Win32
		{AA20BDB8-15C0-43EB-83B5-6FC716849F13}.Unicode Debug|Win32.Build.0 = Debug|Win32
		{AA20BDB8-15C0-43EB-83B5-6FC716849F13}.Unicode Debug|x64.ActiveCfg = Debug|x64
		{AA20BDB8-15C0-43EB-83B5-6FC716849F13}.Unicode Debug|x64.Build.0 = Debug|x64
		{AA20BDB8-15C0-43EB-83B5-6FC716849F13}.Unicode Release|Win32.ActiveCfg = Release|Win32
		{AA20BDB8-15C0-43EB-83B5-6FC716849F13}.Unicode Release|Win32.Build.0 = Release|Win32
		{AA20BDB8-15C0-43EB-83B5-6FC716849F13}.Unicode Release|x64.ActiveCfg = Release|x64
		{AA20BDB8-15C0-43EB-83B5-6FC716849F13}.Unicode Release|x64.Build.0 = Release|x64
		{20B9033B-0D0D-4637-8885-CED4EC1D8659}.Debug|Win32.ActiveCfg = Debug|Win32
		{20B9033B-0D0D-4637-8885-CED4EC1D8659}.Debug|Win32.Build.0 = Debug|Win32
		{20B9033B-0D0D-4637-8885-CED4EC1D8659}.Debug|x64.ActiveCfg = Debug|x64
		{20B9033B-0D0D-4637-8885-CED4EC1D8659}.Debug|x64.Build.0 = Debug|x64
		{20B9033B-0D0D-4637-8885-CED4EC1D8659}.Release|Win32.ActiveCfg = Release|Win32
		{20B9033B-0D0D-4637-8885-CED4EC1D8659}.Release|Win32.Build.0 = Release|Win32
		{20B9033B-0D0D-4637-8885-CED4EC1D8659}.Release|x64.ActiveCfg = Release|x64
		{20B9033B-0D0D-4637-8885-CED4EC1D8659}.Release|x64.Build.0 = Release|x64
		{20B9033B-0D0D-4637-8885-CED4EC1D8659}.Unicode Debug|Win32.ActiveCfg = Debug|Win32
		{20B9033B-0D0D-4637-8885-CED4EC1D8659}.Unicode Debug|Win32.Build.0 = Debug|Win32
		{20B9033B-0D0D-4637-8885-CED4EC1D8659}.Unicode Debug|x64.ActiveCfg = Debug|x64
		{20B9033B-0D0D-4637-8885-CED4EC1D8659}.Unicode Debug|x64.Build.0 = Debug|x64
		{20B9033B-0D0D-4637-8885-CED4EC1D8659}.Unicode Release|Win32.ActiveCfg = Release|Win32
		{20B9033B-0D0D-4637-8885-CED4EC1D8659}.Unicode Release|Win32.Build.0 = Release|Win32
		{20B9033B-0D0D-4637-8885-CED4EC1D8659}.Unicode Release|x64.ActiveCfg = Release|x64
		{20B9033B-0D0D-4637-8885-CED4EC1D8659}.Unicode Release|x64.Build.0 = Release|x64
		{A3B979BB-48D4-47E8-B717-184C2EC878BC}.Debug|Win32.ActiveCfg = Debug|Win32
		{A3B979BB-48D4-47E8-B717-184C2EC878BC}.Debug|Win32.Build.0 = Debug|Win32
		{A3B979BB-48D4-47E8-B717-184C2EC878BC}.Debug|x64.ActiveCfg = Debug|x64
		{A3B979BB-48D4-47E8-B717-184C2EC878BC}.Debug|x64.Build.0 = Debug|x64
		{A3B979BB-48D4-47E8-B717-184C2EC878BC}.Release|Win32.ActiveCfg = Release|Win32
		{A3B979BB-48D4-47E8-B717-184C2EC878BC}.Release|Win32.Build.0 = Release|Win32
		{A3B979BB-48D4-47E8-B717-184C2EC878BC}.Release|x64.ActiveCfg = Release|x64
		{A3B979BB-48D4-47E8-B717-184C2EC878BC}.Release|x64.Build.0 = Release|x64
		{A3B979BB-48D4-47E8-B717-184C2EC878BC}.Unicode Debug|Win32.ActiveCfg = Debug|Win32
		{A3B979BB-48D4-47E8-B717-184C2EC878BC}.Unicode Debug|Win32.Build.0 = Debug|Win32
		{A3B979BB-48D4-47E8-B717-184C2EC878BC}.Unicode Debug|x64.ActiveCfg = Debug|x64
		{A3B979BB-48D4-47E8-B717-184C2EC878BC}.Unicode Debug|x64.Build.0 = Debug|x64
		{A3B979BB-48D4-47E8-B717-184C2EC878BC}.Unicode Release|Win32.ActiveCfg = Release|Win32
		{A3B979BB-48D4-47E8-B717-184C2EC878BC}.Unicode Release|Win32.Build.0 = Release|Win32
		{A3B979BB-48D4-47E8-B717-184C2EC878BC}.Unicode Release|x64.ActiveCfg = Release|x64
		{A3B979BB-48D4-47E8-B717-184C2EC878BC}.Unicode Release|x64.Build.0 = Release|x64
		{245ED6E8-B382-4D40-B26E-7D4E0CDFC5A9}.Debug|Win32.ActiveCfg = Debug|Win32
		{245ED6E8-B382-4D40-B26E-7D4E0CDFC5A9}.Debug|Win32.Build.0 = Debug|Win32
		{245ED6E8-B382-4D40-B26E-7D4E0CDFC5A9}.Debug|x64.ActiveCfg = Debug|x64
		{245ED6E8-B382-4D40-B26E-7D4E0CDFC5A9}.Debug|x64.Build.0 = Debug|x64
		{245ED6E8-B382-4D40-B26E-7D4E0CDFC5A9}.Release|Win32.ActiveCfg = Release|Win32
		{245ED6E8-B382-4D40-B26E-7D4E0CDFC5A9}.Release|Win32.Build.0 = Release|Win32
		{245ED6E8-B382-4D40-B26E-7D4E0CDFC5A9}.Release|x64.ActiveCfg = Release|x64
		{245ED6E8-B382-4D40-B26E-7D4E0CDFC5A9}.Release|x64.Build.0 = Release|x64
		{245ED6E8-B382-4D40-B26E-7D4E0CDFC5A9}.Unicode Debug|Win32.ActiveCfg = Debug|Win32
		{245ED6E8-B382-4D40-B26E-7D4E0CDFC5A9}.Unicode Debug|Win32.Build.0 = Debug|Win32
		{245ED6E8-B382-4D40-B26E-7D4E0CDFC5A9}.Unicode Debug|x64.ActiveCfg = Debug|x64
		{245ED6E8-B382-4D40-B26E-7D4E0CDFC5A9}.Unicode Debug|x64.Build.0 = Debug|x64
		{245ED6E8-B382-4D40-B26E-7D4E0CDFC5A9}.Unicode Release|Win32.ActiveCfg = Release|Win32
		{245ED6E8-B382-4D40-B26E-7D4E0CDFC5A9}.Unicode Release|Win32.Build.0 = Release|Win32
		{245ED6E8-B382-4D40-B26E-7D4E0CDFC5A9}.Unicode Release|x64.ActiveCfg = Release|x64
		{245ED6E8-B382-4D40-B26E-7D4E0CDFC5A9}.Unicode Release|x64.Build.0 = Release|x64
		{1854674E-1C43-4305-A8AF-8D96D40FCE3E}.Debug|Win32.ActiveCfg = Debug|Win32
		{1854674E-1C43-4305-A8AF-8D96D40FCE3E}.Debug|Win32.Build.0 = Debug|Win32
		{1854674E-1C43-4305-A8AF-8D96D40FCE3E}.Debug|x64.ActiveCfg = Debug|x64
		{1854674E-1C43-4305-A8AF-8D96D40FCE3E}.Debug|x64.Build.0 = Debug|x64
		{1854674E-1C43-4305-A8AF-8D96D40FCE3E}.Release|Win32.ActiveCfg = Release|Win32
		{1854674E-1C43-4305-A8AF-8D96D40FCE3E}.Release|Win32.Build.0 = Release|Win32
		{1854674E-1C43-4305-A8AF-8D96D40FCE3E}.Release|x64.ActiveCfg = Release|x64
		{1854674E-1C43-4305-A8AF-8D96D40FCE3E}.Release|x64.Build.0 = Release|x64
		{1854674E-1C43-4305-A8AF-8D96D40FCE3E}.Unicode Debug|Win32.ActiveCfg = Debug|Win32
		{1854674E-1C43-4305-A8AF-8D96D40FCE3E}.Unicode Debug|Win32.Build.0 = Debug|Win32
		{1854674E-1C43-4305-A8AF-8D96D40FCE3E}.Unicode Debug|x64.ActiveCfg = Debug|x64
		{1854674E-1C43-4305-A8AF-8D96D40FCE3E}.Unicode Debug|x64.Build.0 = Debug|x64
		{1854674E-1C43-4305-A8AF-8D96D40FCE3E}.Unicode Release|Win32.ActiveCfg = Release|Win32
		{1854674E-1C43-4305-A8AF-8D96D40FCE3E}.Unicode Release|Win32.Build.0 = Release|Win32
		{1854674E-1C43-4305-A8AF-8D96D40FCE3E}.Unicode Release|x64.ActiveCfg = Release|x64
		{1854674E-1C43-4305-A8AF-8D96D40FCE3E}.Unicode Release|x64.Build.0 = Release|x64
		{4248D6A1-DAF2-417B-A284-EB3E243A7AD3}.Debug|Win32.ActiveCfg = Debug|Win32
		{4248D6A1-DAF2-417B-A284-EB3E243A7AD3}.Debug|Win32.Build.0 = Debug|Win32
		{4248D6A1-DAF2-417B-A284-EB3E243A7AD3}.Debug|x64.ActiveCfg = Debug|x64
		{4248D6A1-DAF2-417B-A284-EB3E243A7AD3}.Debug|x64.Build.0 = Debug|x64
		{4248D6A1-DAF2-417B-A284-EB3E243A7AD3}.Release|Win32.ActiveCfg = Release|Win32
		{4248D6A1-DAF2-417B-A284-EB3E243A7AD3}.Release|Win32.Build.0 = Release|Win32
		{4248D6A1-DAF2-417B-A284-EB3E243A7AD3}.Release|x64.ActiveCfg = Release|x64
		{4248D6A1-DAF2-417B-A284-EB3E243A7AD3}.Release|x64.Build.0 = Release|x64
		{4248D6A1-DAF2-417B-A284-EB3E243A7AD3}.Unicode Debug|Win32.ActiveCfg = Debug|Win32
		{4248D6A1-DAF2-417B-A284-EB3E243A7AD3}.Unicode Debug|Win32.Build.0 = Debug|Win32
		{4248D6A1-DAF2-417B-A284-EB3E243A7AD3}.Unicode Debug|x64.ActiveCfg = Debug|x64
		{4248D6A1-DAF2-417B-A284-EB3E243A7AD3}.Unicode Debug|x64.Build.0 = Debug|x64
		{4248D6A1-DAF2-417B-A284-EB3E243A7AD3}.Unicode Release|Win32.ActiveCfg = Release|Win32
		{4248D6A1-DAF2-417B-A284-EB3E243A7AD3}.Unicode Release|Win32.Build.0 = Release|Win32
		{4248D6A1-DAF2-417B-A284-EB3E243A7AD3}.Unicode Release|x64.ActiveCfg = Release|x64
		{4248D6A1-DAF2-417B-A284-EB3E243A7AD3}.Unicode Release|x64.Build.0 = Release|x64
		{B1F5F607-2CC4-4F28-ABB7-AF223BA573C8}.Debug|Win32.ActiveCfg = Debug|Win32
		{B1F5F607-2CC4-4F28-ABB7-AF223BA573C8}.Debug|Win32.Build.0 = Debug|Win32
		{B1F5F607-2CC4-4F28-ABB7-AF223BA573C8}.Debug|x64.ActiveCfg = Debug|x64
		{B1F5F607-2CC4-4F28-ABB7-AF223BA573C8}.Debug|x64.Build.0 = Debug|x64
		{B1F5F607-2CC4-4F28-ABB7-AF223BA573C8}.Release|Win32.ActiveCfg = Release|Win32
		{B1F5F607-2CC4-4F28-ABB7-AF223BA573C8}.Release|Win32.Build.0 = Release|Win32
		{B1F5F607-2CC4-4F28-ABB7-AF223BA573C8}.Release|x64.ActiveCfg = Release|x64
		{B1F5F607-2CC4-4F28-ABB7-AF223BA573C8}.Release|x64.Build.0 = Release|x64
		{B1F5F607-2CC4-4F28-ABB7-AF223BA573C8}.Unicode Debug|Win32.ActiveCfg = Debug|Win32
		{B1F5F607-2CC4-4F28-ABB7-AF223BA573C8}.Unicode Debug|Win32.Build.0 = Debug|Win32
		{B1F5F607-2CC4-4F28-ABB7-AF223BA573C8}.Unicode Debug|x64.ActiveCfg = Debug|x64
		{B1F5F607-2CC4-4F28-ABB7-AF223BA573C8}.Unicode Debug|x64.Build.0 = Debug|x64
		{B1F5F607-2CC4-4F28-ABB7-AF223BA573C8}.Unicode Release|Win32.ActiveCfg = Release|Win32
		{B1F5F607-2CC4-4F28-ABB7-AF223BA573C8}.Unicode Release|Win32.Build.0 = Release|Win32
		{B1F5F607-2CC4-4F28-ABB7-AF223BA573C8}.Unicode Release|x64.ActiveCfg = Release|x64
		{B1F5F607-2CC4-4F28-ABB7-AF223BA573C8}.Unicode Release|x64.Build.0 = Release|x64
		{08C695D8-2979-43E6-B547-0825D7EDA345}.Debug|Win32.ActiveCfg = Debug|Win32
		{08C695D8-2979-43E6-B547-0825D7EDA345}.Debug|Win32.Build.0 = Debug|Win32
		{08C695D8-2979-43E6-B547-0825D7EDA345}.Debug|x64.ActiveCfg = Debug|x64
		{08C695D8-2979-43E6-B547-0825D7EDA345}.Debug|x64.Build.0 = Debug|x64
		{08C695D8-2979-43E6-B547-0825D7EDA345}.Release|Win32.ActiveCfg = Release|Win32
		{08C695D8-2979-43E6-B547-0825D7EDA345}.Release|Win32.Build.0 = Release|Win32
		{08C695D8-2979-43E6-B547-0825D7EDA345}.Release|x64.ActiveCfg = Release|x64
		{08C695D8-2979-43E6-B547-0825D7EDA345}.Release|x64.Build.0 = Release|x64
		{08C695D8-2979-43E6-B547-0825D7EDA345}.Unicode Debug|Win32.ActiveCfg = Debug|Win32
		{08C695D8-2979-43E6-B547-0825D7EDA345}.Unicode Debug|Win32.Build.0 = Debug|Win32
		{08C695D8-2979-43E6-B547-0825D7EDA345}.Unicode Debug|x64.ActiveCfg = Debug|x64
		{08C695D8-2979-43E6-B547-0825D7EDA345}.Unicode Debug|x64.Build.0 = Debug|x64
		{08C695D8-2979-43E6-B547-0825D7EDA345}.Unicode Release|Win32.ActiveCfg = Release|Win32
		{08C695D8-2979-43E6-B547-0825D7EDA345}.Unicode Release|Win32.Build.0 = Release|Win32
		{08C695D8-2979-43E6-B547-0825D7EDA345}.Unicode Release|x64.ActiveCfg = Release|x64
		{08C695D8-2979-43E6-B547-0825D7EDA345}.Unicode Release|x64.Build.0 = Release|x64
		{10F35B35-05F0-472D-B72E-304CAAAD305A}.Debug|Win32.ActiveCfg = Debug|Win32
		{10F35B35-05F0-472D-B72E-304CAAAD305A}.Debug|Win32.Build.0 = Debug|Win32
		{10F35B35-05F0-472D-B72E-304CAAAD305A}.Debug|x64.ActiveCfg = Debug|x64
		{10F35B35-05F0-472D-B72E-304CAAAD305A}.Debug|x64.Build.0 = Debug|x64
		{10F35B35-05F0-472D-B72E-304CAAAD305A}.Release|Win32.ActiveCfg = Release|Win32
		{10F35B35-05F0-472D-B72E-304CAAAD305A}.Release|Win32.Build.0 = Release|Win32
		{10F35B35-05F0-472D-B72E-304CAAAD305A}.Release|x64.ActiveCfg = Release|x64
		{10F35B35-05F0-472D-B72E-304CAAAD305A}.Release|x64.Build.0 = Release|x64
		{10F35B35-05F0-472D-B72E-304CAAAD305A}.Unicode Debug|Win32.ActiveCfg = Debug|Win32
		{10F35B35-05F0-472D-B72E-304CAAAD305A}.Unicode Debug|Win32.Build.0 = Debug|Win32
		{10F35B35-05F0-472D-B72E-304CAAAD305A}.Unicode Debug|x64.ActiveCfg = Debug|x64
		{10F35B35-05F0-472D-B72E-304CAAAD305A}.Unicode Debug|x64.Build.0 = Debug|x64
		{10F35B35-05F0-472D-B72E-304CAAAD305A}.Unicode Release|Win32.ActiveCfg = Release|Win32
		{10F35B35-05F0-472D-B72E-304CAAAD305A}.Unicode Release|Win32.Build.0 = Release|Win32
		{10F35B35-05F0-472D-B72E-304CAAAD305A}.Unicode Release|x64.ActiveCfg = Release|x64
		{10F35B35-05F0-472D-B72E-304CAAAD305A}.Unicode Release|x64.Build.0 = Release|x64
		{C3BC831E-730C-421E-8475-408B0A536082}.Debug|Win32.ActiveCfg = Debug|Win32
		{C3BC831E-730C-421E-8475-408B0A536082}.Debug|Win32.Build.0 = Debug|Win32
		{C3BC831E-730C-421E-8475-408B0A536082}.Debug|x64.ActiveCfg = Debug|x64
		{C3BC831E-730C-421E-8475-408B0A536082}.Debug|x64.Build.0 = Debug|x64
		{C3BC831E-730C-421E-8475-408B0A536082}.Release|Win32.ActiveCfg = Release|Win32
		{C3BC831E-730C-421E-8475-408B0A536082}.Release|Win32.Build.0 = Release|Win32
		{C3BC831E-730C-421E-8475-408B0A536082}.Release|x64.ActiveCfg = Release|x64
		{C3BC831E-730C-421E-8475-408B0A536082}.Release|x64.Build.0 = Release|x64
		{C3BC831E-730C-421E-8475-408B0A536082}.Unicode Debug|Win32.ActiveCfg = Debug|Win32
		{C3BC831E-730C-421E-8475-408B0A536082}.Unicode Debug|Win32.Build.0 = Debug|Win32
		{C3BC831E-730C-421E-8475-408B0A536082}.Unicode Debug|x64.ActiveCfg = Debug|x64
		{C3BC831E-730C-421E-8475-408B0A536082}.Unicode Debug|x64.Build.0 = Debug|x64
		{C3BC831E-730C-421E-8475-408B0A536082}.Unicode Release|Win32.ActiveCfg = Release|Win32
		{C3BC831E-730C-421E-8475-408B0A536082}.Unicode Release|Win32.Build.0 = Release|Win32
		{C3BC831E-730C-421E-8475-408B0A536082}.Unicode Release|x64.ActiveCfg = Release|x64
		{C3BC831E-730C-421E-8475-408B0A536082}.Unicode Release|x64.Build.0 = Release|x64
		{2D5B80B2-305B-4DBA-B76D-335A51AF0D5C}.Debug|Win32.ActiveCfg = Debug|Win32
		{2D5B80B2-305B-4DBA-B76D-335A51AF0D5C}.Debug|Win32.Build.0 = Debug|Win32
		{2D5B80B2-305B-4DBA-B76D-335A51AF0D5C}.Debug|x64.ActiveCfg = Debug|x64
		{2D5B80B2-305B-4DBA-B76D-335A51AF0D5C}.Debug|x64.Build.0 = Debug|x64
		{2D5B80B2-305B-4DBA-B76D-335A51AF0D5C}.Release|Win32.ActiveCfg = Release|Win32
		{2D5B80B2-305B-4DBA-B76D-335A51AF0D5C}.Release|Win32.Build.0 = Release|Win32
		{2D5B80B2-305B-4DBA-B76D-335A51AF0D5C}.Release|x64.ActiveCfg = Release|x64
		{2D5B80B2-305B-4DBA-B76D-335A51AF0D5C}.Release|x64.Build.0 = Release|x64
		{2D5B80B2-305B-4DBA-B76D-335A51AF0D5C}.Unicode Debug|Win32.ActiveCfg = Debug|Win32
		{2D5B80B2-305B-4DBA-B76D-335A51AF0D5C}.Unicode Debug|Win32.Build.0 = Debug|Win32
		{2D5B80B2-305B-4DBA-B76D-335A51AF0D5C}.Unicode Debug|x64.ActiveCfg = Debug|x64
		{2D5B80B2-305B-4DBA-B76D-335A51AF0D5C}.Unicode Debug|x64.Build.0 = Debug|x64
		{2D5B80B2-305B-4DBA-B76D-335A51AF0D5C}.Unicode Release|Win32.ActiveCfg = Release|Win32
		{2D5B80B2-305B-4DBA-B76D-335A51AF0D5C}.Unicode Release|Win32.Build.0 = Release|Win32
		{2D5B80B2-305B-4DBA-B76D-335A51AF0D5C}.Unicode Release|x64.ActiveCfg = Release|x64
		{2D5B80B2-305B-4DBA-B76D-335A51AF0D5C}.Unicode Release|x64.Build.0 = Release|x64
	EndGlobalSection
	GlobalSection(SolutionProperties) = preSolution
		HideSolutionNode = FALSE
	EndGlobalSection
EndGlobal
