
Microsoft Visual Studio Solution File, Format Version 11.00
# Visual Studio 2010
Project("{8BC9CEB8-8B4A-11D0-8D11-00A0C91BC942}") = "plc_interface", "SVP_SRC\plc_interface.vcxproj", "{BA7A64BF-D46F-4A5B-846E-E9C768873BF6}"
EndProject
Project("{8BC9CEB8-8B4A-11D0-8D11-00A0C91BC942}") = "PLCEnglish", "PLCEnglish\PLCEnglish.vcxproj", "{6529D7F2-7BC9-42ED-91D7-8830C702C518}"
EndProject
Project("{8BC9CEB8-8B4A-11D0-8D11-00A0C91BC942}") = "SVIPC", "SVIPC\SVIPC.vcxproj", "{917E35EC-B994-4440-A9B5-3A8C27B5847F}"
	ProjectSection(ProjectDependencies) = postProject
		{72144D26-E56C-47CD-8EB6-16B25DAE515C} = {72144D26-E56C-47CD-8EB6-16B25DAE515C}
		{D3578FEF-C909-4A69-9C79-C2D05A2081F7} = {D3578FEF-C909-4A69-9C79-C2D05A2081F7}
	EndProjectSection
EndProject
Project("{8BC9CEB8-8B4A-11D0-8D11-00A0C91BC942}") = "JsonLib", "JsonLib\JsonLib.vcxproj", "{C16749CD-4A36-46CF-BD75-9BCABB510A70}"
EndProject
Project("{8BC9CEB8-8B4A-11D0-8D11-00A0C91BC942}") = "SVIMCommand", "SVIMCommand\SVIMCommand.vcxproj", "{B5EF6A55-CD25-4CFF-A6D6-16D0470AEF65}"
EndProject
Project("{8BC9CEB8-8B4A-11D0-8D11-00A0C91BC942}") = "SVIMServer", "SVIMServer\SVIMServer.vcxproj", "{81C73ACD-5476-4E4D-81B9-CAA76CD7DD75}"
	ProjectSection(ProjectDependencies) = postProject
		{B5EF6A55-CD25-4CFF-A6D6-16D0470AEF65} = {B5EF6A55-CD25-4CFF-A6D6-16D0470AEF65}
		{D3578FEF-C909-4A69-9C79-C2D05A2081F7} = {D3578FEF-C909-4A69-9C79-C2D05A2081F7}
	EndProjectSection
EndProject
Project("{8BC9CEB8-8B4A-11D0-8D11-00A0C91BC942}") = "SVJsonCommandServerLibrary", "SVJsonCommandServerLibrary\SVJsonCommandServerLibrary.vcxproj", "{565D8B90-E295-4003-9267-8A79660FFCA6}"
EndProject
Project("{8BC9CEB8-8B4A-11D0-8D11-00A0C91BC942}") = "SVPipes", "SVPipes\SVPipes.vcxproj", "{D3578FEF-C909-4A69-9C79-C2D05A2081F7}"
EndProject
Project("{8BC9CEB8-8B4A-11D0-8D11-00A0C91BC942}") = "SVSocketLibrary", "SVSocketLibrary\SVSocketLibrary.vcxproj", "{3275BAC6-AC2C-4D44-BCE3-6A7131D0F59D}"
EndProject
Project("{8BC9CEB8-8B4A-11D0-8D11-00A0C91BC942}") = "SVTCPIP", "SVTCPIP\SVTCPIP.vcxproj", "{72144D26-E56C-47CD-8EB6-16B25DAE515C}"
EndProject
Project("{8BC9CEB8-8B4A-11D0-8D11-00A0C91BC942}") = "SVImageCompression", "SVImageCompression\SVImageCompression.vcxproj", "{74CB9178-12D4-476D-ACF0-BE06E45711C5}"
EndProject
Global
	GlobalSection(SolutionConfigurationPlatforms) = preSolution
		Debug|Win32 = Debug|Win32
		Debug|x64 = Debug|x64
		Release|Win32 = Release|Win32
		Release|x64 = Release|x64
	EndGlobalSection
	GlobalSection(ProjectConfigurationPlatforms) = postSolution
		{BA7A64BF-D46F-4A5B-846E-E9C768873BF6}.Debug|Win32.ActiveCfg = Debug|Win32
		{BA7A64BF-D46F-4A5B-846E-E9C768873BF6}.Debug|Win32.Build.0 = Debug|Win32
		{BA7A64BF-D46F-4A5B-846E-E9C768873BF6}.Debug|x64.ActiveCfg = Debug|x64
		{BA7A64BF-D46F-4A5B-846E-E9C768873BF6}.Release|Win32.ActiveCfg = Release|Win32
		{BA7A64BF-D46F-4A5B-846E-E9C768873BF6}.Release|Win32.Build.0 = Release|Win32
		{BA7A64BF-D46F-4A5B-846E-E9C768873BF6}.Release|x64.ActiveCfg = Release|x64
		{6529D7F2-7BC9-42ED-91D7-8830C702C518}.Debug|Win32.ActiveCfg = Debug|Win32
		{6529D7F2-7BC9-42ED-91D7-8830C702C518}.Debug|Win32.Build.0 = Debug|Win32
		{6529D7F2-7BC9-42ED-91D7-8830C702C518}.Debug|x64.ActiveCfg = Debug|x64
		{6529D7F2-7BC9-42ED-91D7-8830C702C518}.Release|Win32.ActiveCfg = Release|Win32
		{6529D7F2-7BC9-42ED-91D7-8830C702C518}.Release|Win32.Build.0 = Release|Win32
		{6529D7F2-7BC9-42ED-91D7-8830C702C518}.Release|x64.ActiveCfg = Release|x64
		{917E35EC-B994-4440-A9B5-3A8C27B5847F}.Debug|Win32.ActiveCfg = Debug|Win32
		{917E35EC-B994-4440-A9B5-3A8C27B5847F}.Debug|Win32.Build.0 = Debug|Win32
		{917E35EC-B994-4440-A9B5-3A8C27B5847F}.Debug|x64.ActiveCfg = Debug|x64
		{917E35EC-B994-4440-A9B5-3A8C27B5847F}.Debug|x64.Build.0 = Debug|x64
		{917E35EC-B994-4440-A9B5-3A8C27B5847F}.Release|Win32.ActiveCfg = Release|Win32
		{917E35EC-B994-4440-A9B5-3A8C27B5847F}.Release|Win32.Build.0 = Release|Win32
		{917E35EC-B994-4440-A9B5-3A8C27B5847F}.Release|x64.ActiveCfg = Release|x64
		{917E35EC-B994-4440-A9B5-3A8C27B5847F}.Release|x64.Build.0 = Release|x64
		{C16749CD-4A36-46CF-BD75-9BCABB510A70}.Debug|Win32.ActiveCfg = Debug|Win32
		{C16749CD-4A36-46CF-BD75-9BCABB510A70}.Debug|Win32.Build.0 = Debug|Win32
		{C16749CD-4A36-46CF-BD75-9BCABB510A70}.Debug|x64.ActiveCfg = Debug|x64
		{C16749CD-4A36-46CF-BD75-9BCABB510A70}.Debug|x64.Build.0 = Debug|x64
		{C16749CD-4A36-46CF-BD75-9BCABB510A70}.Release|Win32.ActiveCfg = Release|Win32
		{C16749CD-4A36-46CF-BD75-9BCABB510A70}.Release|Win32.Build.0 = Release|Win32
		{C16749CD-4A36-46CF-BD75-9BCABB510A70}.Release|x64.ActiveCfg = Release|x64
		{C16749CD-4A36-46CF-BD75-9BCABB510A70}.Release|x64.Build.0 = Release|x64
		{B5EF6A55-CD25-4CFF-A6D6-16D0470AEF65}.Debug|Win32.ActiveCfg = Debug|Win32
		{B5EF6A55-CD25-4CFF-A6D6-16D0470AEF65}.Debug|Win32.Build.0 = Debug|Win32
		{B5EF6A55-CD25-4CFF-A6D6-16D0470AEF65}.Debug|x64.ActiveCfg = Debug|x64
		{B5EF6A55-CD25-4CFF-A6D6-16D0470AEF65}.Debug|x64.Build.0 = Debug|x64
		{B5EF6A55-CD25-4CFF-A6D6-16D0470AEF65}.Release|Win32.ActiveCfg = Release|Win32
		{B5EF6A55-CD25-4CFF-A6D6-16D0470AEF65}.Release|Win32.Build.0 = Release|Win32
		{B5EF6A55-CD25-4CFF-A6D6-16D0470AEF65}.Release|x64.ActiveCfg = Release|x64
		{B5EF6A55-CD25-4CFF-A6D6-16D0470AEF65}.Release|x64.Build.0 = Release|x64
		{81C73ACD-5476-4E4D-81B9-CAA76CD7DD75}.Debug|Win32.ActiveCfg = Debug|Win32
		{81C73ACD-5476-4E4D-81B9-CAA76CD7DD75}.Debug|Win32.Build.0 = Debug|Win32
		{81C73ACD-5476-4E4D-81B9-CAA76CD7DD75}.Debug|x64.ActiveCfg = Debug|x64
		{81C73ACD-5476-4E4D-81B9-CAA76CD7DD75}.Debug|x64.Build.0 = Debug|x64
		{81C73ACD-5476-4E4D-81B9-CAA76CD7DD75}.Release|Win32.ActiveCfg = Release|Win32
		{81C73ACD-5476-4E4D-81B9-CAA76CD7DD75}.Release|Win32.Build.0 = Release|Win32
		{81C73ACD-5476-4E4D-81B9-CAA76CD7DD75}.Release|x64.ActiveCfg = Release|x64
		{81C73ACD-5476-4E4D-81B9-CAA76CD7DD75}.Release|x64.Build.0 = Release|x64
		{565D8B90-E295-4003-9267-8A79660FFCA6}.Debug|Win32.ActiveCfg = Debug|Win32
		{565D8B90-E295-4003-9267-8A79660FFCA6}.Debug|Win32.Build.0 = Debug|Win32
		{565D8B90-E295-4003-9267-8A79660FFCA6}.Debug|x64.ActiveCfg = Debug|x64
		{565D8B90-E295-4003-9267-8A79660FFCA6}.Debug|x64.Build.0 = Debug|x64
		{565D8B90-E295-4003-9267-8A79660FFCA6}.Release|Win32.ActiveCfg = Release|Win32
		{565D8B90-E295-4003-9267-8A79660FFCA6}.Release|Win32.Build.0 = Release|Win32
		{565D8B90-E295-4003-9267-8A79660FFCA6}.Release|x64.ActiveCfg = Release|x64
		{565D8B90-E295-4003-9267-8A79660FFCA6}.Release|x64.Build.0 = Release|x64
		{D3578FEF-C909-4A69-9C79-C2D05A2081F7}.Debug|Win32.ActiveCfg = Debug|Win32
		{D3578FEF-C909-4A69-9C79-C2D05A2081F7}.Debug|Win32.Build.0 = Debug|Win32
		{D3578FEF-C909-4A69-9C79-C2D05A2081F7}.Debug|x64.ActiveCfg = Debug|x64
		{D3578FEF-C909-4A69-9C79-C2D05A2081F7}.Debug|x64.Build.0 = Debug|x64
		{D3578FEF-C909-4A69-9C79-C2D05A2081F7}.Release|Win32.ActiveCfg = Release|Win32
		{D3578FEF-C909-4A69-9C79-C2D05A2081F7}.Release|Win32.Build.0 = Release|Win32
		{D3578FEF-C909-4A69-9C79-C2D05A2081F7}.Release|x64.ActiveCfg = Release|x64
		{D3578FEF-C909-4A69-9C79-C2D05A2081F7}.Release|x64.Build.0 = Release|x64
		{3275BAC6-AC2C-4D44-BCE3-6A7131D0F59D}.Debug|Win32.ActiveCfg = Debug|Win32
		{3275BAC6-AC2C-4D44-BCE3-6A7131D0F59D}.Debug|Win32.Build.0 = Debug|Win32
		{3275BAC6-AC2C-4D44-BCE3-6A7131D0F59D}.Debug|x64.ActiveCfg = Debug|x64
		{3275BAC6-AC2C-4D44-BCE3-6A7131D0F59D}.Debug|x64.Build.0 = Debug|x64
		{3275BAC6-AC2C-4D44-BCE3-6A7131D0F59D}.Release|Win32.ActiveCfg = Release|Win32
		{3275BAC6-AC2C-4D44-BCE3-6A7131D0F59D}.Release|Win32.Build.0 = Release|Win32
		{3275BAC6-AC2C-4D44-BCE3-6A7131D0F59D}.Release|x64.ActiveCfg = Release|x64
		{3275BAC6-AC2C-4D44-BCE3-6A7131D0F59D}.Release|x64.Build.0 = Release|x64
		{72144D26-E56C-47CD-8EB6-16B25DAE515C}.Debug|Win32.ActiveCfg = Debug|Win32
		{72144D26-E56C-47CD-8EB6-16B25DAE515C}.Debug|Win32.Build.0 = Debug|Win32
		{72144D26-E56C-47CD-8EB6-16B25DAE515C}.Debug|x64.ActiveCfg = Debug|x64
		{72144D26-E56C-47CD-8EB6-16B25DAE515C}.Debug|x64.Build.0 = Debug|x64
		{72144D26-E56C-47CD-8EB6-16B25DAE515C}.Release|Win32.ActiveCfg = Release|Win32
		{72144D26-E56C-47CD-8EB6-16B25DAE515C}.Release|Win32.Build.0 = Release|Win32
		{72144D26-E56C-47CD-8EB6-16B25DAE515C}.Release|x64.ActiveCfg = Release|x64
		{72144D26-E56C-47CD-8EB6-16B25DAE515C}.Release|x64.Build.0 = Release|x64
		{74CB9178-12D4-476D-ACF0-BE06E45711C5}.Debug|Win32.ActiveCfg = Debug|Win32
		{74CB9178-12D4-476D-ACF0-BE06E45711C5}.Debug|Win32.Build.0 = Debug|Win32
		{74CB9178-12D4-476D-ACF0-BE06E45711C5}.Debug|x64.ActiveCfg = Debug|x64
		{74CB9178-12D4-476D-ACF0-BE06E45711C5}.Release|Win32.ActiveCfg = Release|Win32
		{74CB9178-12D4-476D-ACF0-BE06E45711C5}.Release|Win32.Build.0 = Release|Win32
		{74CB9178-12D4-476D-ACF0-BE06E45711C5}.Release|x64.ActiveCfg = Release|x64
	EndGlobalSection
	GlobalSection(SolutionProperties) = preSolution
		HideSolutionNode = FALSE
	EndGlobalSection
EndGlobal
