
Microsoft Visual Studio Solution File, Format Version 12.00
# Visual Studio 14
VisualStudioVersion = 14.0.25420.1
MinimumVisualStudioVersion = 10.0.40219.1
Project("{8BC9CEB8-8B4A-11D0-8D11-00A0C91BC942}") = "SVSharedMemoryLibrary", "SVSharedMemoryLibrary\SVSharedMemoryLibrary.vcxproj", "{B479E2E3-2B4F-4E2C-A6AD-A0A03579FE59}"
	ProjectSection(ProjectDependencies) = postProject
		{B022279A-59CD-41C3-9EA5-F9721FECAFDD} = {B022279A-59CD-41C3-9EA5-F9721FECAFDD}
	EndProjectSection
EndProject
Project("{8BC9CEB8-8B4A-11D0-8D11-00A0C91BC942}") = "SVUtilityLibrary", "SVUtilityLibrary\SVUtilityLibrary.vcxproj", "{B022279A-59CD-41C3-9EA5-F9721FECAFDD}"
	ProjectSection(ProjectDependencies) = postProject
		{722A6C78-28FC-4870-B7F8-30AF53C0BB46} = {722A6C78-28FC-4870-B7F8-30AF53C0BB46}
	EndProjectSection
EndProject
Project("{8BC9CEB8-8B4A-11D0-8D11-00A0C91BC942}") = "SVTimerLibrary", "SVTimerLibrary\SVTimerLibrary.vcxproj", "{722A6C78-28FC-4870-B7F8-30AF53C0BB46}"
	ProjectSection(ProjectDependencies) = postProject
		{A511C66F-36A3-4590-9CB4-A0CB6CA1D702} = {A511C66F-36A3-4590-9CB4-A0CB6CA1D702}
	EndProjectSection
EndProject
Project("{8BC9CEB8-8B4A-11D0-8D11-00A0C91BC942}") = "SVMessage", "SVMessage\SVMessage.vcxproj", "{A511C66F-36A3-4590-9CB4-A0CB6CA1D702}"
EndProject
Project("{8BC9CEB8-8B4A-11D0-8D11-00A0C91BC942}") = "SVStatusLibrary", "SVStatusLibrary\SVStatusLibrary.vcxproj", "{AA20BDB8-15C0-43EB-83B5-6FC716849F13}"
EndProject
Project("{8BC9CEB8-8B4A-11D0-8D11-00A0C91BC942}") = "SVMatroxLibrary", "SVMatroxLibrary\SVMatroxLibrary.vcxproj", "{91C2B904-B670-4ED1-A991-8418EF11E26B}"
EndProject
Project("{8BC9CEB8-8B4A-11D0-8D11-00A0C91BC942}") = "SMView", "SMView\SMView.vcxproj", "{9BEE5F0D-27E9-4A2B-879A-FC084EA8FB15}"
EndProject
Global
	GlobalSection(SolutionConfigurationPlatforms) = preSolution
		Debug|x64 = Debug|x64
		Release|x64 = Release|x64
		Unicode Debug|x64 = Unicode Debug|x64
		Unicode Release|x64 = Unicode Release|x64
	EndGlobalSection
	GlobalSection(ProjectConfigurationPlatforms) = postSolution
		{B479E2E3-2B4F-4E2C-A6AD-A0A03579FE59}.Debug|x64.ActiveCfg = Debug|x64
		{B479E2E3-2B4F-4E2C-A6AD-A0A03579FE59}.Debug|x64.Build.0 = Debug|x64
		{B479E2E3-2B4F-4E2C-A6AD-A0A03579FE59}.Release|x64.ActiveCfg = Release|x64
		{B479E2E3-2B4F-4E2C-A6AD-A0A03579FE59}.Release|x64.Build.0 = Release|x64
		{B479E2E3-2B4F-4E2C-A6AD-A0A03579FE59}.Unicode Debug|x64.ActiveCfg = Debug|x64
		{B479E2E3-2B4F-4E2C-A6AD-A0A03579FE59}.Unicode Release|x64.ActiveCfg = Release|x64
		{B022279A-59CD-41C3-9EA5-F9721FECAFDD}.Debug|x64.ActiveCfg = Debug|x64
		{B022279A-59CD-41C3-9EA5-F9721FECAFDD}.Debug|x64.Build.0 = Debug|x64
		{B022279A-59CD-41C3-9EA5-F9721FECAFDD}.Release|x64.ActiveCfg = Release|x64
		{B022279A-59CD-41C3-9EA5-F9721FECAFDD}.Release|x64.Build.0 = Release|x64
		{B022279A-59CD-41C3-9EA5-F9721FECAFDD}.Unicode Debug|x64.ActiveCfg = Debug|x64
		{B022279A-59CD-41C3-9EA5-F9721FECAFDD}.Unicode Debug|x64.Build.0 = Debug|x64
		{B022279A-59CD-41C3-9EA5-F9721FECAFDD}.Unicode Release|x64.ActiveCfg = Release|x64
		{B022279A-59CD-41C3-9EA5-F9721FECAFDD}.Unicode Release|x64.Build.0 = Release|x64
		{722A6C78-28FC-4870-B7F8-30AF53C0BB46}.Debug|x64.ActiveCfg = Debug|x64
		{722A6C78-28FC-4870-B7F8-30AF53C0BB46}.Debug|x64.Build.0 = Debug|x64
		{722A6C78-28FC-4870-B7F8-30AF53C0BB46}.Release|x64.ActiveCfg = Release|x64
		{722A6C78-28FC-4870-B7F8-30AF53C0BB46}.Release|x64.Build.0 = Release|x64
		{722A6C78-28FC-4870-B7F8-30AF53C0BB46}.Unicode Debug|x64.ActiveCfg = Debug|x64
		{722A6C78-28FC-4870-B7F8-30AF53C0BB46}.Unicode Debug|x64.Build.0 = Debug|x64
		{722A6C78-28FC-4870-B7F8-30AF53C0BB46}.Unicode Release|x64.ActiveCfg = Release|x64
		{722A6C78-28FC-4870-B7F8-30AF53C0BB46}.Unicode Release|x64.Build.0 = Release|x64
		{A511C66F-36A3-4590-9CB4-A0CB6CA1D702}.Debug|x64.ActiveCfg = Debug|x64
		{A511C66F-36A3-4590-9CB4-A0CB6CA1D702}.Debug|x64.Build.0 = Debug|x64
		{A511C66F-36A3-4590-9CB4-A0CB6CA1D702}.Release|x64.ActiveCfg = Release|x64
		{A511C66F-36A3-4590-9CB4-A0CB6CA1D702}.Release|x64.Build.0 = Release|x64
		{A511C66F-36A3-4590-9CB4-A0CB6CA1D702}.Unicode Debug|x64.ActiveCfg = Debug|x64
		{A511C66F-36A3-4590-9CB4-A0CB6CA1D702}.Unicode Debug|x64.Build.0 = Debug|x64
		{A511C66F-36A3-4590-9CB4-A0CB6CA1D702}.Unicode Release|x64.ActiveCfg = Release|x64
		{A511C66F-36A3-4590-9CB4-A0CB6CA1D702}.Unicode Release|x64.Build.0 = Release|x64
		{AA20BDB8-15C0-43EB-83B5-6FC716849F13}.Debug|x64.ActiveCfg = Debug|x64
		{AA20BDB8-15C0-43EB-83B5-6FC716849F13}.Debug|x64.Build.0 = Debug|x64
		{AA20BDB8-15C0-43EB-83B5-6FC716849F13}.Release|x64.ActiveCfg = Release|x64
		{AA20BDB8-15C0-43EB-83B5-6FC716849F13}.Release|x64.Build.0 = Release|x64
		{AA20BDB8-15C0-43EB-83B5-6FC716849F13}.Unicode Debug|x64.ActiveCfg = Debug|x64
		{AA20BDB8-15C0-43EB-83B5-6FC716849F13}.Unicode Debug|x64.Build.0 = Debug|x64
		{AA20BDB8-15C0-43EB-83B5-6FC716849F13}.Unicode Release|x64.ActiveCfg = Release|x64
		{AA20BDB8-15C0-43EB-83B5-6FC716849F13}.Unicode Release|x64.Build.0 = Release|x64
		{91C2B904-B670-4ED1-A991-8418EF11E26B}.Debug|x64.ActiveCfg = Debug|x64
		{91C2B904-B670-4ED1-A991-8418EF11E26B}.Debug|x64.Build.0 = Debug|x64
		{91C2B904-B670-4ED1-A991-8418EF11E26B}.Release|x64.ActiveCfg = Release|x64
		{91C2B904-B670-4ED1-A991-8418EF11E26B}.Release|x64.Build.0 = Release|x64
		{91C2B904-B670-4ED1-A991-8418EF11E26B}.Unicode Debug|x64.ActiveCfg = Debug|x64
		{91C2B904-B670-4ED1-A991-8418EF11E26B}.Unicode Debug|x64.Build.0 = Debug|x64
		{91C2B904-B670-4ED1-A991-8418EF11E26B}.Unicode Release|x64.ActiveCfg = Release|x64
		{91C2B904-B670-4ED1-A991-8418EF11E26B}.Unicode Release|x64.Build.0 = Release|x64
		{9BEE5F0D-27E9-4A2B-879A-FC084EA8FB15}.Debug|x64.ActiveCfg = Debug|x64
		{9BEE5F0D-27E9-4A2B-879A-FC084EA8FB15}.Debug|x64.Build.0 = Debug|x64
		{9BEE5F0D-27E9-4A2B-879A-FC084EA8FB15}.Release|x64.ActiveCfg = Release|x64
		{9BEE5F0D-27E9-4A2B-879A-FC084EA8FB15}.Release|x64.Build.0 = Release|x64
		{9BEE5F0D-27E9-4A2B-879A-FC084EA8FB15}.Unicode Debug|x64.ActiveCfg = Debug|x64
		{9BEE5F0D-27E9-4A2B-879A-FC084EA8FB15}.Unicode Debug|x64.Build.0 = Debug|x64
		{9BEE5F0D-27E9-4A2B-879A-FC084EA8FB15}.Unicode Release|x64.ActiveCfg = Release|x64
		{9BEE5F0D-27E9-4A2B-879A-FC084EA8FB15}.Unicode Release|x64.Build.0 = Release|x64
	EndGlobalSection
	GlobalSection(SolutionProperties) = preSolution
		HideSolutionNode = FALSE
	EndGlobalSection
EndGlobal
