<?xml version="1.0" encoding="utf-8"?>
<Project ToolsVersion="4.0" xmlns="http://schemas.microsoft.com/developer/msbuild/2003">
  <ItemGroup>
    <Filter Include="Source Files">
      <UniqueIdentifier>{d5f82248-bfa6-423c-bd2c-ebd413ee068e}</UniqueIdentifier>
      <Extensions>cpp;c;cxx;rc;def;r;odl;idl;hpj;bat</Extensions>
    </Filter>
    <Filter Include="Header Files">
      <UniqueIdentifier>{eff400e3-4405-42f5-8f97-1eb55d8dca2c}</UniqueIdentifier>
      <Extensions>h;hpp;hxx;hm;inl</Extensions>
    </Filter>
    <Filter Include="Library Files">
      <UniqueIdentifier>{05ded73c-6ffb-4f9d-8be7-15adaa509bc7}</UniqueIdentifier>
      <Extensions>lib</Extensions>
    </Filter>
  </ItemGroup>
  <ItemGroup>
    <ClCompile Include="StdAfx.cpp">
      <Filter>Source Files</Filter>
    </ClCompile>
    <ClCompile Include="SVIMCommandServer.cpp">
      <Filter>Source Files</Filter>
    </ClCompile>
    <ClCompile Include="SVIMServer.cpp">
      <Filter>Source Files</Filter>
    </ClCompile>
    <ClCompile Include="SVIMServerMain.cpp">
      <Filter>Source Files</Filter>
    </ClCompile>
  </ItemGroup>
  <ItemGroup>
    <ClInclude Include="StdAfx.h">
      <Filter>Header Files</Filter>
    </ClInclude>
    <ClInclude Include="SVIMCommandServer.h">
      <Filter>Header Files</Filter>
    </ClInclude>
    <ClInclude Include="SVIMServer.h">
      <Filter>Header Files</Filter>
    </ClInclude>
    <ClInclude Include="SVIMServerMain.h">
      <Filter>Header Files</Filter>
    </ClInclude>
  </ItemGroup>
</Project>