<?xml version="1.0" encoding="utf-8"?>
<Project ToolsVersion="4.0" xmlns="http://schemas.microsoft.com/developer/msbuild/2003">
  <ItemGroup>
    <ClCompile Include="StdAfx.cpp">
      <Filter>Quelldateien</Filter>
    </ClCompile>
    <ClCompile Include="EtherCatIOExports.cpp">
      <Filter>Quelldateien</Filter>
    </ClCompile>
    <ClCompile Include="EtherCatIOImpl.cpp">
      <Filter>Quelldateien</Filter>
    </ClCompile>
    <ClCompile Include="SimulatedTriggerSource.cpp">
      <Filter>Quelldateien</Filter>
    </ClCompile>
    <ClCompile Include="TriggerSource.cpp">
      <Filter>Quelldateien</Filter>
    </ClCompile>
    <ClCompile Include="TriggerEngineConnection.cpp">
      <Filter>Quelldateien</Filter>
    </ClCompile>
    <ClCompile Include="PowerLinkConnection.cpp">
      <Filter>Quelldateien</Filter>
    </ClCompile>
    <ClCompile Include="CifxCard.cpp">
      <Filter>Quelldateien</Filter>
    </ClCompile>
    <ClCompile Include="HardwareTriggerSource.cpp">
      <Filter>Quelldateien</Filter>
    </ClCompile>
  </ItemGroup>
  <ItemGroup>
    <ClInclude Include="Resource.h">
      <Filter>Headerdateien</Filter>
    </ClInclude>
    <ClInclude Include="StdAfx.h">
      <Filter>Headerdateien</Filter>
    </ClInclude>
    <ClInclude Include="EtherCatIOExports.h">
      <Filter>Headerdateien</Filter>
    </ClInclude>
    <ClInclude Include="EtherCatIOImpl.h">
      <Filter>Headerdateien</Filter>
    </ClInclude>
    <ClInclude Include="..\AutoBuild\AutoBuild.h">
      <Filter>Headerdateien</Filter>
    </ClInclude>
    <ClInclude Include="TriggerEngineConnection.h">
      <Filter>Headerdateien</Filter>
    </ClInclude>
    <ClInclude Include="CifxCard.h">
      <Filter>Headerdateien</Filter>
    </ClInclude>
    <ClInclude Include="HardwareTriggerSource.h">
      <Filter>Headerdateien</Filter>
    </ClInclude>
    <ClInclude Include="SimulatedTriggerSource.h">
      <Filter>Headerdateien</Filter>
    </ClInclude>
    <ClInclude Include="TriggerSource.h">
      <Filter>Headerdateien</Filter>
    </ClInclude>
    <ClInclude Include="PowerLinkConnection.h">
      <Filter>Headerdateien</Filter>
    </ClInclude>
    <ClInclude Include="PlcDataTypes.h">
      <Filter>Headerdateien</Filter>
    </ClInclude>
  </ItemGroup>
  <ItemGroup>
    <Filter Include="Quelldateien">
      <UniqueIdentifier>{7466C067-2EAB-4754-86F7-C017FCC6FFEF}</UniqueIdentifier>
    </Filter>
    <Filter Include="Ressourcendateien">
      <UniqueIdentifier>{8B24F122-913D-483C-BC86-5FB66F5786C1}</UniqueIdentifier>
    </Filter>
    <Filter Include="Headerdateien">
      <UniqueIdentifier>{0DABB1A8-CC10-4E1E-83E6-3C720B4C3C61}</UniqueIdentifier>
    </Filter>
  </ItemGroup>
  <ItemGroup>
    <None Include="EtherCatIO.def">
      <Filter>Quelldateien</Filter>
    </None>
    <None Include="res\EtherCatIO.rc2">
      <Filter>Ressourcendateien</Filter>
    </None>
  </ItemGroup>
  <ItemGroup>
    <ResourceCompile Include="EtherCatIO.rc">
      <Filter>Quelldateien</Filter>
    </ResourceCompile>
  </ItemGroup>
</Project>