<?xml version="1.0" encoding="utf-8"?>
<Project ToolsVersion="4.0" xmlns="http://schemas.microsoft.com/developer/msbuild/2003">
  <ItemGroup>
    <Filter Include="Quelldateien">
      <UniqueIdentifier>{4FC737F1-C7A5-4376-A066-2A32D752A2FF}</UniqueIdentifier>
      <Extensions>cpp;c;cc;cxx;def;odl;idl;hpj;bat;asm;asmx</Extensions>
    </Filter>
    <Filter Include="Headerdateien">
      <UniqueIdentifier>{93995380-89BD-4b04-88EB-625FBE52EBFB}</UniqueIdentifier>
      <Extensions>h;hpp;hxx;hm;inl;inc;xsd</Extensions>
    </Filter>
    <Filter Include="Ressourcendateien">
      <UniqueIdentifier>{67DA6AB6-F800-4c08-8B7A-83BB121AAD01}</UniqueIdentifier>
      <Extensions>rc;ico;cur;bmp;dlg;rc2;rct;bin;rgs;gif;jpg;jpeg;jpe;resx;tiff;tif;png;wav</Extensions>
    </Filter>
  </ItemGroup>
  <ItemGroup>
    <ClCompile Include="SaxContentHandler.cpp">
      <Filter>Quelldateien</Filter>
    </ClCompile>
    <ClCompile Include="SaxEncryptionHandler.cpp">
      <Filter>Quelldateien</Filter>
    </ClCompile>
    <ClCompile Include="SaxErrorHandler.cpp">
      <Filter>Quelldateien</Filter>
    </ClCompile>
    <ClCompile Include="SaxExtractPropertiesHandler.cpp">
      <Filter>Quelldateien</Filter>
    </ClCompile>
    <ClCompile Include="SaxParser.cpp">
      <Filter>Quelldateien</Filter>
    </ClCompile>
    <ClCompile Include="SaxTreeElement.cpp">
      <Filter>Quelldateien</Filter>
    </ClCompile>
    <ClCompile Include="stdafx.cpp">
      <Filter>Quelldateien</Filter>
    </ClCompile>
    <ClCompile Include="SVMaterialData.cpp">
      <Filter>Quelldateien</Filter>
    </ClCompile>
    <ClCompile Include="SVObjectXMLWriter.cpp">
      <Filter>Quelldateien</Filter>
    </ClCompile>
    <ClCompile Include="SVVariantConverter.cpp">
      <Filter>Quelldateien</Filter>
    </ClCompile>
    <ClCompile Include="SVXMLEncryptionClass.cpp">
      <Filter>Quelldateien</Filter>
    </ClCompile>
    <ClCompile Include="SVXMLMaterialsTree.cpp">
      <Filter>Quelldateien</Filter>
    </ClCompile>
    <ClCompile Include="VariantHelper.cpp">
      <Filter>Quelldateien</Filter>
    </ClCompile>
    <ClCompile Include="SVSimpleXml.cpp">
      <Filter>Quelldateien</Filter>
    </ClCompile>
    <ClCompile Include="LoadConfiguration.cpp">
      <Filter>Quelldateien</Filter>
    </ClCompile>
    <ClCompile Include="SaxXMLHandler.cpp">
      <Filter>Quelldateien</Filter>
    </ClCompile>
    <ClCompile Include="SVNavigateTree.cpp">
      <Filter>Quelldateien</Filter>
    </ClCompile>
  </ItemGroup>
  <ItemGroup>
    <ClInclude Include="ISaxElementHandler.h">
      <Filter>Headerdateien</Filter>
    </ClInclude>
    <ClInclude Include="LoadConfiguration.h">
      <Filter>Headerdateien</Filter>
    </ClInclude>
    <ClInclude Include="SaxContentHandler.h">
      <Filter>Headerdateien</Filter>
    </ClInclude>
    <ClInclude Include="SaxEncryptionHandler.h">
      <Filter>Headerdateien</Filter>
    </ClInclude>
    <ClInclude Include="SaxErrorHandler.h">
      <Filter>Headerdateien</Filter>
    </ClInclude>
    <ClInclude Include="SaxExtractPropertiesHandler.h">
      <Filter>Headerdateien</Filter>
    </ClInclude>
    <ClInclude Include="SaxParser.h">
      <Filter>Headerdateien</Filter>
    </ClInclude>
    <ClInclude Include="SaxTreeElement.h">
      <Filter>Headerdateien</Filter>
    </ClInclude>
    <ClInclude Include="SaxXMLHandler.h">
      <Filter>Headerdateien</Filter>
    </ClInclude>
    <ClInclude Include="stdafx.h">
      <Filter>Headerdateien</Filter>
    </ClInclude>
    <ClInclude Include="SVConfigurationTags.h">
      <Filter>Headerdateien</Filter>
    </ClInclude>
    <ClInclude Include="SVMaterialData.h">
      <Filter>Headerdateien</Filter>
    </ClInclude>
    <ClInclude Include="SVNavigateTree.h">
      <Filter>Headerdateien</Filter>
    </ClInclude>
    <ClInclude Include="SVObjectXMLWriter.h">
      <Filter>Headerdateien</Filter>
    </ClInclude>
    <ClInclude Include="SVVariantConverter.h">
      <Filter>Headerdateien</Filter>
    </ClInclude>
    <ClInclude Include="SVVariantCustomTypes.h">
      <Filter>Headerdateien</Filter>
    </ClInclude>
    <ClInclude Include="SVXMLEncryptionClass.h">
      <Filter>Headerdateien</Filter>
    </ClInclude>
    <ClInclude Include="SVXMLMaterialsTree.h">
      <Filter>Headerdateien</Filter>
    </ClInclude>
    <ClInclude Include="SVXMLTree.h">
      <Filter>Headerdateien</Filter>
    </ClInclude>
    <ClInclude Include="TreeToXml.h">
      <Filter>Headerdateien</Filter>
    </ClInclude>
    <ClInclude Include="VariantHelper.h">
      <Filter>Headerdateien</Filter>
    </ClInclude>
    <ClInclude Include="XMLWriter.h">
      <Filter>Headerdateien</Filter>
    </ClInclude>
    <ClInclude Include="SVSimpleXml.h">
      <Filter>Headerdateien</Filter>
    </ClInclude>
  </ItemGroup>
  <ItemGroup>
    <None Include="SVXMLTree.inl">
      <Filter>Headerdateien</Filter>
    </None>
  </ItemGroup>
</Project>