<?xml version="1.0" encoding="utf-8"?>
<Project ToolsVersion="4.0" xmlns="http://schemas.microsoft.com/developer/msbuild/2003">
  <ItemGroup>
    <Filter Include="Source Files">
      <UniqueIdentifier>{c6fbf9f6-6c21-47fe-ae74-f3d2ea6651a1}</UniqueIdentifier>
      <Extensions>cpp;c;cxx;rc;def;r;odl;idl;hpj;bat</Extensions>
    </Filter>
    <Filter Include="Header Files">
      <UniqueIdentifier>{e8614761-0d14-4f3d-938e-f247d0afd08f}</UniqueIdentifier>
      <Extensions>h;hpp;hxx;hm;inl</Extensions>
    </Filter>
  </ItemGroup>
  <ItemGroup>
    <ClCompile Include="PropTree.cpp">
      <Filter>Source Files</Filter>
    </ClCompile>
    <ClCompile Include="PropTreeCtrl.cpp">
      <Filter>Source Files</Filter>
    </ClCompile>
    <ClCompile Include="PropTreeInfo.cpp">
      <Filter>Source Files</Filter>
    </ClCompile>
    <ClCompile Include="PropTreeItem.cpp">
      <Filter>Source Files</Filter>
    </ClCompile>
    <ClCompile Include="PropTreeItemCombo.cpp">
      <Filter>Source Files</Filter>
    </ClCompile>
    <ClCompile Include="PropTreeItemEdit.cpp">
      <Filter>Source Files</Filter>
    </ClCompile>
    <ClCompile Include="PropTreeItemFile.cpp">
      <Filter>Source Files</Filter>
    </ClCompile>
    <ClCompile Include="PropTreeItemStatic.cpp">
      <Filter>Source Files</Filter>
    </ClCompile>
    <ClCompile Include="StdAfx.cpp">
      <Filter>Source Files</Filter>
    </ClCompile>
    <ClCompile Include="SVNotifyButton.cpp">
      <Filter>Source Files</Filter>
    </ClCompile>
    <ClCompile Include="SVRPropTreeState.cpp">
      <Filter>Source Files</Filter>
    </ClCompile>
    <ClCompile Include="VariantObj.cpp">
      <Filter>Source Files</Filter>
    </ClCompile>
  </ItemGroup>
  <ItemGroup>
    <ClInclude Include="PropTree.h">
      <Filter>Header Files</Filter>
    </ClInclude>
    <ClInclude Include="PropTreeCtrl.h">
      <Filter>Header Files</Filter>
    </ClInclude>
    <ClInclude Include="PropTreeInfo.h">
      <Filter>Header Files</Filter>
    </ClInclude>
    <ClInclude Include="PropTreeItem.h">
      <Filter>Header Files</Filter>
    </ClInclude>
    <ClInclude Include="PropTreeItemCombo.h">
      <Filter>Header Files</Filter>
    </ClInclude>
    <ClInclude Include="PropTreeItemEdit.h">
      <Filter>Header Files</Filter>
    </ClInclude>
    <ClInclude Include="PropTreeItemFile.h">
      <Filter>Header Files</Filter>
    </ClInclude>
    <ClInclude Include="PropTreeItemStatic.h">
      <Filter>Header Files</Filter>
    </ClInclude>
    <ClInclude Include="StdAfx.h">
      <Filter>Header Files</Filter>
    </ClInclude>
    <ClInclude Include="SVNotifyButton.h">
      <Filter>Header Files</Filter>
    </ClInclude>
    <ClInclude Include="SVRPropTreeState.h">
      <Filter>Header Files</Filter>
    </ClInclude>
    <ClInclude Include="VariantObj.h">
      <Filter>Header Files</Filter>
    </ClInclude>
  </ItemGroup>
</Project>