<?xml version="1.0" encoding="utf-8"?>
<Project ToolsVersion="4.0" xmlns="http://schemas.microsoft.com/developer/msbuild/2003">
  <ItemGroup>
    <ClCompile Include="StdAfx.cpp">
      <Filter>Source Files</Filter>
    </ClCompile>
    <ClCompile Include="SVDlgCharLabel.cpp">
      <Filter>Source Files</Filter>
    </ClCompile>
    <ClCompile Include="SVLVFastOCR.cpp">
      <Filter>Source Files</Filter>
    </ClCompile>
    <ClCompile Include="SVOCRFontTraining.cpp">
      <Filter>Source Files</Filter>
    </ClCompile>
    <ClCompile Include="SVOCRFontTrainingCtl.cpp">
      <Filter>Source Files</Filter>
    </ClCompile>
    <ClCompile Include="SVOCRFontTrainingPpg.cpp">
      <Filter>Source Files</Filter>
    </ClCompile>
    <ClCompile Include="SVPropertyPageCharsAndLabels.cpp">
      <Filter>Source Files</Filter>
    </ClCompile>
    <ClCompile Include="SVPropertyPageSelectCharImages.cpp">
      <Filter>Source Files</Filter>
    </ClCompile>
    <ClCompile Include="SVPropertySheetFontTraining.cpp">
      <Filter>Source Files</Filter>
    </ClCompile>
  </ItemGroup>
  <ItemGroup>
    <ClInclude Include="Resource.h">
      <Filter>Header Files</Filter>
    </ClInclude>
    <ClInclude Include="StdAfx.h">
      <Filter>Header Files</Filter>
    </ClInclude>
    <ClInclude Include="SVDlgCharLabel.h">
      <Filter>Header Files</Filter>
    </ClInclude>
    <ClInclude Include="SVLVFastOCR.h">
      <Filter>Header Files</Filter>
    </ClInclude>
    <ClInclude Include="SVOCRFontTraining.h">
      <Filter>Header Files</Filter>
    </ClInclude>
    <ClInclude Include="SVOCRFontTrainingCtl.h">
      <Filter>Header Files</Filter>
    </ClInclude>
    <ClInclude Include="SVOCRFontTrainingPpg.h">
      <Filter>Header Files</Filter>
    </ClInclude>
    <ClInclude Include="SVPropertyPageCharsAndLabels.h">
      <Filter>Header Files</Filter>
    </ClInclude>
    <ClInclude Include="SVPropertyPageSelectCharImages.h">
      <Filter>Header Files</Filter>
    </ClInclude>
    <ClInclude Include="SVPropertySheetFontTraining.h">
      <Filter>Header Files</Filter>
    </ClInclude>
  </ItemGroup>
  <ItemGroup>
    <None Include="SVOCRFontTrainingCtl.bmp">
      <Filter>Resource Files</Filter>
    </None>
    <None Include="SVOCRFontTraining.def">
      <Filter>Source Files</Filter>
    </None>
  </ItemGroup>
  <ItemGroup>
    <Filter Include="Source Files">
      <UniqueIdentifier>{d009181f-a38b-4a2b-8119-d92ad16909e3}</UniqueIdentifier>
    </Filter>
    <Filter Include="Resource Files">
      <UniqueIdentifier>{42868d8f-5e12-4ac7-bd84-c26970dbd991}</UniqueIdentifier>
    </Filter>
    <Filter Include="Header Files">
      <UniqueIdentifier>{1b885470-2013-4922-9d2a-32657a48d27c}</UniqueIdentifier>
    </Filter>
  </ItemGroup>
  <ItemGroup>
    <Midl Include="SVOCRFontTraining.odl">
      <Filter>Source Files</Filter>
    </Midl>
  </ItemGroup>
  <ItemGroup>
    <ResourceCompile Include="SVOCRFontTraining.rc">
      <Filter>Source Files</Filter>
    </ResourceCompile>
  </ItemGroup>
</Project>