<?xml version="1.0" encoding="utf-8"?>
<Project ToolsVersion="4.0" xmlns="http://schemas.microsoft.com/developer/msbuild/2003">
  <ItemGroup>
    <Filter Include="Source Files">
      <UniqueIdentifier>{4FC737F1-C7A5-4376-A066-2A32D752A2FF}</UniqueIdentifier>
      <Extensions>cpp;c;cc;cxx;def;odl;idl;hpj;bat;asm;asmx</Extensions>
    </Filter>
    <Filter Include="Header Files">
      <UniqueIdentifier>{93995380-89BD-4b04-88EB-625FBE52EBFB}</UniqueIdentifier>
      <Extensions>h;hpp;hxx;hm;inl;inc;xsd</Extensions>
    </Filter>
    <Filter Include="Resource Files">
      <UniqueIdentifier>{67DA6AB6-F800-4c08-8B7A-83BB121AAD01}</UniqueIdentifier>
      <Extensions>rc;ico;cur;bmp;dlg;rc2;rct;bin;rgs;gif;jpg;jpeg;jpe;resx;tiff;tif;png;wav;mfcribbon-ms</Extensions>
    </Filter>
  </ItemGroup>
  <ItemGroup>
    <ClInclude Include="stdafx.h">
      <Filter>Header Files</Filter>
    </ClInclude>
    <ClInclude Include="targetver.h">
      <Filter>Header Files</Filter>
    </ClInclude>
    <ClInclude Include="BasicValueObject.h">
      <Filter>Header Files</Filter>
    </ClInclude>
    <ClInclude Include="BasicValueObjects.h">
      <Filter>Header Files</Filter>
    </ClInclude>
    <ClInclude Include="SVBoolValueObjectClass.h">
      <Filter>Header Files</Filter>
    </ClInclude>
    <ClInclude Include="SVByteValueObjectClass.h">
      <Filter>Header Files</Filter>
    </ClInclude>
    <ClInclude Include="SVCharValueObjectClass.h">
      <Filter>Header Files</Filter>
    </ClInclude>
    <ClInclude Include="SVDoubleValueObjectClass.h">
      <Filter>Header Files</Filter>
    </ClInclude>
    <ClInclude Include="SVDPointValueObjectClass.h">
      <Filter>Header Files</Filter>
    </ClInclude>
    <ClInclude Include="SVDWordValueObjectClass.h">
      <Filter>Header Files</Filter>
    </ClInclude>
    <ClInclude Include="SVEnumerateValueObjectClass.h">
      <Filter>Header Files</Filter>
    </ClInclude>
    <ClInclude Include="SVFileNameValueObjectClass.h">
      <Filter>Header Files</Filter>
    </ClInclude>
    <ClInclude Include="SVInt64ValueObjectClass.h">
      <Filter>Header Files</Filter>
    </ClInclude>
    <ClInclude Include="SVLongValueObjectClass.h">
      <Filter>Header Files</Filter>
    </ClInclude>
    <ClInclude Include="SVPointValueObjectClass.h">
      <Filter>Header Files</Filter>
    </ClInclude>
    <ClInclude Include="SVStaticStringValueObjectClass.h">
      <Filter>Header Files</Filter>
    </ClInclude>
    <ClInclude Include="SVStaticValueObjectClassImpl.h">
      <Filter>Header Files</Filter>
    </ClInclude>
    <ClInclude Include="SVStringValueObjectClass.h">
      <Filter>Header Files</Filter>
    </ClInclude>
    <ClInclude Include="SVTimerValueObjectClass.h">
      <Filter>Header Files</Filter>
    </ClInclude>
    <ClInclude Include="SVValueObject.h">
      <Filter>Header Files</Filter>
    </ClInclude>
    <ClInclude Include="SVValueObjectClass.h">
      <Filter>Header Files</Filter>
    </ClInclude>
    <ClInclude Include="SVValueObjectClassImpl.h">
      <Filter>Header Files</Filter>
    </ClInclude>
    <ClInclude Include="SVValueObjectGlobals.h">
      <Filter>Header Files</Filter>
    </ClInclude>
    <ClInclude Include="SVValueObjectReference.h">
      <Filter>Header Files</Filter>
    </ClInclude>
    <ClInclude Include="SVVariantValueObjectClass.h">
      <Filter>Header Files</Filter>
    </ClInclude>
    <ClInclude Include="UseTypeExceptMatch.h">
      <Filter>Header Files</Filter>
    </ClInclude>
    <ClInclude Include="SVArrayValueHolder.h">
      <Filter>Header Files</Filter>
    </ClInclude>
    <ClInclude Include="DoubleSortValueObject.h">
      <Filter>Header Files</Filter>
    </ClInclude>
    <ClInclude Include="LinkedValue.h">
      <Filter>Header Files</Filter>
    </ClInclude>
  </ItemGroup>
  <ItemGroup>
    <ClCompile Include="stdafx.cpp">
      <Filter>Source Files</Filter>
    </ClCompile>
    <ClCompile Include="BasicValueObject.cpp">
      <Filter>Source Files</Filter>
    </ClCompile>
    <ClCompile Include="BasicValueObjects.cpp">
      <Filter>Source Files</Filter>
    </ClCompile>
    <ClCompile Include="SVBoolValueObjectClass.cpp">
      <Filter>Source Files</Filter>
    </ClCompile>
    <ClCompile Include="SVByteValueObjectClass.cpp">
      <Filter>Source Files</Filter>
    </ClCompile>
    <ClCompile Include="SVCharValueObjectClass.cpp">
      <Filter>Source Files</Filter>
    </ClCompile>
    <ClCompile Include="SVDoubleValueObjectClass.cpp">
      <Filter>Source Files</Filter>
    </ClCompile>
    <ClCompile Include="SVDPointValueObjectClass.cpp">
      <Filter>Source Files</Filter>
    </ClCompile>
    <ClCompile Include="SVDWordValueObjectClass.cpp">
      <Filter>Source Files</Filter>
    </ClCompile>
    <ClCompile Include="SVEnumerateValueObjectClass.cpp">
      <Filter>Source Files</Filter>
    </ClCompile>
    <ClCompile Include="SVFileNameValueObjectClass.cpp">
      <Filter>Source Files</Filter>
    </ClCompile>
    <ClCompile Include="SVInt64ValueObjectClass.cpp">
      <Filter>Source Files</Filter>
    </ClCompile>
    <ClCompile Include="SVLongValueObjectClass.cpp">
      <Filter>Source Files</Filter>
    </ClCompile>
    <ClCompile Include="SVPointValueObjectClass.cpp">
      <Filter>Source Files</Filter>
    </ClCompile>
    <ClCompile Include="SVStaticStringValueObjectClass.cpp">
      <Filter>Source Files</Filter>
    </ClCompile>
    <ClCompile Include="SVStringValueObjectClass.cpp">
      <Filter>Source Files</Filter>
    </ClCompile>
    <ClCompile Include="SVTimerValueObjectClass.cpp">
      <Filter>Source Files</Filter>
    </ClCompile>
    <ClCompile Include="SVValueObjectClass.cpp">
      <Filter>Source Files</Filter>
    </ClCompile>
    <ClCompile Include="SVVariantValueObjectClass.cpp">
      <Filter>Source Files</Filter>
    </ClCompile>
    <ClCompile Include="DoubleSortValueObject.cpp">
      <Filter>Source Files</Filter>
    </ClCompile>
    <ClCompile Include="LinkedValue.cpp">
      <Filter>Source Files</Filter>
    </ClCompile>
  </ItemGroup>
  <ItemGroup>
    <None Include="BasicValueObject.inl">
      <Filter>Header Files</Filter>
    </None>
    <None Include="BasicValueObjects.inl">
      <Filter>Header Files</Filter>
    </None>
    <None Include="SVStaticValueObjectClassImpl.inl">
      <Filter>Header Files</Filter>
    </None>
    <None Include="SVValueObjectClass.inl">
      <Filter>Header Files</Filter>
    </None>
    <None Include="SVValueObjectClassImpl.inl">
      <Filter>Header Files</Filter>
    </None>
  </ItemGroup>
</Project>