<?xml version="1.0" encoding="utf-8"?>
<Project ToolsVersion="4.0" xmlns="http://schemas.microsoft.com/developer/msbuild/2003">
  <ItemGroup>
    <Filter Include="Source Files">
      <UniqueIdentifier>{a5d0169b-512f-4d3d-ae03-97d2c056160c}</UniqueIdentifier>
      <Extensions>cpp;c;cxx;rc;def;r;odl;idl;hpj;bat</Extensions>
    </Filter>
    <Filter Include="Header Files">
      <UniqueIdentifier>{8c839e82-62ff-4066-9948-b2b375d60da4}</UniqueIdentifier>
      <Extensions>h;hpp;hxx;hm;inl</Extensions>
    </Filter>
  </ItemGroup>
  <ItemGroup>
    <ClCompile Include="StdAfx.cpp">
      <Filter>Source Files</Filter>
    </ClCompile>
    <ClCompile Include="SVAnalyzerLevelCreateStruct.cpp">
      <Filter>Source Files</Filter>
    </ClCompile>
    <ClCompile Include="SVClassRegisterClass.cpp">
      <Filter>Source Files</Filter>
    </ClCompile>
    <ClCompile Include="SVClassRegisterListClass.cpp">
      <Filter>Source Files</Filter>
    </ClCompile>
    <ClCompile Include="SVInObjectInfoStruct.cpp">
      <Filter>Source Files</Filter>
    </ClCompile>
    <ClCompile Include="SVInputInfoListClass.cpp">
      <Filter>Source Files</Filter>
    </ClCompile>
    <ClCompile Include="SVInspectionLevelCreateStruct.cpp">
      <Filter>Source Files</Filter>
    </ClCompile>
    <ClCompile Include="SVLockableClass.cpp">
      <Filter>Source Files</Filter>
    </ClCompile>
    <ClCompile Include="SVObjectAttributeClass.cpp">
      <Filter>Source Files</Filter>
    </ClCompile>
    <ClCompile Include="SVObjectAttributeShim.cpp">
      <Filter>Source Files</Filter>
    </ClCompile>
    <ClCompile Include="SVObjectBuilder.cpp">
      <Filter>Source Files</Filter>
    </ClCompile>
    <ClCompile Include="SVObjectClass.cpp">
      <Filter>Source Files</Filter>
    </ClCompile>
    <ClCompile Include="SVObjectCStringArrayClass.cpp">
      <Filter>Source Files</Filter>
    </ClCompile>
    <ClCompile Include="SVObjectInfoStruct.cpp">
      <Filter>Source Files</Filter>
    </ClCompile>
    <ClCompile Include="SVObjectLevelCreateStruct.cpp">
      <Filter>Source Files</Filter>
    </ClCompile>
    <ClCompile Include="SVObjectLibrary.cpp">
      <Filter>Source Files</Filter>
    </ClCompile>
    <ClCompile Include="SVObjectListClass.cpp">
      <Filter>Source Files</Filter>
    </ClCompile>
    <ClCompile Include="SVObjectManagerClass.cpp">
      <Filter>Source Files</Filter>
    </ClCompile>
    <ClCompile Include="SVObjectNameInfo.cpp">
      <Filter>Source Files</Filter>
    </ClCompile>
    <ClCompile Include="SVObjectReference.cpp">
      <Filter>Source Files</Filter>
    </ClCompile>
    <ClCompile Include="SVObjectXMLWriter.cpp">
      <Filter>Source Files</Filter>
    </ClCompile>
    <ClCompile Include="SVObserverNotificationFunctor.cpp">
      <Filter>Source Files</Filter>
    </ClCompile>
    <ClCompile Include="SVOutObjectInfoStruct.cpp">
      <Filter>Source Files</Filter>
    </ClCompile>
    <ClCompile Include="SVOutputInfoListClass.cpp">
      <Filter>Source Files</Filter>
    </ClCompile>
    <ClCompile Include="SVPublicAttributeEntryStruct.cpp">
      <Filter>Source Files</Filter>
    </ClCompile>
    <ClCompile Include="SVToolLevelCreateStruct.cpp">
      <Filter>Source Files</Filter>
    </ClCompile>
  </ItemGroup>
  <ItemGroup>
    <ClInclude Include="StdAfx.h">
      <Filter>Header Files</Filter>
    </ClInclude>
    <ClInclude Include="SVAnalyzerLevelCreateStruct.h">
      <Filter>Header Files</Filter>
    </ClInclude>
    <ClInclude Include="SVClassRegisterClass.h">
      <Filter>Header Files</Filter>
    </ClInclude>
    <ClInclude Include="SVClassRegisterListClass.h">
      <Filter>Header Files</Filter>
    </ClInclude>
    <ClInclude Include="SVGetObjectListVisitor.h">
      <Filter>Header Files</Filter>
    </ClInclude>
    <ClInclude Include="SVInObjectInfoStruct.h">
      <Filter>Header Files</Filter>
    </ClInclude>
    <ClInclude Include="SVInputInfoListClass.h">
      <Filter>Header Files</Filter>
    </ClInclude>
    <ClInclude Include="SVInspectionLevelCreateStruct.h">
      <Filter>Header Files</Filter>
    </ClInclude>
    <ClInclude Include="SVLockableClass.h">
      <Filter>Header Files</Filter>
    </ClInclude>
    <ClInclude Include="SVObjectArrayClassTemplate.h">
      <Filter>Header Files</Filter>
    </ClInclude>
    <ClInclude Include="SVObjectAttributeClass.h">
      <Filter>Header Files</Filter>
    </ClInclude>
    <ClInclude Include="SVObjectAttributeShim.h">
      <Filter>Header Files</Filter>
    </ClInclude>
    <ClInclude Include="SVObjectBoolArrayClass.h">
      <Filter>Header Files</Filter>
    </ClInclude>
    <ClInclude Include="SVObjectBuilder.h">
      <Filter>Header Files</Filter>
    </ClInclude>
    <ClInclude Include="SVObjectByteArrayClass.h">
      <Filter>Header Files</Filter>
    </ClInclude>
    <ClInclude Include="SVObjectClass.h">
      <Filter>Header Files</Filter>
    </ClInclude>
    <ClInclude Include="SVObjectCommandWrapperTemplate.h">
      <Filter>Header Files</Filter>
    </ClInclude>
    <ClInclude Include="SVObjectCPointArrayClass.h">
      <Filter>Header Files</Filter>
    </ClInclude>
    <ClInclude Include="SVObjectCStringArrayClass.h">
      <Filter>Header Files</Filter>
    </ClInclude>
    <ClInclude Include="SVObjectDoubleArrayClass.h">
      <Filter>Header Files</Filter>
    </ClInclude>
    <ClInclude Include="SVObjectDPointArrayClass.h">
      <Filter>Header Files</Filter>
    </ClInclude>
    <ClInclude Include="SVObjectDWordArrayClass.h">
      <Filter>Header Files</Filter>
    </ClInclude>
    <ClInclude Include="SVObjectInfoStruct.h">
      <Filter>Header Files</Filter>
    </ClInclude>
    <ClInclude Include="SVObjectInt64ArrayClass.h">
      <Filter>Header Files</Filter>
    </ClInclude>
    <ClInclude Include="SVObjectLevelCreateStruct.h">
      <Filter>Header Files</Filter>
    </ClInclude>
    <ClInclude Include="SVObjectLibrary.h">
      <Filter>Header Files</Filter>
    </ClInclude>
    <ClInclude Include="SVObjectListClass.h">
      <Filter>Header Files</Filter>
    </ClInclude>
    <ClInclude Include="SVObjectLongArrayClass.h">
      <Filter>Header Files</Filter>
    </ClInclude>
    <ClInclude Include="SVObjectManagerClass.h">
      <Filter>Header Files</Filter>
    </ClInclude>
    <ClInclude Include="SVObjectNameInfo.h">
      <Filter>Header Files</Filter>
    </ClInclude>
    <ClInclude Include="SVObjectNotifyTemplate.h">
      <Filter>Header Files</Filter>
    </ClInclude>
    <ClInclude Include="SVObjectPointArrayClass.h">
      <Filter>Header Files</Filter>
    </ClInclude>
    <ClInclude Include="SVObjectReference.h">
      <Filter>Header Files</Filter>
    </ClInclude>
    <ClInclude Include="SVObjectScriptEnums.h">
      <Filter>Header Files</Filter>
    </ClInclude>
    <ClInclude Include="SVObjectSubmitCommandFacade.h">
      <Filter>Header Files</Filter>
    </ClInclude>
    <ClInclude Include="SVObjectSynchronousCommandTemplate.h">
      <Filter>Header Files</Filter>
    </ClInclude>
    <ClInclude Include="SVObjectThreadCommandTemplate.h">
      <Filter>Header Files</Filter>
    </ClInclude>
    <ClInclude Include="SVObjectScriptUsage.h">
      <Filter>Header Files</Filter>
    </ClInclude>
    <ClInclude Include="SVObjectWriter.h">
      <Filter>Header Files</Filter>
    </ClInclude>
    <ClInclude Include="SVObjectXMLWriter.h">
      <Filter>Header Files</Filter>
    </ClInclude>
    <ClInclude Include="SVObserverNotificationFunctor.h">
      <Filter>Header Files</Filter>
    </ClInclude>
    <ClInclude Include="SVObserverTemplate.h">
      <Filter>Header Files</Filter>
    </ClInclude>
    <ClInclude Include="SVOutObjectInfoStruct.h">
      <Filter>Header Files</Filter>
    </ClInclude>
    <ClInclude Include="SVOutputInfoListClass.h">
      <Filter>Header Files</Filter>
    </ClInclude>
    <ClInclude Include="SVPublicAttributeEntryStruct.h">
      <Filter>Header Files</Filter>
    </ClInclude>
    <ClInclude Include="SVToolLevelCreateStruct.h">
      <Filter>Header Files</Filter>
    </ClInclude>
    <ClInclude Include="SVObserverConnectData.h">
      <Filter>Header Files</Filter>
    </ClInclude>
    <ClInclude Include="SVObserverDisconnectData.h">
      <Filter>Header Files</Filter>
    </ClInclude>
    <ClInclude Include="SVSubjectConnectData.h">
      <Filter>Header Files</Filter>
    </ClInclude>
    <ClInclude Include="SVSubjectDisconnectData.h">
      <Filter>Header Files</Filter>
    </ClInclude>
    <ClInclude Include="SVObjectAsynchronousCommandTemplate.h">
      <Filter>Header Files</Filter>
    </ClInclude>
    <ClInclude Include="SVToolsetScriptTags.h">
      <Filter>Header Files</Filter>
    </ClInclude>
    <ClInclude Include="GlobalConst.h">
      <Filter>Header Files</Filter>
    </ClInclude>
  </ItemGroup>
  <ItemGroup>
    <None Include="SVGetObjectListVisitor.inl">
      <Filter>Header Files</Filter>
    </None>
    <None Include="SVObjectClass.inl">
      <Filter>Header Files</Filter>
    </None>
    <None Include="SVObjectCommandWrapperTemplate.inl">
      <Filter>Header Files</Filter>
    </None>
    <None Include="SVObjectManagerClass.inl">
      <Filter>Header Files</Filter>
    </None>
    <None Include="SVObjectReference.inl">
      <Filter>Header Files</Filter>
    </None>
    <None Include="SVObjectSynchronousCommandTemplate.inl">
      <Filter>Header Files</Filter>
    </None>
    <None Include="SVObjectThreadCommandTemplate.inl">
      <Filter>Header Files</Filter>
    </None>
    <None Include="SVObjectAsynchronousCommandTemplate.inl">
      <Filter>Header Files</Filter>
    </None>
  </ItemGroup>
</Project>