<?xml version="1.0" encoding="utf-8"?>
<Project ToolsVersion="4.0" xmlns="http://schemas.microsoft.com/developer/msbuild/2003">
  <ItemGroup>
    <Filter Include="Headerdateien">
      <UniqueIdentifier>{93995380-89BD-4b04-88EB-625FBE52EBFB}</UniqueIdentifier>
      <Extensions>h;hpp;hxx;hm;inl;inc;xsd</Extensions>
    </Filter>
    <Filter Include="Ressourcendateien">
      <UniqueIdentifier>{67DA6AB6-F800-4c08-8B7A-83BB121AAD01}</UniqueIdentifier>
      <Extensions>rc;ico;cur;bmp;dlg;rc2;rct;bin;rgs;gif;jpg;jpeg;jpe;resx;tiff;tif;png;wav;mfcribbon-ms</Extensions>
    </Filter>
    <Filter Include="Quelldateien">
      <UniqueIdentifier>{4FC737F1-C7A5-4376-A066-2A32D752A2FF}</UniqueIdentifier>
      <Extensions>cpp;c;cc;cxx;def;odl;idl;hpj;bat;asm;asmx</Extensions>
    </Filter>
  </ItemGroup>
  <ItemGroup>
    <ClInclude Include="GlobalConst.h">
      <Filter>Headerdateien</Filter>
    </ClInclude>
    <ClInclude Include="GlobalConstantData.h">
      <Filter>Headerdateien</Filter>
    </ClInclude>
    <ClInclude Include="ImageOperatorEnums.h">
      <Filter>Headerdateien</Filter>
    </ClInclude>
    <ClInclude Include="ObjectDefines.h">
      <Filter>Headerdateien</Filter>
    </ClInclude>
    <ClInclude Include="RangeEnum.h">
      <Filter>Headerdateien</Filter>
    </ClInclude>
    <ClInclude Include="SVImageEnums.h">
      <Filter>Headerdateien</Filter>
    </ClInclude>
    <ClInclude Include="SVIMCommand.h">
      <Filter>Headerdateien</Filter>
    </ClInclude>
    <ClInclude Include="SVObjectTypeInfoStruct.h">
      <Filter>Headerdateien</Filter>
    </ClInclude>
    <ClInclude Include="SVPPQEnums.h">
      <Filter>Headerdateien</Filter>
    </ClInclude>
    <ClInclude Include="SVResetStruct.h">
      <Filter>Headerdateien</Filter>
    </ClInclude>
    <ClInclude Include="SVUserMessage.h">
      <Filter>Headerdateien</Filter>
    </ClInclude>
    <ClInclude Include="TextDefineSvDef.h">
      <Filter>Headerdateien</Filter>
    </ClInclude>
    <ClInclude Include="StringTypeDef.h">
      <Filter>Headerdateien</Filter>
    </ClInclude>
    <ClInclude Include="SVGigeEnums.h">
      <Filter>Headerdateien</Filter>
    </ClInclude>
    <ClInclude Include="SVImageFormatEnum.h">
      <Filter>Headerdateien</Filter>
    </ClInclude>
    <ClInclude Include="Color.h">
      <Filter>Headerdateien</Filter>
    </ClInclude>
    <ClInclude Include="LinearEdgeEnums.h">
      <Filter>Headerdateien</Filter>
    </ClInclude>
    <ClInclude Include="SVExtentEnums.h">
      <Filter>Headerdateien</Filter>
    </ClInclude>
    <ClInclude Include="BandEnums.h">
      <Filter>Headerdateien</Filter>
    </ClInclude>
  </ItemGroup>
  <ItemGroup>
    <None Include="GlobalConstantData.inl">
      <Filter>Headerdateien</Filter>
    </None>
  </ItemGroup>
</Project>