<?xml version="1.0" encoding="utf-8"?>
<Project ToolsVersion="4.0" xmlns="http://schemas.microsoft.com/developer/msbuild/2003">
  <ItemGroup>
    <Filter Include="Quelldateien">
      <UniqueIdentifier>{4FC737F1-C7A5-4376-A066-2A32D752A2FF}</UniqueIdentifier>
      <Extensions>cpp;c;cc;cxx;def;odl;idl;hpj;bat;asm;asmx</Extensions>
    </Filter>
    <Filter Include="Headerdateien">
      <UniqueIdentifier>{93995380-89BD-4b04-88EB-625FBE52EBFB}</UniqueIdentifier>
      <Extensions>h;hpp;hxx;hm;inl;inc;xsd</Extensions>
    </Filter>
    <Filter Include="Ressourcendateien">
      <UniqueIdentifier>{67DA6AB6-F800-4c08-8B7A-83BB121AAD01}</UniqueIdentifier>
      <Extensions>rc;ico;cur;bmp;dlg;rc2;rct;bin;rgs;gif;jpg;jpeg;jpe;resx;tiff;tif;png;wav</Extensions>
    </Filter>
    <Filter Include="include">
      <UniqueIdentifier>{38976106-1f5a-47f6-8d6c-e6f392b112cd}</UniqueIdentifier>
    </Filter>
  </ItemGroup>
  <ItemGroup>
    <ClCompile Include="json_reader.cpp">
      <Filter>Quelldateien</Filter>
    </ClCompile>
    <ClCompile Include="json_value.cpp">
      <Filter>Quelldateien</Filter>
    </ClCompile>
    <ClCompile Include="json_writer.cpp">
      <Filter>Quelldateien</Filter>
    </ClCompile>
  </ItemGroup>
  <ItemGroup>
    <ClInclude Include="json_batchallocator.h">
      <Filter>Headerdateien</Filter>
    </ClInclude>
    <ClInclude Include="include\autolink.h">
      <Filter>include</Filter>
    </ClInclude>
    <ClInclude Include="include\config.h">
      <Filter>include</Filter>
    </ClInclude>
    <ClInclude Include="include\features.h">
      <Filter>include</Filter>
    </ClInclude>
    <ClInclude Include="include\forwards.h">
      <Filter>include</Filter>
    </ClInclude>
    <ClInclude Include="include\json.h">
      <Filter>include</Filter>
    </ClInclude>
    <ClInclude Include="include\reader.h">
      <Filter>include</Filter>
    </ClInclude>
    <ClInclude Include="include\value.h">
      <Filter>include</Filter>
    </ClInclude>
    <ClInclude Include="include\writer.h">
      <Filter>include</Filter>
    </ClInclude>
  </ItemGroup>
  <ItemGroup>
    <None Include="json_internalarray.inl">
      <Filter>Headerdateien</Filter>
    </None>
    <None Include="json_internalmap.inl">
      <Filter>Headerdateien</Filter>
    </None>
    <None Include="json_valueiterator.inl">
      <Filter>Headerdateien</Filter>
    </None>
  </ItemGroup>
</Project>