<?xml version="1.0" encoding="utf-8"?>
<Project ToolsVersion="4.0" xmlns="http://schemas.microsoft.com/developer/msbuild/2003">
  <ItemGroup>
    <Filter Include="Source Files">
      <UniqueIdentifier>{ec8177c2-c8a9-48e8-ab24-5f49363ed685}</UniqueIdentifier>
      <Extensions>cpp;c;cxx;rc;def;r;odl;idl;hpj;bat</Extensions>
    </Filter>
    <Filter Include="Header Files">
      <UniqueIdentifier>{c7c5a86c-f56a-4609-979a-dad4b58e7def}</UniqueIdentifier>
      <Extensions>h;hpp;hxx;hm;inl</Extensions>
    </Filter>
    <Filter Include="Resource Files">
      <UniqueIdentifier>{7dadb51e-5ddd-4c67-8436-926a9a6e572d}</UniqueIdentifier>
      <Extensions>ico;cur;bmp;dlg;rc2;rct;bin;rgs;gif;jpg;jpeg;jpe</Extensions>
    </Filter>
  </ItemGroup>
  <ItemGroup>
    <ClCompile Include="StdAfx.cpp">
      <Filter>Source Files</Filter>
    </ClCompile>
    <ClCompile Include="SVGigeCameraDatabase.cpp">
      <Filter>Source Files</Filter>
    </ClCompile>
    <ClCompile Include="SVGigeStandardCameraFeatures.cpp">
      <Filter>Source Files</Filter>
    </ClCompile>
    <ClCompile Include="SVMatroxGige.cpp">
      <Filter>Source Files</Filter>
    </ClCompile>
    <ClCompile Include="SVMatroxGigeApp.cpp">
      <Filter>Source Files</Filter>
    </ClCompile>
    <ClCompile Include="SVMatroxGigeBufferStruct.cpp">
      <Filter>Source Files</Filter>
    </ClCompile>
    <ClCompile Include="SVMatroxGigeCallbackStruct.cpp">
      <Filter>Source Files</Filter>
    </ClCompile>
    <ClCompile Include="SVMatroxGigeCameraParam.cpp">
      <Filter>Source Files</Filter>
    </ClCompile>
    <ClCompile Include="SVMatroxGigeCameraParamList.cpp">
      <Filter>Source Files</Filter>
    </ClCompile>
    <ClCompile Include="SVMatroxGigeCameraParamTracker.cpp">
      <Filter>Source Files</Filter>
    </ClCompile>
    <ClCompile Include="SVMatroxGigeDeviceParameterManager.cpp">
      <Filter>Source Files</Filter>
    </ClCompile>
    <ClCompile Include="SVMatroxGigeDigitizer.cpp">
      <Filter>Source Files</Filter>
    </ClCompile>
    <ClCompile Include="SVMatroxGigeExports.cpp">
      <Filter>Source Files</Filter>
    </ClCompile>
    <ClCompile Include="SVMatroxGigeSystem.cpp">
      <Filter>Source Files</Filter>
    </ClCompile>
  </ItemGroup>
  <ItemGroup>
    <None Include="SVMatroxGige.def">
      <Filter>Source Files</Filter>
    </None>
    <None Include="res\SVMatroxGige.rc2">
      <Filter>Resource Files</Filter>
    </None>
    <None Include="SVMatroxGigeBufferCreator.inl">
      <Filter>Header Files</Filter>
    </None>
    <None Include="SVMatroxGigeHandleList.inl">
      <Filter>Header Files</Filter>
    </None>
  </ItemGroup>
  <ItemGroup>
    <ResourceCompile Include="SVMatroxGige.rc">
      <Filter>Source Files</Filter>
    </ResourceCompile>
  </ItemGroup>
  <ItemGroup>
    <ClInclude Include="Resource.h">
      <Filter>Header Files</Filter>
    </ClInclude>
    <ClInclude Include="StdAfx.h">
      <Filter>Header Files</Filter>
    </ClInclude>
    <ClInclude Include="SVGigeCameraDatabase.h">
      <Filter>Header Files</Filter>
    </ClInclude>
    <ClInclude Include="SVGigeStandardCameraFeatures.h">
      <Filter>Header Files</Filter>
    </ClInclude>
    <ClInclude Include="SVMatroxGige.h">
      <Filter>Header Files</Filter>
    </ClInclude>
    <ClInclude Include="SVMatroxGigeAcqParams.h">
      <Filter>Header Files</Filter>
    </ClInclude>
    <ClInclude Include="SVMatroxGigeApp.h">
      <Filter>Header Files</Filter>
    </ClInclude>
    <ClInclude Include="SVMatroxGigeBufferCreator.h">
      <Filter>Header Files</Filter>
    </ClInclude>
    <ClInclude Include="SVMatroxGigeBufferStruct.h">
      <Filter>Header Files</Filter>
    </ClInclude>
    <ClInclude Include="SVMatroxGigeCallbackStruct.h">
      <Filter>Header Files</Filter>
    </ClInclude>
    <ClInclude Include="SVMatroxGigeCameraId.h">
      <Filter>Header Files</Filter>
    </ClInclude>
    <ClInclude Include="SVMatroxGigeCameraParam.h">
      <Filter>Header Files</Filter>
    </ClInclude>
    <ClInclude Include="SVMatroxGigeCameraParamList.h">
      <Filter>Header Files</Filter>
    </ClInclude>
    <ClInclude Include="SVMatroxGigeCameraParamTracker.h">
      <Filter>Header Files</Filter>
    </ClInclude>
    <ClInclude Include="SVMatroxGigeDeviceParameterManager.h">
      <Filter>Header Files</Filter>
    </ClInclude>
    <ClInclude Include="SVMatroxGigeDigitizer.h">
      <Filter>Header Files</Filter>
    </ClInclude>
    <ClInclude Include="SVMatroxGigeDigitizerList.h">
      <Filter>Header Files</Filter>
    </ClInclude>
    <ClInclude Include="SVMatroxGigeExports.h">
      <Filter>Header Files</Filter>
    </ClInclude>
    <ClInclude Include="SVMatroxGigeHandleList.h">
      <Filter>Header Files</Filter>
    </ClInclude>
    <ClInclude Include="SVMatroxGigeSystem.h">
      <Filter>Header Files</Filter>
    </ClInclude>
    <ClInclude Include="SVMatroxGigeSystemList.h">
      <Filter>Header Files</Filter>
    </ClInclude>
  </ItemGroup>
</Project>