<?xml version="1.0" encoding="utf-8"?>
<Project ToolsVersion="4.0" xmlns="http://schemas.microsoft.com/developer/msbuild/2003">
  <ItemGroup>
    <ClCompile Include="StdAfx.cpp">
      <Filter>Quelldateien</Filter>
    </ClCompile>
    <ClCompile Include="SVLptIOExports.cpp">
      <Filter>Quelldateien</Filter>
    </ClCompile>
    <ClCompile Include="SVLptIOImpl.cpp">
      <Filter>Quelldateien</Filter>
    </ClCompile>
    <ClCompile Include="SVLptIO.cpp">
      <Filter>Quelldateien</Filter>
    </ClCompile>
  </ItemGroup>
  <ItemGroup>
    <ClInclude Include="Resource.h">
      <Filter>Headerdateien</Filter>
    </ClInclude>
    <ClInclude Include="StdAfx.h">
      <Filter>Headerdateien</Filter>
    </ClInclude>
    <ClInclude Include="SVLptIO.h">
      <Filter>Headerdateien</Filter>
    </ClInclude>
    <ClInclude Include="SVLptIOExports.h">
      <Filter>Headerdateien</Filter>
    </ClInclude>
    <ClInclude Include="SVLptIOImpl.h">
      <Filter>Headerdateien</Filter>
    </ClInclude>
    <ClInclude Include="..\AutoBuild\AutoBuild.h">
      <Filter>Headerdateien</Filter>
    </ClInclude>
  </ItemGroup>
  <ItemGroup>
    <Filter Include="Quelldateien">
      <UniqueIdentifier>{c818906d-590e-4fe6-9892-e6eb3374684d}</UniqueIdentifier>
    </Filter>
    <Filter Include="Ressourcendateien">
      <UniqueIdentifier>{fcb7939d-17a6-438b-a4fc-5470a3b59660}</UniqueIdentifier>
    </Filter>
    <Filter Include="Headerdateien">
      <UniqueIdentifier>{1477524f-07fc-45af-9873-95345e14f5f2}</UniqueIdentifier>
    </Filter>
  </ItemGroup>
  <ItemGroup>
    <None Include="SVLptIO.def">
      <Filter>Quelldateien</Filter>
    </None>
    <None Include="res\SVLptIO.rc2">
      <Filter>Ressourcendateien</Filter>
    </None>
  </ItemGroup>
  <ItemGroup>
    <ResourceCompile Include="SVLptIO.rc">
      <Filter>Quelldateien</Filter>
    </ResourceCompile>
  </ItemGroup>
</Project>