<?xml version="1.0" encoding="utf-8"?>
<Project ToolsVersion="4.0" xmlns="http://schemas.microsoft.com/developer/msbuild/2003">
  <ItemGroup>
    <Filter Include="Source Files">
      <UniqueIdentifier>{4FC737F1-C7A5-4376-A066-2A32D752A2FF}</UniqueIdentifier>
      <Extensions>cpp;c;cc;cxx;def;odl;idl;hpj;bat;asm;asmx</Extensions>
    </Filter>
    <Filter Include="Header Files">
      <UniqueIdentifier>{93995380-89BD-4b04-88EB-625FBE52EBFB}</UniqueIdentifier>
      <Extensions>h;hpp;hxx;hm;inl;inc;xsd</Extensions>
    </Filter>
    <Filter Include="Resource Files">
      <UniqueIdentifier>{67DA6AB6-F800-4c08-8B7A-83BB121AAD01}</UniqueIdentifier>
      <Extensions>rc;ico;cur;bmp;dlg;rc2;rct;bin;rgs;gif;jpg;jpeg;jpe;resx;tiff;tif;png;wav</Extensions>
    </Filter>
  </ItemGroup>
  <ItemGroup>
    <ClCompile Include="ArrowObject.cpp">
      <Filter>Source Files</Filter>
    </ClCompile>
    <ClCompile Include="DrawObject.cpp">
      <Filter>Source Files</Filter>
    </ClCompile>
    <ClCompile Include="EllipseObject.cpp">
      <Filter>Source Files</Filter>
    </ClCompile>
    <ClCompile Include="LineObject.cpp">
      <Filter>Source Files</Filter>
    </ClCompile>
    <ClCompile Include="RectangleObject.cpp">
      <Filter>Source Files</Filter>
    </ClCompile>
    <ClCompile Include="stdafx.cpp">
      <Filter>Source Files</Filter>
    </ClCompile>
    <ClCompile Include="SVDisplayPicture.cpp">
      <Filter>Source Files</Filter>
    </ClCompile>
    <ClCompile Include="SVPictureDialog.cpp">
      <Filter>Source Files</Filter>
    </ClCompile>
    <ClCompile Include="SVPictureDisplay.cpp">
      <Filter>Source Files</Filter>
    </ClCompile>
    <ClCompile Include="SVPictureDisplayCtrl.cpp">
      <Filter>Source Files</Filter>
    </ClCompile>
    <ClCompile Include="SVPictureDisplayPropPage.cpp">
      <Filter>Source Files</Filter>
    </ClCompile>
    <ClCompile Include="SVPictureTabInfo.cpp">
      <Filter>Source Files</Filter>
    </ClCompile>
    <ClCompile Include="SVPictureTabs.cpp">
      <Filter>Source Files</Filter>
    </ClCompile>
    <ClCompile Include="SVROI.cpp">
      <Filter>Source Files</Filter>
    </ClCompile>
    <ClCompile Include="SVROIList.cpp">
      <Filter>Source Files</Filter>
    </ClCompile>
    <ClCompile Include="TextObject.cpp">
      <Filter>Source Files</Filter>
    </ClCompile>
    <ClCompile Include="SymmetricTrapezoid.cpp">
      <Filter>Source Files</Filter>
    </ClCompile>
    <ClCompile Include="Doughnut.cpp">
      <Filter>Source Files</Filter>
    </ClCompile>
    <ClCompile Include="GraphObject.cpp">
      <Filter>Source Files</Filter>
    </ClCompile>
    <ClCompile Include="MarkerObject.cpp">
      <Filter>Source Files</Filter>
    </ClCompile>
  </ItemGroup>
  <ItemGroup>
    <None Include="SVPictureDisplay.def">
      <Filter>Source Files</Filter>
    </None>
    <None Include="res\SaveIcon.ico">
      <Filter>Resource Files</Filter>
    </None>
    <None Include="SVPictureDisplayCtrl.bmp">
      <Filter>Resource Files</Filter>
    </None>
    <None Include="res\Zoom100.ico">
      <Filter>Resource Files</Filter>
    </None>
    <None Include="res\ZoomFit.ico">
      <Filter>Resource Files</Filter>
    </None>
    <None Include="res\ZoomIn.ico">
      <Filter>Resource Files</Filter>
    </None>
    <None Include="res\ZoomOut.ico">
      <Filter>Resource Files</Filter>
    </None>
  </ItemGroup>
  <ItemGroup>
    <Midl Include="SVPictureDisplay.idl">
      <Filter>Source Files</Filter>
    </Midl>
  </ItemGroup>
  <ItemGroup>
    <ClInclude Include="ArrowObject.h">
      <Filter>Header Files</Filter>
    </ClInclude>
    <ClInclude Include="AutoBuild.h">
      <Filter>Header Files</Filter>
    </ClInclude>
    <ClInclude Include="DrawObject.h">
      <Filter>Header Files</Filter>
    </ClInclude>
    <ClInclude Include="EllipseObject.h">
      <Filter>Header Files</Filter>
    </ClInclude>
    <ClInclude Include="LineObject.h">
      <Filter>Header Files</Filter>
    </ClInclude>
    <ClInclude Include="RectangleObject.h">
      <Filter>Header Files</Filter>
    </ClInclude>
    <ClInclude Include="Resource.h">
      <Filter>Header Files</Filter>
    </ClInclude>
    <ClInclude Include="stdafx.h">
      <Filter>Header Files</Filter>
    </ClInclude>
    <ClInclude Include="SVDisplayPicture.h">
      <Filter>Header Files</Filter>
    </ClInclude>
    <ClInclude Include="SVPictureDialog.h">
      <Filter>Header Files</Filter>
    </ClInclude>
    <ClInclude Include="SVPictureDisplay.h">
      <Filter>Header Files</Filter>
    </ClInclude>
    <ClInclude Include="SVPictureDisplayCtrl.h">
      <Filter>Header Files</Filter>
    </ClInclude>
    <ClInclude Include="SVPictureDisplayPropPage.h">
      <Filter>Header Files</Filter>
    </ClInclude>
    <ClInclude Include="SVPictureTabInfo.h">
      <Filter>Header Files</Filter>
    </ClInclude>
    <ClInclude Include="SVPictureTabs.h">
      <Filter>Header Files</Filter>
    </ClInclude>
    <ClInclude Include="SVROI.h">
      <Filter>Header Files</Filter>
    </ClInclude>
    <ClInclude Include="SVROIList.h">
      <Filter>Header Files</Filter>
    </ClInclude>
    <ClInclude Include="TextObject.h">
      <Filter>Header Files</Filter>
    </ClInclude>
    <ClInclude Include="SymmetricTrapezoid.h">
      <Filter>Header Files</Filter>
    </ClInclude>
    <ClInclude Include="Doughnut.h">
      <Filter>Header Files</Filter>
    </ClInclude>
    <ClInclude Include="GraphObject.h">
      <Filter>Header Files</Filter>
    </ClInclude>
    <ClInclude Include="MarkerObject.h">
      <Filter>Header Files</Filter>
    </ClInclude>
  </ItemGroup>
  <ItemGroup>
    <ResourceCompile Include="SVPictureDisplay.rc">
      <Filter>Resource Files</Filter>
    </ResourceCompile>
  </ItemGroup>
</Project>