<?xml version="1.0" encoding="utf-8"?>
<Project ToolsVersion="4.0" xmlns="http://schemas.microsoft.com/developer/msbuild/2003">
  <ItemGroup>
    <Filter Include="Quelldateien">
      <UniqueIdentifier>{4FC737F1-C7A5-4376-A066-2A32D752A2FF}</UniqueIdentifier>
      <Extensions>cpp;c;cc;cxx;def;odl;idl;hpj;bat;asm;asmx</Extensions>
    </Filter>
    <Filter Include="Headerdateien">
      <UniqueIdentifier>{93995380-89BD-4b04-88EB-625FBE52EBFB}</UniqueIdentifier>
      <Extensions>h;hh;hpp;hxx;hm;inl;inc;xsd</Extensions>
    </Filter>
    <Filter Include="Ressourcendateien">
      <UniqueIdentifier>{67DA6AB6-F800-4c08-8B7A-83BB121AAD01}</UniqueIdentifier>
      <Extensions>rc;ico;cur;bmp;dlg;rc2;rct;bin;rgs;gif;jpg;jpeg;jpe;resx;tiff;tif;png;wav;mfcribbon-ms</Extensions>
    </Filter>
  </ItemGroup>
  <ItemGroup>
    <ClCompile Include="BasicStructure.pb.cc">
      <Filter>Quelldateien</Filter>
    </ClCompile>
    <ClCompile Include="ConverterHelper.cpp">
      <Filter>Quelldateien</Filter>
    </ClCompile>
    <ClCompile Include="Envelope.pb.cc">
      <Filter>Quelldateien</Filter>
    </ClCompile>
    <ClCompile Include="InspectionCommands.pb.cc">
      <Filter>Quelldateien</Filter>
    </ClCompile>
    <ClCompile Include="MonitorListStore.pb.cc">
      <Filter>Quelldateien</Filter>
    </ClCompile>
    <ClCompile Include="stdafx.cpp">
      <Filter>Quelldateien</Filter>
    </ClCompile>
    <ClCompile Include="SVAuth.pb.cc">
      <Filter>Quelldateien</Filter>
    </ClCompile>
    <ClCompile Include="SVO-Enum.pb.cc">
      <Filter>Quelldateien</Filter>
    </ClCompile>
    <ClCompile Include="SVRC.pb.cc">
      <Filter>Quelldateien</Filter>
    </ClCompile>
    <ClCompile Include="SVRC-Enum.pb.cc">
      <Filter>Quelldateien</Filter>
    </ClCompile>
    <ClCompile Include="SVRC-SVObserver.pb.cc">
      <Filter>Quelldateien</Filter>
    </ClCompile>
    <ClCompile Include="SVRC-SVOGateway.pb.cc">
      <Filter>Quelldateien</Filter>
    </ClCompile>
    <ClCompile Include="TriggerRecordController.pb.cc">
      <Filter>Quelldateien</Filter>
    </ClCompile>
    <ClCompile Include="variant.pb.cc">
      <Filter>Quelldateien</Filter>
    </ClCompile>
  </ItemGroup>
  <ItemGroup>
    <CustomBuild Include="BasicStructure.proto">
      <Filter>Ressourcendateien</Filter>
    </CustomBuild>
    <CustomBuild Include="Envelope.proto">
      <Filter>Ressourcendateien</Filter>
    </CustomBuild>
    <CustomBuild Include="InspectionCommands.proto">
      <Filter>Ressourcendateien</Filter>
    </CustomBuild>
    <CustomBuild Include="MonitorListStore.proto">
      <Filter>Ressourcendateien</Filter>
    </CustomBuild>
    <CustomBuild Include="SVAuth.proto">
      <Filter>Ressourcendateien</Filter>
    </CustomBuild>
    <CustomBuild Include="SVO-Enum.proto">
      <Filter>Ressourcendateien</Filter>
    </CustomBuild>
    <CustomBuild Include="SVRC.proto">
      <Filter>Ressourcendateien</Filter>
    </CustomBuild>
    <CustomBuild Include="SVRC-Enum.proto">
      <Filter>Ressourcendateien</Filter>
    </CustomBuild>
    <CustomBuild Include="SVRC-SVObserver.proto">
      <Filter>Ressourcendateien</Filter>
    </CustomBuild>
    <CustomBuild Include="SVRC-SVOGateway.proto">
      <Filter>Ressourcendateien</Filter>
    </CustomBuild>
    <CustomBuild Include="TriggerRecordController.proto">
      <Filter>Ressourcendateien</Filter>
    </CustomBuild>
    <CustomBuild Include="Variant.proto">
      <Filter>Ressourcendateien</Filter>
    </CustomBuild>
  </ItemGroup>
  <ItemGroup>
    <ClInclude Include="BasicStructure.h">
      <Filter>Headerdateien</Filter>
    </ClInclude>
    <ClInclude Include="BasicStructure.pb.h">
      <Filter>Headerdateien</Filter>
    </ClInclude>
    <ClInclude Include="ConverterHelper.h">
      <Filter>Headerdateien</Filter>
    </ClInclude>
    <ClInclude Include="Envelope.h">
      <Filter>Headerdateien</Filter>
    </ClInclude>
    <ClInclude Include="Envelope.pb.h">
      <Filter>Headerdateien</Filter>
    </ClInclude>
    <ClInclude Include="InspectionCommands.h">
      <Filter>Headerdateien</Filter>
    </ClInclude>
    <ClInclude Include="InspectionCommands.pb.h">
      <Filter>Headerdateien</Filter>
    </ClInclude>
    <ClInclude Include="MonitorListStore.h">
      <Filter>Headerdateien</Filter>
    </ClInclude>
    <ClInclude Include="MonitorListStore.pb.h">
      <Filter>Headerdateien</Filter>
    </ClInclude>
    <ClInclude Include="Protobuf2Rapidjson.h">
      <Filter>Headerdateien</Filter>
    </ClInclude>
    <ClInclude Include="stdafx.h">
      <Filter>Headerdateien</Filter>
    </ClInclude>
    <ClInclude Include="SVAuth.h">
      <Filter>Headerdateien</Filter>
    </ClInclude>
    <ClInclude Include="SVAuth.pb.h">
      <Filter>Headerdateien</Filter>
    </ClInclude>
    <ClInclude Include="SVO-Enum.h">
      <Filter>Headerdateien</Filter>
    </ClInclude>
    <ClInclude Include="SVO-Enum.pb.h">
      <Filter>Headerdateien</Filter>
    </ClInclude>
    <ClInclude Include="SVRC.h">
      <Filter>Headerdateien</Filter>
    </ClInclude>
    <ClInclude Include="Svrc.pb.h">
      <Filter>Headerdateien</Filter>
    </ClInclude>
    <ClInclude Include="SVRC-Enum.h">
      <Filter>Headerdateien</Filter>
    </ClInclude>
    <ClInclude Include="SVRC-Enum.pb.h">
      <Filter>Headerdateien</Filter>
    </ClInclude>
    <ClInclude Include="SVRC-SVObserver.pb.h">
      <Filter>Headerdateien</Filter>
    </ClInclude>
    <ClInclude Include="SVRC-SVOGateway.pb.h">
      <Filter>Headerdateien</Filter>
    </ClInclude>
    <ClInclude Include="TriggerRecordController.h">
      <Filter>Headerdateien</Filter>
    </ClInclude>
    <ClInclude Include="TriggerRecordController.pb.h">
      <Filter>Headerdateien</Filter>
    </ClInclude>
    <ClInclude Include="Variant.h">
      <Filter>Headerdateien</Filter>
    </ClInclude>
    <ClInclude Include="variant.pb.h">
      <Filter>Headerdateien</Filter>
    </ClInclude>
  </ItemGroup>
</Project>