<?xml version="1.0" encoding="utf-8"?>
<Project ToolsVersion="4.0" xmlns="http://schemas.microsoft.com/developer/msbuild/2003">
  <ItemGroup>
    <Filter Include="Headerdateien">
      <UniqueIdentifier>{8c839e82-62ff-4066-9948-b2b375d60da4}</UniqueIdentifier>
      <Extensions>h;hpp;hxx;hm;inl</Extensions>
    </Filter>
    <Filter Include="Ressourcendateien">
      <UniqueIdentifier>{9119D4E5-C382-49A4-B203-06AB894B58F6}</UniqueIdentifier>
      <Extensions>rc;ico;cur;bmp;dlg;rc2;rct;bin;rgs;gif;jpg;jpeg;jpe;resx;tiff;tif;png;wav;mfcribbon-ms</Extensions>
    </Filter>
    <Filter Include="Quelldateien">
      <UniqueIdentifier>{a5d0169b-512f-4d3d-ae03-97d2c056160c}</UniqueIdentifier>
      <Extensions>cpp;c;cxx;rc;def;r;odl;idl;hpj;bat</Extensions>
    </Filter>
  </ItemGroup>
  <ItemGroup>
    <ClCompile Include="DependencyManager.cpp">
      <Filter>Quelldateien</Filter>
    </ClCompile>
    <ClCompile Include="StdAfx.cpp">
      <Filter>Quelldateien</Filter>
    </ClCompile>
    <ClCompile Include="SVClassRegisterClass.cpp">
      <Filter>Quelldateien</Filter>
    </ClCompile>
    <ClCompile Include="SVClassRegisterListClass.cpp">
      <Filter>Quelldateien</Filter>
    </ClCompile>
    <ClCompile Include="SVObjectAttributeClass.cpp">
      <Filter>Quelldateien</Filter>
    </ClCompile>
    <ClCompile Include="SVObjectBuilder.cpp">
      <Filter>Quelldateien</Filter>
    </ClCompile>
    <ClCompile Include="SVObjectClass.cpp">
      <Filter>Quelldateien</Filter>
    </ClCompile>
    <ClCompile Include="SVObjectInfoStruct.cpp">
      <Filter>Quelldateien</Filter>
    </ClCompile>
    <ClCompile Include="SVObjectLevelCreateStruct.cpp">
      <Filter>Quelldateien</Filter>
    </ClCompile>
    <ClCompile Include="SVObjectManagerClass.cpp">
      <Filter>Quelldateien</Filter>
    </ClCompile>
    <ClCompile Include="SVObjectNameInfo.cpp">
      <Filter>Quelldateien</Filter>
    </ClCompile>
    <ClCompile Include="SVObjectReference.cpp">
      <Filter>Quelldateien</Filter>
    </ClCompile>
    <ClCompile Include="InputObject.cpp">
      <Filter>Quelldateien</Filter>
    </ClCompile>
  </ItemGroup>
  <ItemGroup>
    <ClInclude Include="DependencyManager.h">
      <Filter>Headerdateien</Filter>
    </ClInclude>
    <ClInclude Include="DottedNameLookup.h">
      <Filter>Headerdateien</Filter>
    </ClInclude>
    <ClInclude Include="JoinType.h">
      <Filter>Headerdateien</Filter>
    </ClInclude>
    <ClInclude Include="ObjectNameLookup.h">
      <Filter>Headerdateien</Filter>
    </ClInclude>
    <ClInclude Include="StdAfx.h">
      <Filter>Headerdateien</Filter>
    </ClInclude>
    <ClInclude Include="SVClassRegisterClass.h">
      <Filter>Headerdateien</Filter>
    </ClInclude>
    <ClInclude Include="SVClassRegisterListClass.h">
      <Filter>Headerdateien</Filter>
    </ClInclude>
    <ClInclude Include="SVClsids.h">
      <Filter>Headerdateien</Filter>
    </ClInclude>
    <ClInclude Include="SVObjectAttributeClass.h">
      <Filter>Headerdateien</Filter>
    </ClInclude>
    <ClInclude Include="SVObjectBuilder.h">
      <Filter>Headerdateien</Filter>
    </ClInclude>
    <ClInclude Include="SVObjectClass.h">
      <Filter>Headerdateien</Filter>
    </ClInclude>
    <ClInclude Include="SVObjectInfoArrayClass.h">
      <Filter>Headerdateien</Filter>
    </ClInclude>
    <ClInclude Include="SVObjectInfoStruct.h">
      <Filter>Headerdateien</Filter>
    </ClInclude>
    <ClInclude Include="SVObjectLevelCreateStruct.h">
      <Filter>Headerdateien</Filter>
    </ClInclude>
    <ClInclude Include="SVObjectLibrary.h">
      <Filter>Headerdateien</Filter>
    </ClInclude>
    <ClInclude Include="SVObjectManagerClass.h">
      <Filter>Headerdateien</Filter>
    </ClInclude>
    <ClInclude Include="SVObjectNameInfo.h">
      <Filter>Headerdateien</Filter>
    </ClInclude>
    <ClInclude Include="SVObjectReference.h">
      <Filter>Headerdateien</Filter>
    </ClInclude>
    <ClInclude Include="SVObjectScriptEnums.h">
      <Filter>Headerdateien</Filter>
    </ClInclude>
    <ClInclude Include="SVObserverTemplate.h">
      <Filter>Headerdateien</Filter>
    </ClInclude>
    <ClInclude Include="SVToolsetScriptTags.h">
      <Filter>Headerdateien</Filter>
    </ClInclude>
    <ClInclude Include="TextDefinesSvOl.h">
      <Filter>Headerdateien</Filter>
    </ClInclude>
    <ClInclude Include="InputObject.h">
      <Filter>Headerdateien</Filter>
    </ClInclude>
  </ItemGroup>
  <ItemGroup>
    <None Include="SVObjectManagerClass.inl">
      <Filter>Headerdateien</Filter>
    </None>
    <None Include="SVObjectReference.inl">
      <Filter>Headerdateien</Filter>
    </None>
  </ItemGroup>
</Project>