<?xml version="1.0" encoding="utf-8"?>
<Project ToolsVersion="4.0" xmlns="http://schemas.microsoft.com/developer/msbuild/2003">
  <ItemGroup>
    <Filter Include="Source Files">
      <UniqueIdentifier>{0f36cf64-b84c-4bda-baf0-f6e5ce49a4ba}</UniqueIdentifier>
      <Extensions>cpp;c;cxx;rc;def;r;odl;idl;hpj;bat</Extensions>
    </Filter>
    <Filter Include="Header Files">
      <UniqueIdentifier>{56475622-a2f6-4176-9e8c-bb522ffb07f4}</UniqueIdentifier>
      <Extensions>h;hpp;hxx;hm;inl</Extensions>
    </Filter>
  </ItemGroup>
  <ItemGroup>
    <ClCompile Include="Regexp.cpp">
      <Filter>Source Files</Filter>
    </ClCompile>
    <ClCompile Include="StdAfx.cpp">
      <Filter>Source Files</Filter>
    </ClCompile>
    <ClCompile Include="StringMunge.cpp">
      <Filter>Source Files</Filter>
    </ClCompile>
    <ClCompile Include="SVActiveDisableButton.cpp">
      <Filter>Source Files</Filter>
    </ClCompile>
    <ClCompile Include="SVBoolValueDeviceParam.cpp">
      <Filter>Source Files</Filter>
    </ClCompile>
    <ClCompile Include="SVCallbackListArrayClass.cpp">
      <Filter>Source Files</Filter>
    </ClCompile>
    <ClCompile Include="SVCallbackListClass.cpp">
      <Filter>Source Files</Filter>
    </ClCompile>
    <ClCompile Include="SVCallbackStruct.cpp">
      <Filter>Source Files</Filter>
    </ClCompile>
    <ClCompile Include="SVDeviceParamCollection.cpp">
      <Filter>Source Files</Filter>
    </ClCompile>
    <ClCompile Include="SVDeviceParams.cpp">
      <Filter>Source Files</Filter>
    </ClCompile>
    <ClCompile Include="SVi64ValueDeviceParam.cpp">
      <Filter>Source Files</Filter>
    </ClCompile>
    <ClCompile Include="SVLongValueDeviceParam.cpp">
      <Filter>Source Files</Filter>
    </ClCompile>
    <ClCompile Include="SVNullDeviceParam.cpp">
      <Filter>Source Files</Filter>
    </ClCompile>
    <ClCompile Include="SVOIniLoader.cpp">
      <Filter>Source Files</Filter>
    </ClCompile>
    <ClCompile Include="SVParamListDeviceParam.cpp">
      <Filter>Source Files</Filter>
    </ClCompile>
    <ClCompile Include="SVStringValueDeviceParam.cpp">
      <Filter>Source Files</Filter>
    </ClCompile>
    <ClCompile Include="SVGraphix.cpp">
      <Filter>Source Files</Filter>
    </ClCompile>
    <ClCompile Include="SVDeviceParam.cpp">
      <Filter>Source Files</Filter>
    </ClCompile>
    <ClCompile Include="SVCustomDeviceParam.cpp">
      <Filter>Source Files</Filter>
    </ClCompile>
    <ClCompile Include="DisplayHelper.cpp">
      <Filter>Source Files</Filter>
    </ClCompile>
    <ClCompile Include="ZoomHelper.cpp">
      <Filter>Source Files</Filter>
    </ClCompile>
    <ClCompile Include="SVEditControlWithHelp.cpp">
      <Filter>Source Files</Filter>
    </ClCompile>
  </ItemGroup>
  <ItemGroup>
    <ClInclude Include="Regexp.h">
      <Filter>Header Files</Filter>
    </ClInclude>
    <ClInclude Include="StdAfx.h">
      <Filter>Header Files</Filter>
    </ClInclude>
    <ClInclude Include="StringMunge.h">
      <Filter>Header Files</Filter>
    </ClInclude>
    <ClInclude Include="SVActiveDisableButton.h">
      <Filter>Header Files</Filter>
    </ClInclude>
    <ClInclude Include="SVBoolValueDeviceParam.h">
      <Filter>Header Files</Filter>
    </ClInclude>
    <ClInclude Include="SVCallbackListArrayClass.h">
      <Filter>Header Files</Filter>
    </ClInclude>
    <ClInclude Include="SVCallbackListClass.h">
      <Filter>Header Files</Filter>
    </ClInclude>
    <ClInclude Include="SVCallbackStruct.h">
      <Filter>Header Files</Filter>
    </ClInclude>
    <ClInclude Include="SVDeviceParamCollection.h">
      <Filter>Header Files</Filter>
    </ClInclude>
    <ClInclude Include="SVDeviceParams.h">
      <Filter>Header Files</Filter>
    </ClInclude>
    <ClInclude Include="SVFileAcquisitionLoadingModeEnum.h">
      <Filter>Header Files</Filter>
    </ClInclude>
    <ClInclude Include="SVFunctionProfiler.h">
      <Filter>Header Files</Filter>
    </ClInclude>
    <ClInclude Include="SVi64ValueDeviceParam.h">
      <Filter>Header Files</Filter>
    </ClInclude>
    <ClInclude Include="SVLongValueDeviceParam.h">
      <Filter>Header Files</Filter>
    </ClInclude>
    <ClInclude Include="SVNullDeviceParam.h">
      <Filter>Header Files</Filter>
    </ClInclude>
    <ClInclude Include="SVOINIClass.h">
      <Filter>Header Files</Filter>
    </ClInclude>
    <ClInclude Include="SVOIniLoader.h">
      <Filter>Header Files</Filter>
    </ClInclude>
    <ClInclude Include="SVOMFCLibrary.h">
      <Filter>Header Files</Filter>
    </ClInclude>
    <ClInclude Include="SVOMFCLibraryGlobals.h">
      <Filter>Header Files</Filter>
    </ClInclude>
    <ClInclude Include="SVParamListDeviceParam.h">
      <Filter>Header Files</Filter>
    </ClInclude>
    <ClInclude Include="SVStringValueDeviceParam.h">
      <Filter>Header Files</Filter>
    </ClInclude>
    <ClInclude Include="SVTemplate.h">
      <Filter>Header Files</Filter>
    </ClInclude>
    <ClInclude Include="SVGraphix.h">
      <Filter>Header Files</Filter>
    </ClInclude>
    <ClInclude Include="SVDataItemManagerTemplate.h">
      <Filter>Header Files</Filter>
    </ClInclude>
    <ClInclude Include="SVDeviceParam.h">
      <Filter>Header Files</Filter>
    </ClInclude>
    <ClInclude Include="SVCustomDeviceParam.h">
      <Filter>Header Files</Filter>
    </ClInclude>
    <ClInclude Include="DisplayHelper.h">
      <Filter>Header Files</Filter>
    </ClInclude>
    <ClInclude Include="ZoomHelper.h">
      <Filter>Header Files</Filter>
    </ClInclude>
    <ClInclude Include="SVEditControlWithHelp.h">
      <Filter>Header Files</Filter>
    </ClInclude>
  </ItemGroup>
  <ItemGroup>
    <None Include="SVOINIClass.inl">
      <Filter>Header Files</Filter>
    </None>
    <None Include="SVDataItemManagerTemplate.inl">
      <Filter>Header Files</Filter>
    </None>
  </ItemGroup>
</Project>