<?xml version="1.0" encoding="utf-8"?>
<Project ToolsVersion="4.0" xmlns="http://schemas.microsoft.com/developer/msbuild/2003">
  <ItemGroup>
    <Filter Include="Quelldateien">
      <UniqueIdentifier>{ca57d325-13e7-4b25-8fc7-a0d09cc35523}</UniqueIdentifier>
      <Extensions>cpp;c;cxx;rc;def;r;odl;idl;hpj;bat</Extensions>
    </Filter>
    <Filter Include="Headerdateien">
      <UniqueIdentifier>{4ca6b071-fb08-4bd6-9e25-6a5c381b9ef0}</UniqueIdentifier>
      <Extensions>h;hpp;hxx;hm;inl</Extensions>
    </Filter>
    <Filter Include="Ressourcendateien">
      <UniqueIdentifier>{4f0eb917-c13f-44cd-905c-e3535a809181}</UniqueIdentifier>
      <Extensions>ico;cur;bmp;dlg;rc2;rct;bin;rgs;gif;jpg;jpeg;jpe</Extensions>
    </Filter>
  </ItemGroup>
  <ItemGroup>
    <ClCompile Include="StdAfx.cpp">
      <Filter>Quelldateien</Filter>
    </ClCompile>
    <ClCompile Include="SVAccessClass.cpp">
      <Filter>Quelldateien</Filter>
    </ClCompile>
    <ClCompile Include="SVAccessPointNode.cpp">
      <Filter>Quelldateien</Filter>
    </ClCompile>
    <ClCompile Include="SVPasswordDlg.cpp">
      <Filter>Quelldateien</Filter>
    </ClCompile>
    <ClCompile Include="SVSecurity.cpp">
      <Filter>Quelldateien</Filter>
    </ClCompile>
    <ClCompile Include="SVSecurityGeneralPage.cpp">
      <Filter>Quelldateien</Filter>
    </ClCompile>
    <ClCompile Include="SVSecurityManager.cpp">
      <Filter>Quelldateien</Filter>
    </ClCompile>
    <ClCompile Include="SVSecuritySetupPage.cpp">
      <Filter>Quelldateien</Filter>
    </ClCompile>
    <ClCompile Include="SVSecuritySetupSheet.cpp">
      <Filter>Quelldateien</Filter>
    </ClCompile>
    <ClCompile Include="SVSecurityStorage.cpp">
      <Filter>Quelldateien</Filter>
    </ClCompile>
  </ItemGroup>
  <ItemGroup>
    <None Include="SVSecurity.def">
      <Filter>Quelldateien</Filter>
    </None>
    <None Include="res\SVSecurity.rc2">
      <Filter>Ressourcendateien</Filter>
    </None>
  </ItemGroup>
  <ItemGroup>
    <ResourceCompile Include="SVSecurity.rc">
      <Filter>Quelldateien</Filter>
    </ResourceCompile>
  </ItemGroup>
  <ItemGroup>
    <ClInclude Include="..\AutoBuild\AutoBuild.h">
      <Filter>Headerdateien</Filter>
    </ClInclude>
    <ClInclude Include="Resource.h">
      <Filter>Headerdateien</Filter>
    </ClInclude>
    <ClInclude Include="StdAfx.h">
      <Filter>Headerdateien</Filter>
    </ClInclude>
    <ClInclude Include="SVAccessClass.h">
      <Filter>Headerdateien</Filter>
    </ClInclude>
    <ClInclude Include="SVAccessPointNode.h">
      <Filter>Headerdateien</Filter>
    </ClInclude>
    <ClInclude Include="SVPasswordDlg.h">
      <Filter>Headerdateien</Filter>
    </ClInclude>
    <ClInclude Include="SVSecurity.h">
      <Filter>Headerdateien</Filter>
    </ClInclude>
    <ClInclude Include="SVSecurityGeneralPage.h">
      <Filter>Headerdateien</Filter>
    </ClInclude>
    <ClInclude Include="SVSecurityManager.h">
      <Filter>Headerdateien</Filter>
    </ClInclude>
    <ClInclude Include="SVSecuritySetupPage.h">
      <Filter>Headerdateien</Filter>
    </ClInclude>
    <ClInclude Include="SVSecuritySetupSheet.h">
      <Filter>Headerdateien</Filter>
    </ClInclude>
    <ClInclude Include="SVSecurityStorage.h">
      <Filter>Headerdateien</Filter>
    </ClInclude>
  </ItemGroup>
</Project>