<?xml version="1.0" encoding="utf-8"?>
<Project ToolsVersion="4.0" xmlns="http://schemas.microsoft.com/developer/msbuild/2003">
  <ItemGroup>
    <Filter Include="Headerdateien">
      <UniqueIdentifier>{D3E95D47-7997-4D59-BE5F-192715188612}</UniqueIdentifier>
      <Extensions>h;hpp;hxx;hm;inl;inc;xsd</Extensions>
    </Filter>
    <Filter Include="Ressourcendateien">
      <UniqueIdentifier>{A979EC61-96D0-44E6-BC88-9FB0F566CA05}</UniqueIdentifier>
      <Extensions>rc;ico;cur;bmp;dlg;rc2;rct;bin;rgs;gif;jpg;jpeg;jpe;resx;tiff;tif;png;wav;mfcribbon-ms</Extensions>
    </Filter>
    <Filter Include="Quelldateien">
      <UniqueIdentifier>{20086137-8ACC-4456-A80A-E7C62BDFE910}</UniqueIdentifier>
      <Extensions>cpp;c;cc;cxx;def;odl;idl;hpj;bat;asm;asmx</Extensions>
    </Filter>
  </ItemGroup>
  <ItemGroup>
    <ClCompile Include="StdAfx.cpp">
      <Filter>Source Files</Filter>
    </ClCompile>
    <ClCompile Include="SVNotifyButton.cpp">
      <Filter>Source Files</Filter>
    </ClCompile>
    <ClCompile Include="SVRPropTreeState.cpp">
      <Filter>Source Files</Filter>
    </ClCompile>
    <ClCompile Include="SVRPropTree.cpp">
      <Filter>Source Files</Filter>
    </ClCompile>
    <ClCompile Include="SVRPropTreeCtrl.cpp">
      <Filter>Source Files</Filter>
    </ClCompile>
    <ClCompile Include="SVRPropTreeInfo.cpp">
      <Filter>Source Files</Filter>
    </ClCompile>
    <ClCompile Include="SVRPropTreeItem.cpp">
      <Filter>Source Files</Filter>
    </ClCompile>
    <ClCompile Include="SVRPropTreeItemCombo.cpp">
      <Filter>Source Files</Filter>
    </ClCompile>
    <ClCompile Include="SVRPropTreeItemEdit.cpp">
      <Filter>Source Files</Filter>
    </ClCompile>
    <ClCompile Include="SVRPropTreeItemFile.cpp">
      <Filter>Source Files</Filter>
    </ClCompile>
    <ClCompile Include="SVRPropTreeItemStatic.cpp">
      <Filter>Source Files</Filter>
    </ClCompile>
  </ItemGroup>
  <ItemGroup>
    <ClInclude Include="StdAfx.h">
      <Filter>Header Files</Filter>
    </ClInclude>
    <ClInclude Include="SVNotifyButton.h">
      <Filter>Header Files</Filter>
    </ClInclude>
    <ClInclude Include="SVRPropTreeState.h">
      <Filter>Header Files</Filter>
    </ClInclude>
    <ClInclude Include="SVRPropTree.h">
      <Filter>Header Files</Filter>
    </ClInclude>
    <ClInclude Include="SVRPropTreeCtrl.h">
      <Filter>Header Files</Filter>
    </ClInclude>
    <ClInclude Include="SVRPropTreeInfo.h">
      <Filter>Header Files</Filter>
    </ClInclude>
    <ClInclude Include="SVRPropTreeItem.h">
      <Filter>Header Files</Filter>
    </ClInclude>
    <ClInclude Include="SVRPropTreeItemCombo.h">
      <Filter>Header Files</Filter>
    </ClInclude>
    <ClInclude Include="SVRPropTreeItemEdit.h">
      <Filter>Header Files</Filter>
    </ClInclude>
    <ClInclude Include="SVRPropTreeItemFile.h">
      <Filter>Header Files</Filter>
    </ClInclude>
    <ClInclude Include="SVRPropTreeItemStatic.h">
      <Filter>Header Files</Filter>
    </ClInclude>
  </ItemGroup>
</Project>