<?xml version="1.0" encoding="utf-8"?>
<Project ToolsVersion="4.0" xmlns="http://schemas.microsoft.com/developer/msbuild/2003">
  <ItemGroup>
    <Filter Include="Quelldateien">
      <UniqueIdentifier>{4FC737F1-C7A5-4376-A066-2A32D752A2FF}</UniqueIdentifier>
      <Extensions>cpp;c;cc;cxx;def;odl;idl;hpj;bat;asm;asmx</Extensions>
    </Filter>
    <Filter Include="Headerdateien">
      <UniqueIdentifier>{93995380-89BD-4b04-88EB-625FBE52EBFB}</UniqueIdentifier>
      <Extensions>h;hpp;hxx;hm;inl;inc;xsd</Extensions>
    </Filter>
    <Filter Include="Ressourcendateien">
      <UniqueIdentifier>{67DA6AB6-F800-4c08-8B7A-83BB121AAD01}</UniqueIdentifier>
      <Extensions>rc;ico;cur;bmp;dlg;rc2;rct;bin;rgs;gif;jpg;jpeg;jpe;resx;tiff;tif;png;wav;mfcribbon-ms</Extensions>
    </Filter>
  </ItemGroup>
  <ItemGroup>
    <ClCompile Include="ArchiveToolHelper.cpp">
      <Filter>Quelldateien</Filter>
    </ClCompile>
    <ClCompile Include="LoopTool.cpp">
      <Filter>Quelldateien</Filter>
    </ClCompile>
    <ClCompile Include="ResizeTool.cpp">
      <Filter>Quelldateien</Filter>
    </ClCompile>
    <ClCompile Include="RingBufferTool.cpp">
      <Filter>Quelldateien</Filter>
    </ClCompile>
    <ClCompile Include="stdafx.cpp">
      <Filter>Quelldateien</Filter>
    </ClCompile>
    <ClCompile Include="SVAcquisitionTool.cpp">
      <Filter>Quelldateien</Filter>
    </ClCompile>
    <ClCompile Include="SVArchiveImageThreadClass.cpp">
      <Filter>Quelldateien</Filter>
    </ClCompile>
    <ClCompile Include="SVArchiveRecord.cpp">
      <Filter>Quelldateien</Filter>
    </ClCompile>
    <ClCompile Include="SVArchiveRecordsArray.cpp">
      <Filter>Quelldateien</Filter>
    </ClCompile>
    <ClCompile Include="SVArchiveTool.cpp">
      <Filter>Quelldateien</Filter>
    </ClCompile>
    <ClCompile Include="SVColorTool.cpp">
      <Filter>Quelldateien</Filter>
    </ClCompile>
    <ClCompile Include="SVCylindricalWarpTool.cpp">
      <Filter>Quelldateien</Filter>
    </ClCompile>
    <ClCompile Include="SVExternalTool.cpp">
      <Filter>Quelldateien</Filter>
    </ClCompile>
    <ClCompile Include="SVImageTool.cpp">
      <Filter>Quelldateien</Filter>
    </ClCompile>
    <ClCompile Include="SVLinearToolClass.cpp">
      <Filter>Quelldateien</Filter>
    </ClCompile>
    <ClCompile Include="SVLoadImageTool.cpp">
      <Filter>Quelldateien</Filter>
    </ClCompile>
    <ClCompile Include="SVMathTool.cpp">
      <Filter>Quelldateien</Filter>
    </ClCompile>
    <ClCompile Include="SVPerspectiveTool.cpp">
      <Filter>Quelldateien</Filter>
    </ClCompile>
    <ClCompile Include="SVPolarTransformationTool.cpp">
      <Filter>Quelldateien</Filter>
    </ClCompile>
    <ClCompile Include="SVShiftTool.cpp">
      <Filter>Quelldateien</Filter>
    </ClCompile>
    <ClCompile Include="SVStatTool.cpp">
      <Filter>Quelldateien</Filter>
    </ClCompile>
    <ClCompile Include="SVTool.cpp">
      <Filter>Quelldateien</Filter>
    </ClCompile>
    <ClCompile Include="SVToolExtentClass.cpp">
      <Filter>Quelldateien</Filter>
    </ClCompile>
    <ClCompile Include="SVToolExtentPropertiesClass.cpp">
      <Filter>Quelldateien</Filter>
    </ClCompile>
    <ClCompile Include="SVTransformationTool.cpp">
      <Filter>Quelldateien</Filter>
    </ClCompile>
    <ClCompile Include="SVWindowTool.cpp">
      <Filter>Quelldateien</Filter>
    </ClCompile>
    <ClCompile Include="TableAnalyzerTool.cpp">
      <Filter>Quelldateien</Filter>
    </ClCompile>
    <ClCompile Include="TableTool.cpp">
      <Filter>Quelldateien</Filter>
    </ClCompile>
  </ItemGroup>
  <ItemGroup>
    <ClInclude Include="ArchiveMethodEnum.h">
      <Filter>Headerdateien</Filter>
    </ClInclude>
    <ClInclude Include="ArchiveToolHelper.h">
      <Filter>Headerdateien</Filter>
    </ClInclude>
    <ClInclude Include="LoopTool.h">
      <Filter>Headerdateien</Filter>
    </ClInclude>
    <ClInclude Include="ResizeTool.h">
      <Filter>Headerdateien</Filter>
    </ClInclude>
    <ClInclude Include="RingBufferTool.h">
      <Filter>Headerdateien</Filter>
    </ClInclude>
    <ClInclude Include="stdafx.h">
      <Filter>Headerdateien</Filter>
    </ClInclude>
    <ClInclude Include="SVAcquisitionTool.h">
      <Filter>Headerdateien</Filter>
    </ClInclude>
    <ClInclude Include="SVArchiveImageThreadClass.h">
      <Filter>Headerdateien</Filter>
    </ClInclude>
    <ClInclude Include="SVArchiveRecord.h">
      <Filter>Headerdateien</Filter>
    </ClInclude>
    <ClInclude Include="SVArchiveRecordsArray.h">
      <Filter>Headerdateien</Filter>
    </ClInclude>
    <ClInclude Include="SVArchiveTool.h">
      <Filter>Headerdateien</Filter>
    </ClInclude>
    <ClInclude Include="SVColorTool.h">
      <Filter>Headerdateien</Filter>
    </ClInclude>
    <ClInclude Include="SVCylindricalWarpTool.h">
      <Filter>Headerdateien</Filter>
    </ClInclude>
    <ClInclude Include="SVExternalTool.h">
      <Filter>Headerdateien</Filter>
    </ClInclude>
    <ClInclude Include="SVImageTool.h">
      <Filter>Headerdateien</Filter>
    </ClInclude>
    <ClInclude Include="SVLinearToolClass.h">
      <Filter>Headerdateien</Filter>
    </ClInclude>
    <ClInclude Include="SVLoadImageTool.h">
      <Filter>Headerdateien</Filter>
    </ClInclude>
    <ClInclude Include="SVMathTool.h">
      <Filter>Headerdateien</Filter>
    </ClInclude>
    <ClInclude Include="SVPerspectiveTool.h">
      <Filter>Headerdateien</Filter>
    </ClInclude>
    <ClInclude Include="SVPolarTransformationTool.h">
      <Filter>Headerdateien</Filter>
    </ClInclude>
    <ClInclude Include="SVShiftTool.h">
      <Filter>Headerdateien</Filter>
    </ClInclude>
    <ClInclude Include="SVStatTool.h">
      <Filter>Headerdateien</Filter>
    </ClInclude>
    <ClInclude Include="SVTool.h">
      <Filter>Headerdateien</Filter>
    </ClInclude>
    <ClInclude Include="SVToolExtentClass.h">
      <Filter>Headerdateien</Filter>
    </ClInclude>
    <ClInclude Include="SVToolExtentPropertiesClass.h">
      <Filter>Headerdateien</Filter>
    </ClInclude>
    <ClInclude Include="SVTransformationTool.h">
      <Filter>Headerdateien</Filter>
    </ClInclude>
    <ClInclude Include="SVWindowTool.h">
      <Filter>Headerdateien</Filter>
    </ClInclude>
    <ClInclude Include="TableAnalyzerTool.h">
      <Filter>Headerdateien</Filter>
    </ClInclude>
    <ClInclude Include="TableTool.h">
      <Filter>Headerdateien</Filter>
    </ClInclude>
  </ItemGroup>
</Project>