<?xml version="1.0" encoding="utf-8"?>
<Project ToolsVersion="4.0" xmlns="http://schemas.microsoft.com/developer/msbuild/2003">
  <ItemGroup>
    <Filter Include="Quelldateien">
      <UniqueIdentifier>{4FC737F1-C7A5-4376-A066-2A32D752A2FF}</UniqueIdentifier>
      <Extensions>cpp;c;cc;cxx;def;odl;idl;hpj;bat;asm;asmx</Extensions>
    </Filter>
    <Filter Include="Headerdateien">
      <UniqueIdentifier>{93995380-89BD-4b04-88EB-625FBE52EBFB}</UniqueIdentifier>
      <Extensions>h;hpp;hxx;hm;inl;inc;xsd</Extensions>
    </Filter>
    <Filter Include="Ressourcendateien">
      <UniqueIdentifier>{67DA6AB6-F800-4c08-8B7A-83BB121AAD01}</UniqueIdentifier>
      <Extensions>rc;ico;cur;bmp;dlg;rc2;rct;bin;rgs;gif;jpg;jpeg;jpe;resx;tiff;tif;png;wav;mfcribbon-ms</Extensions>
    </Filter>
  </ItemGroup>
  <ItemGroup>
    <ClInclude Include="TaskObjectGetEmbeddedValues.h">
      <Filter>Headerdateien</Filter>
    </ClInclude>
    <ClInclude Include="TaskObjectSetEmbeddedValues.h">
      <Filter>Headerdateien</Filter>
    </ClInclude>
    <ClInclude Include="GetObjectName.h">
      <Filter>Headerdateien</Filter>
    </ClInclude>
    <ClInclude Include="SetDefaultInputs.h">
      <Filter>Headerdateien</Filter>
    </ClInclude>
    <ClInclude Include="GetInstanceIDByDottedName.h">
      <Filter>Headerdateien</Filter>
    </ClInclude>
    <ClInclude Include="GetAttributesAllowed.h">
      <Filter>Headerdateien</Filter>
    </ClInclude>
    <ClInclude Include="GetAvailableObjects.h">
      <Filter>Headerdateien</Filter>
    </ClInclude>
    <ClInclude Include="ConnectToObject.h">
      <Filter>Headerdateien</Filter>
    </ClInclude>
    <ClInclude Include="GetImage.h">
      <Filter>Headerdateien</Filter>
    </ClInclude>
    <ClInclude Include="GetConnectedObjects.h">
      <Filter>Headerdateien</Filter>
    </ClInclude>
    <ClInclude Include="GetResultImage.h">
      <Filter>Headerdateien</Filter>
    </ClInclude>
    <ClInclude Include="ValueObjectGetEnums.h">
      <Filter>Headerdateien</Filter>
    </ClInclude>
    <ClInclude Include="GetReferenceImage.h">
      <Filter>Headerdateien</Filter>
    </ClInclude>
    <ClInclude Include="GetMaskImage.h">
      <Filter>Headerdateien</Filter>
    </ClInclude>
    <ClInclude Include="GetMaskData.h">
      <Filter>Headerdateien</Filter>
    </ClInclude>
    <ClInclude Include="SetMaskData.h">
      <Filter>Headerdateien</Filter>
    </ClInclude>
    <ClInclude Include="ImportMask.h">
      <Filter>Headerdateien</Filter>
    </ClInclude>
    <ClInclude Include="ExportMask.h">
      <Filter>Headerdateien</Filter>
    </ClInclude>
    <ClInclude Include="GetObjectTypeInfo.h">
      <Filter>Headerdateien</Filter>
    </ClInclude>
    <ClInclude Include="SaveImage.h">
      <Filter>Headerdateien</Filter>
    </ClInclude>
    <ClInclude Include="GetAvailableAuxSourceImages.h">
      <Filter>Headerdateien</Filter>
    </ClInclude>
    <ClInclude Include="AreAuxiliaryExtentsAvailable.h">
      <Filter>Headerdateien</Filter>
    </ClInclude>
    <ClInclude Include="GetAuxSourceImage.h">
      <Filter>Headerdateien</Filter>
    </ClInclude>
    <ClInclude Include="SetAuxSourceImage.h">
      <Filter>Headerdateien</Filter>
    </ClInclude>
    <ClInclude Include="GetCreatableObjects.h">
      <Filter>Headerdateien</Filter>
    </ClInclude>
    <ClInclude Include="ShouldInspectionReset.h">
      <Filter>Headerdateien</Filter>
    </ClInclude>
    <ClInclude Include="ConstructAndInsertTaskObject.h">
      <Filter>Headerdateien</Filter>
    </ClInclude>
    <ClInclude Include="GetSelectorList.h">
      <Filter>Headerdateien</Filter>
    </ClInclude>
    <ClInclude Include="GetPPQSelectorList.h">
      <Filter>Headerdateien</Filter>
    </ClInclude>
    <ClInclude Include="GetPPQObjectName.h">
      <Filter>Headerdateien</Filter>
    </ClInclude>
    <ClInclude Include="GetOutputRectangle.h">
      <Filter>Headerdateien</Filter>
    </ClInclude>
    <ClInclude Include="GetTaskObjects.h">
      <Filter>Headerdateien</Filter>
    </ClInclude>
    <ClInclude Include="GetAllowedImageList.h">
      <Filter>Headerdateien</Filter>
    </ClInclude>
    <ClInclude Include="AttributesAllowedFilter.h">
      <Filter>Headerdateien</Filter>
    </ClInclude>
    <ClInclude Include="AttributesSetFilter.h">
      <Filter>Headerdateien</Filter>
    </ClInclude>
    <ClInclude Include="RangeSelectorFilter.h">
      <Filter>Headerdateien</Filter>
    </ClInclude>
    <ClInclude Include="ConstructAndInsertFriend.h">
      <Filter>Headerdateien</Filter>
    </ClInclude>
    <ClInclude Include="SetObjectName.h">
      <Filter>Headerdateien</Filter>
    </ClInclude>
    <ClInclude Include="GetInputs.h">
      <Filter>Headerdateien</Filter>
    </ClInclude>
    <ClInclude Include="GetInstanceIDByTypeInfo.h">
      <Filter>Headerdateien</Filter>
    </ClInclude>
    <ClInclude Include="MLRejectValueFilter.h">
      <Filter>Headerdateien</Filter>
    </ClInclude>
    <ClInclude Include="MoveFriendObject.h">
      <Filter>Headerdateien</Filter>
    </ClInclude>
    <ClInclude Include="InspectionCommand_protoBuf.h">
      <Filter>Headerdateien</Filter>
    </ClInclude>
    <ClInclude Include="CommandFunction.h">
      <Filter>Headerdateien</Filter>
    </ClInclude>
    <ClInclude Include="stdafx.h">
      <Filter>Headerdateien</Filter>
    </ClInclude>
    <ClInclude Include="CommandFunctionHelper.h">
      <Filter>Headerdateien</Filter>
    </ClInclude>
  </ItemGroup>
  <ItemGroup>
    <ClCompile Include="CommandFunction.cpp">
      <Filter>Quelldateien</Filter>
    </ClCompile>
    <ClCompile Include="stdafx.cpp">
      <Filter>Quelldateien</Filter>
    </ClCompile>
    <ClCompile Include="CommandFunctionHelper.cpp">
      <Filter>Quelldateien</Filter>
    </ClCompile>
  </ItemGroup>
</Project>