<?xml version="1.0" encoding="utf-8"?>
<Project ToolsVersion="4.0" xmlns="http://schemas.microsoft.com/developer/msbuild/2003">
  <ItemGroup>
    <Filter Include="Quelldateien">
      <UniqueIdentifier>{4FC737F1-C7A5-4376-A066-2A32D752A2FF}</UniqueIdentifier>
      <Extensions>cpp;c;cc;cxx;def;odl;idl;hpj;bat;asm;asmx</Extensions>
    </Filter>
    <Filter Include="Headerdateien">
      <UniqueIdentifier>{93995380-89BD-4b04-88EB-625FBE52EBFB}</UniqueIdentifier>
      <Extensions>h;hpp;hxx;hm;inl;inc;xsd</Extensions>
    </Filter>
    <Filter Include="Ressourcendateien">
      <UniqueIdentifier>{67DA6AB6-F800-4c08-8B7A-83BB121AAD01}</UniqueIdentifier>
      <Extensions>rc;ico;cur;bmp;dlg;rc2;rct;bin;rgs;gif;jpg;jpeg;jpe;resx;tiff;tif;png;wav</Extensions>
    </Filter>
    <Filter Include="Quelldateien\7Zip">
      <UniqueIdentifier>{f786246b-9a33-4e21-aadc-7a88b0f23f1b}</UniqueIdentifier>
    </Filter>
    <Filter Include="Headerdateien\7Zip">
      <UniqueIdentifier>{27137971-8b45-4617-8b2d-60b6ef830949}</UniqueIdentifier>
    </Filter>
  </ItemGroup>
  <ItemGroup>
    <ClCompile Include="ArchiveExtractCallback.cpp">
      <Filter>Quelldateien\7Zip</Filter>
    </ClCompile>
    <ClCompile Include="ArchiveUpdateCallback.cpp">
      <Filter>Quelldateien\7Zip</Filter>
    </ClCompile>
    <ClCompile Include="BitmapHelper.cpp">
      <Filter>Quelldateien</Filter>
    </ClCompile>
    <ClCompile Include="InStreamWrapper.cpp">
      <Filter>Quelldateien\7Zip</Filter>
    </ClCompile>
    <ClCompile Include="LoadDll.cpp">
      <Filter>Quelldateien</Filter>
    </ClCompile>
    <ClCompile Include="OutStreamWrapper.cpp">
      <Filter>Quelldateien\7Zip</Filter>
    </ClCompile>
    <ClCompile Include="PropVariant.cpp">
      <Filter>Quelldateien\7Zip</Filter>
    </ClCompile>
    <ClCompile Include="stdafx.cpp">
      <Filter>Quelldateien</Filter>
    </ClCompile>
    <ClCompile Include="StringHelper.cpp">
      <Filter>Quelldateien</Filter>
    </ClCompile>
    <ClCompile Include="SVBitmapInfo.cpp">
      <Filter>Quelldateien</Filter>
    </ClCompile>
    <ClCompile Include="SVGUID.cpp">
      <Filter>Quelldateien</Filter>
    </ClCompile>
    <ClCompile Include="SVHistogramBase.cpp">
      <Filter>Quelldateien</Filter>
    </ClCompile>
    <ClCompile Include="SVSafeArray.cpp">
      <Filter>Quelldateien</Filter>
    </ClCompile>
    <ClCompile Include="ZipHelper.cpp">
      <Filter>Quelldateien</Filter>
    </ClCompile>
    <ClCompile Include="SafeArrayHelper.cpp">
      <Filter>Quelldateien</Filter>
    </ClCompile>
    <ClCompile Include="SHA256.cpp">
      <Filter>Quelldateien</Filter>
    </ClCompile>
    <ClCompile Include="AuditFiles.cpp">
      <Filter>Quelldateien</Filter>
    </ClCompile>
    <ClCompile Include="DirectoryUtilities.cpp">
      <Filter>Quelldateien</Filter>
    </ClCompile>
    <ClCompile Include="ModuleInfo.cpp">
      <Filter>Quelldateien</Filter>
    </ClCompile>
    <ClCompile Include="SVClock.cpp">
      <Filter>Quelldateien</Filter>
    </ClCompile>
    <ClCompile Include="FileHelper.cpp">
      <Filter>Quelldateien</Filter>
    </ClCompile>
  </ItemGroup>
  <ItemGroup>
    <ClInclude Include="7zTypes.h">
      <Filter>Headerdateien\7Zip</Filter>
    </ClInclude>
    <ClInclude Include="ArchiveExtractCallback.h">
      <Filter>Headerdateien\7Zip</Filter>
    </ClInclude>
    <ClInclude Include="ArchiveUpdateCallback.h">
      <Filter>Headerdateien\7Zip</Filter>
    </ClInclude>
    <ClInclude Include="BitmapHelper.h">
      <Filter>Headerdateien</Filter>
    </ClInclude>
    <ClInclude Include="IArchive.h">
      <Filter>Headerdateien\7Zip</Filter>
    </ClInclude>
    <ClInclude Include="ICoder.h">
      <Filter>Headerdateien\7Zip</Filter>
    </ClInclude>
    <ClInclude Include="IDecl.h">
      <Filter>Headerdateien\7Zip</Filter>
    </ClInclude>
    <ClInclude Include="InStreamWrapper.h">
      <Filter>Headerdateien\7Zip</Filter>
    </ClInclude>
    <ClInclude Include="IPassword.h">
      <Filter>Headerdateien\7Zip</Filter>
    </ClInclude>
    <ClInclude Include="IProgress.h">
      <Filter>Headerdateien\7Zip</Filter>
    </ClInclude>
    <ClInclude Include="IStream.h">
      <Filter>Headerdateien\7Zip</Filter>
    </ClInclude>
    <ClInclude Include="LoadDll.h">
      <Filter>Headerdateien</Filter>
    </ClInclude>
    <ClInclude Include="NaturalStringCompare.h">
      <Filter>Headerdateien</Filter>
    </ClInclude>
    <ClInclude Include="OutStreamWrapper.h">
      <Filter>Headerdateien\7Zip</Filter>
    </ClInclude>
    <ClInclude Include="ProgressCallback.h">
      <Filter>Headerdateien\7Zip</Filter>
    </ClInclude>
    <ClInclude Include="PropID.h">
      <Filter>Headerdateien\7Zip</Filter>
    </ClInclude>
    <ClInclude Include="PropVariant.h">
      <Filter>Headerdateien\7Zip</Filter>
    </ClInclude>
    <ClInclude Include="SetBits.h">
      <Filter>Headerdateien</Filter>
    </ClInclude>
    <ClInclude Include="stdafx.h">
      <Filter>Headerdateien</Filter>
    </ClInclude>
    <ClInclude Include="StringHelper.h">
      <Filter>Headerdateien</Filter>
    </ClInclude>
    <ClInclude Include="StringToEnum.h">
      <Filter>Headerdateien</Filter>
    </ClInclude>
    <ClInclude Include="SVBitmapInfo.h">
      <Filter>Headerdateien</Filter>
    </ClInclude>
    <ClInclude Include="SVGUID.h">
      <Filter>Headerdateien</Filter>
    </ClInclude>
    <ClInclude Include="SVHandleManager.h">
      <Filter>Headerdateien</Filter>
    </ClInclude>
    <ClInclude Include="SVHistogramBase.h">
      <Filter>Headerdateien</Filter>
    </ClInclude>
    <ClInclude Include="SVHistogramStats.h">
      <Filter>Headerdateien</Filter>
    </ClInclude>
    <ClInclude Include="SVNameVariantList.h">
      <Filter>Headerdateien</Filter>
    </ClInclude>
    <ClInclude Include="SVNullDeleter.h">
      <Filter>Headerdateien</Filter>
    </ClInclude>
    <ClInclude Include="SVPoint.h">
      <Filter>Headerdateien</Filter>
    </ClInclude>
    <ClInclude Include="SVSafeArray.h">
      <Filter>Headerdateien</Filter>
    </ClInclude>
    <ClInclude Include="ZipHelper.h">
      <Filter>Headerdateien</Filter>
    </ClInclude>
    <ClInclude Include="SafeArrayHelper.h">
      <Filter>Headerdateien</Filter>
    </ClInclude>
    <ClInclude Include="NameObjectIdList.h">
      <Filter>Headerdateien</Filter>
    </ClInclude>
    <ClInclude Include="SHA256.h">
      <Filter>Headerdateien</Filter>
    </ClInclude>
    <ClInclude Include="AuditFiles.h">
      <Filter>Headerdateien</Filter>
    </ClInclude>
    <ClInclude Include="DirectoryUtilities.h">
      <Filter>Headerdateien</Filter>
    </ClInclude>
    <ClInclude Include="ModuleInfo.h">
      <Filter>Headerdateien</Filter>
    </ClInclude>
    <ClInclude Include="GlobalConstantData.h">
      <Filter>Headerdateien</Filter>
    </ClInclude>
    <ClInclude Include="SVUtilityGlobals.h">
      <Filter>Headerdateien</Filter>
    </ClInclude>
    <ClInclude Include="SVClock.h">
      <Filter>Headerdateien</Filter>
    </ClInclude>
    <ClInclude Include="AcquisitionName.h">
      <Filter>Headerdateien</Filter>
    </ClInclude>
    <ClInclude Include="FileHelper.h">
      <Filter>Headerdateien</Filter>
    </ClInclude>
    <ClInclude Include="RaiiLifeFlag.h">
      <Filter>Headerdateien</Filter>
    </ClInclude>
  </ItemGroup>
  <ItemGroup>
    <None Include="SVHandleManager.inl">
      <Filter>Headerdateien</Filter>
    </None>
    <None Include="SVSafeArray.inl">
      <Filter>Headerdateien</Filter>
    </None>
    <None Include="GlobalConstantData.inl">
      <Filter>Headerdateien</Filter>
    </None>
  </ItemGroup>
</Project>