<?xml version="1.0" encoding="utf-8"?>
<Project ToolsVersion="4.0" xmlns="http://schemas.microsoft.com/developer/msbuild/2003">
  <ItemGroup>
    <Filter Include="Headerdateien">
      <UniqueIdentifier>{56475622-a2f6-4176-9e8c-bb522ffb07f4}</UniqueIdentifier>
      <Extensions>h;hpp;hxx;hm;inl</Extensions>
    </Filter>
    <Filter Include="Ressourcendateien">
      <UniqueIdentifier>{B85E57FA-AB5C-4C5E-835C-AB74FD9B29CE}</UniqueIdentifier>
      <Extensions>rc;ico;cur;bmp;dlg;rc2;rct;bin;rgs;gif;jpg;jpeg;jpe;resx;tiff;tif;png;wav;mfcribbon-ms</Extensions>
    </Filter>
    <Filter Include="Quelldateien">
      <UniqueIdentifier>{0f36cf64-b84c-4bda-baf0-f6e5ce49a4ba}</UniqueIdentifier>
      <Extensions>cpp;c;cxx;rc;def;r;odl;idl;hpj;bat</Extensions>
    </Filter>
  </ItemGroup>
  <ItemGroup>
    <ClCompile Include="AuxiliaryExtentsController.cpp">
      <Filter>Quelldateien</Filter>
    </ClCompile>
    <ClCompile Include="Displayhelper.cpp">
      <Filter>Quelldateien</Filter>
    </ClCompile>
    <ClCompile Include="DrawToolController.cpp">
      <Filter>Quelldateien</Filter>
    </ClCompile>
    <ClCompile Include="DrawToolHelper.cpp">
      <Filter>Quelldateien</Filter>
    </ClCompile>
    <ClCompile Include="ExternalToolTaskController.cpp">
      <Filter>Quelldateien</Filter>
    </ClCompile>
    <ClCompile Include="FormulaController.cpp">
      <Filter>Quelldateien</Filter>
    </ClCompile>
    <ClCompile Include="GroupToolHelper.cpp">
      <Filter>Quelldateien</Filter>
    </ClCompile>
    <ClCompile Include="ImageController.cpp">
      <Filter>Quelldateien</Filter>
    </ClCompile>
    <ClCompile Include="LinkedValue.cpp">
      <Filter>Quelldateien</Filter>
    </ClCompile>
    <ClCompile Include="LinkedValueWidgetHelper.cpp">
      <Filter>Quelldateien</Filter>
    </ClCompile>
    <ClCompile Include="MaskController.cpp">
      <Filter>Quelldateien</Filter>
    </ClCompile>
    <ClCompile Include="NormalizerController.cpp">
      <Filter>Quelldateien</Filter>
    </ClCompile>
    <ClCompile Include="PictureDisplay.cpp">
      <Filter>Quelldateien</Filter>
    </ClCompile>
    <ClCompile Include="RangeController.cpp">
      <Filter>Quelldateien</Filter>
    </ClCompile>
    <ClCompile Include="StdAfx.cpp">
      <Filter>Quelldateien</Filter>
    </ClCompile>
    <ClCompile Include="ToolSizeController.cpp">
      <Filter>Quelldateien</Filter>
    </ClCompile>
    <ClCompile Include="ZoomHelper.cpp">
      <Filter>Quelldateien</Filter>
    </ClCompile>
    <ClCompile Include="CDSVPictureDisplay.cpp">
      <Filter>Quelldateien</Filter>
    </ClCompile>
    <ClCompile Include="BlobAnalyzer2Helper.cpp">
      <Filter>Quelldateien</Filter>
    </ClCompile>
    <ClCompile Include="LinkedValueSelectorDialog.cpp">
      <Filter>Quelldateien</Filter>
    </ClCompile>
    <ClCompile Include="SVFormulaEditorPage.cpp">
      <Filter>Quelldateien</Filter>
    </ClCompile>
    <ClCompile Include="DrawTaskTree.cpp">
      <Filter>Quelldateien</Filter>
    </ClCompile>
    <ClCompile Include="ValueEditWidgetHelper.cpp">
      <Filter>Quelldateien</Filter>
    </ClCompile>
  </ItemGroup>
  <ItemGroup>
    <ClInclude Include="AuxiliaryExtentsController.h">
      <Filter>Headerdateien</Filter>
    </ClInclude>
    <ClInclude Include="BoundValue.h">
      <Filter>Headerdateien</Filter>
    </ClInclude>
    <ClInclude Include="CDSVPictureDisplay.h">
      <Filter>Headerdateien</Filter>
    </ClInclude>
    <ClInclude Include="DataController.h">
      <Filter>Headerdateien</Filter>
    </ClInclude>
    <ClInclude Include="DisplayHelper.h">
      <Filter>Headerdateien</Filter>
    </ClInclude>
    <ClInclude Include="DrawToolController.h">
      <Filter>Headerdateien</Filter>
    </ClInclude>
    <ClInclude Include="DrawToolHelper.h">
      <Filter>Headerdateien</Filter>
    </ClInclude>
    <ClInclude Include="DrawToolHelperStructs.h">
      <Filter>Headerdateien</Filter>
    </ClInclude>
    <ClInclude Include="ExternalToolTaskController.h">
      <Filter>Headerdateien</Filter>
    </ClInclude>
    <ClInclude Include="FormulaController.h">
      <Filter>Headerdateien</Filter>
    </ClInclude>
    <ClInclude Include="GroupToolHelper.h">
      <Filter>Headerdateien</Filter>
    </ClInclude>
    <ClInclude Include="GuiValueHelper.h">
      <Filter>Headerdateien</Filter>
    </ClInclude>
    <ClInclude Include="ImageController.h">
      <Filter>Headerdateien</Filter>
    </ClInclude>
    <ClInclude Include="LinkedValue.h">
      <Filter>Headerdateien</Filter>
    </ClInclude>
    <ClInclude Include="LinkedValueWidgetHelper.h">
      <Filter>Headerdateien</Filter>
    </ClInclude>
    <ClInclude Include="MaskController.h">
      <Filter>Headerdateien</Filter>
    </ClInclude>
    <ClInclude Include="NormalizerController.h">
      <Filter>Headerdateien</Filter>
    </ClInclude>
    <ClInclude Include="PictureDisplay.h">
      <Filter>Headerdateien</Filter>
    </ClInclude>
    <ClInclude Include="RangeController.h">
      <Filter>Headerdateien</Filter>
    </ClInclude>
    <ClInclude Include="Sci_Position.h">
      <Filter>Headerdateien</Filter>
    </ClInclude>
    <ClInclude Include="SciLexer.h">
      <Filter>Headerdateien</Filter>
    </ClInclude>
    <ClInclude Include="Scintilla.h">
      <Filter>Headerdateien</Filter>
    </ClInclude>
    <ClInclude Include="StdAfx.h">
      <Filter>Headerdateien</Filter>
    </ClInclude>
    <ClInclude Include="ToolSizeController.h">
      <Filter>Headerdateien</Filter>
    </ClInclude>
    <ClInclude Include="ValuesAccessor.h">
      <Filter>Headerdateien</Filter>
    </ClInclude>
    <ClInclude Include="ZoomHelper.h">
      <Filter>Headerdateien</Filter>
    </ClInclude>
    <ClInclude Include="BlobAnalyzer2Helper.h">
      <Filter>Headerdateien</Filter>
    </ClInclude>
    <ClInclude Include="LinkedValueSelectorDialog.h">
      <Filter>Headerdateien</Filter>
    </ClInclude>
    <ClInclude Include="SVFormulaEditorPage.h">
      <Filter>Headerdateien</Filter>
    </ClInclude>
    <ClInclude Include="DrawTaskTree.h">
      <Filter>Headerdateien</Filter>
    </ClInclude>
    <ClInclude Include="ValueEditWidgetHelper.h">
      <Filter>Headerdateien</Filter>
    </ClInclude>
  </ItemGroup>
</Project>