<?xml version="1.0" encoding="utf-8"?>
<Project ToolsVersion="4.0" xmlns="http://schemas.microsoft.com/developer/msbuild/2003">
  <ItemGroup>
    <Filter Include="Quelldateien">
      <UniqueIdentifier>{ec8177c2-c8a9-48e8-ab24-5f49363ed685}</UniqueIdentifier>
      <Extensions>cpp;c;cxx;rc;def;r;odl;idl;hpj;bat</Extensions>
    </Filter>
    <Filter Include="Headerdateien">
      <UniqueIdentifier>{c7c5a86c-f56a-4609-979a-dad4b58e7def}</UniqueIdentifier>
      <Extensions>h;hpp;hxx;hm;inl</Extensions>
    </Filter>
    <Filter Include="Ressourcendateien">
      <UniqueIdentifier>{7dadb51e-5ddd-4c67-8436-926a9a6e572d}</UniqueIdentifier>
      <Extensions>ico;cur;bmp;dlg;rc2;rct;bin;rgs;gif;jpg;jpeg;jpe</Extensions>
    </Filter>
  </ItemGroup>
  <ItemGroup>
    <ClCompile Include="SVOResource.cpp">
      <Filter>Quelldateien</Filter>
    </ClCompile>
    <ClCompile Include="StdAfx.cpp">
      <Filter>Quelldateien</Filter>
    </ClCompile>
  </ItemGroup>
  <ItemGroup>
    <None Include="SVOResource.def">
      <Filter>Quelldateien</Filter>
    </None>
    <None Include="res\SVOResource.rc2">
      <Filter>Ressourcendateien</Filter>
    </None>
    <None Include="Readme.SVResource.txt" />
    <None Include="res\empty_enabled.ico">
      <Filter>Ressourcendateien</Filter>
    </None>
    <None Include="res\checked_disabled.ico">
      <Filter>Ressourcendateien</Filter>
    </None>
    <None Include="res\checked_enabled.ico">
      <Filter>Ressourcendateien</Filter>
    </None>
    <None Include="res\empty_disabled.ico">
      <Filter>Ressourcendateien</Filter>
    </None>
    <None Include="res\tri_state_disabled.ico">
      <Filter>Ressourcendateien</Filter>
    </None>
    <None Include="res\tri_state_enabled.ico">
      <Filter>Ressourcendateien</Filter>
    </None>
    <None Include="res\unchecked_disabled.ico">
      <Filter>Ressourcendateien</Filter>
    </None>
    <None Include="res\unchecked_enabled.ico">
      <Filter>Ressourcendateien</Filter>
    </None>
    <None Include="Res\Start.bmp">
      <Filter>Ressourcendateien</Filter>
    </None>
    <None Include="res\toolbarZoom.bmp">
      <Filter>Ressourcendateien</Filter>
    </None>
    <None Include="res\Toolbar.bmp">
      <Filter>Ressourcendateien</Filter>
    </None>
    <None Include="res\svobserv.bmp">
      <Filter>Ressourcendateien</Filter>
    </None>
    <None Include="res\ToolbarConditional.bmp">
      <Filter>Ressourcendateien</Filter>
    </None>
    <None Include="res\ToolbarLogical.bmp">
      <Filter>Ressourcendateien</Filter>
    </None>
    <None Include="res\ToolbarBasic.bmp">
      <Filter>Ressourcendateien</Filter>
    </None>
    <None Include="res\ToolbarTrig.bmp">
      <Filter>Ressourcendateien</Filter>
    </None>
    <None Include="res\ToolbarMisc.bmp">
      <Filter>Ressourcendateien</Filter>
    </None>
    <None Include="res\ToolbarStat.bmp">
      <Filter>Ressourcendateien</Filter>
    </None>
    <None Include="res\toolbarPunctuation.bmp">
      <Filter>Ressourcendateien</Filter>
    </None>
    <None Include="RES\downarrow.bmp">
      <Filter>Ressourcendateien</Filter>
    </None>
    <None Include="RES\uparrow.bmp">
      <Filter>Ressourcendateien</Filter>
    </None>
    <None Include="res\formulaCursor.bmp">
      <Filter>Ressourcendateien</Filter>
    </None>
    <None Include="res\bmp00001.bmp">
      <Filter>Ressourcendateien</Filter>
    </None>
    <None Include="RES\SVKnob.bmp">
      <Filter>Ressourcendateien</Filter>
    </None>
    <None Include="RES\SVKnob_mask.bmp">
      <Filter>Ressourcendateien</Filter>
    </None>
    <None Include="RES\SVKnobDot.bmp">
      <Filter>Ressourcendateien</Filter>
    </None>
    <None Include="RES\SVKnobDot_mask.bmp">
      <Filter>Ressourcendateien</Filter>
    </None>
    <None Include="res\Korber.bmp">
      <Filter>Ressourcendateien</Filter>
    </None>
    <None Include="res\icon1.ico">
      <Filter>Ressourcendateien</Filter>
    </None>
    <None Include="res\SVIPDoc.ico">
      <Filter>Ressourcendateien</Filter>
    </None>
    <None Include="res\icon_cam.ico">
      <Filter>Ressourcendateien</Filter>
    </None>
    <None Include="res\output_i.ico">
      <Filter>Ressourcendateien</Filter>
    </None>
    <None Include="res\ioitem_i.ico">
      <Filter>Ressourcendateien</Filter>
    </None>
    <None Include="res\input_ic.ico">
      <Filter>Ressourcendateien</Filter>
    </None>
    <None Include="res\SVIODoc.ico">
      <Filter>Ressourcendateien</Filter>
    </None>
    <None Include="res\noioitem.ico">
      <Filter>Ressourcendateien</Filter>
    </None>
    <None Include="res\icon_exi.ico">
      <Filter>Ressourcendateien</Filter>
    </None>
    <None Include="res\icon_not.ico">
      <Filter>Ressourcendateien</Filter>
    </None>
    <None Include="RES\arrow_counterclockwise.ico">
      <Filter>Ressourcendateien</Filter>
    </None>
    <None Include="res\arrow_clockwise.ico">
      <Filter>Ressourcendateien</Filter>
    </None>
    <None Include="res\arrow_down.ico">
      <Filter>Ressourcendateien</Filter>
    </None>
    <None Include="res\arrow_left.ico">
      <Filter>Ressourcendateien</Filter>
    </None>
    <None Include="res\arrow_right.ico">
      <Filter>Ressourcendateien</Filter>
    </None>
    <None Include="res\arrow_up.ico">
      <Filter>Ressourcendateien</Filter>
    </None>
    <None Include="res\beginning.ico">
      <Filter>Ressourcendateien</Filter>
    </None>
    <None Include="res\frame_back.ico">
      <Filter>Ressourcendateien</Filter>
    </None>
    <None Include="res\frame_up.ico">
      <Filter>Ressourcendateien</Filter>
    </None>
    <None Include="res\mode_continue.ico">
      <Filter>Ressourcendateien</Filter>
    </None>
    <None Include="res\mode_runtoend.ico">
      <Filter>Ressourcendateien</Filter>
    </None>
    <None Include="res\pause.ico">
      <Filter>Ressourcendateien</Filter>
    </None>
    <None Include="res\play.ico">
      <Filter>Ressourcendateien</Filter>
    </None>
    <None Include="res\stop.ico">
      <Filter>Ressourcendateien</Filter>
    </None>
    <None Include="res\ico_status_black.ico">
      <Filter>Ressourcendateien</Filter>
    </None>
    <None Include="res\ico_status_none.ico">
      <Filter>Ressourcendateien</Filter>
    </None>
    <None Include="res\W95MBX03.ICO">
      <Filter>Ressourcendateien</Filter>
    </None>
    <None Include="res\icon_exist1.ico">
      <Filter>Ressourcendateien</Filter>
    </None>
    <None Include="res\ico00001.ico">
      <Filter>Ressourcendateien</Filter>
    </None>
    <None Include="res\ico00002.ico">
      <Filter>Ressourcendateien</Filter>
    </None>
    <None Include="res\ico00003.ico">
      <Filter>Ressourcendateien</Filter>
    </None>
    <None Include="res\icon2.ico">
      <Filter>Ressourcendateien</Filter>
    </None>
    <None Include="res\arrow_rotate.ico">
      <Filter>Ressourcendateien</Filter>
    </None>
    <None Include="SVObserver.rgs">
      <Filter>Ressourcendateien</Filter>
    </None>
    <None Include="SVObserverd.rgs">
      <Filter>Ressourcendateien</Filter>
    </None>
    <None Include="SVCommand.rgs">
      <Filter>Ressourcendateien</Filter>
    </None>
    <None Include="SVRemoteCommandData.rgs">
      <Filter>Ressourcendateien</Filter>
    </None>
    <None Include="SVRemoteCommand.rgs">
      <Filter>Ressourcendateien</Filter>
    </None>
    <None Include="res\dot_enabled.ico">
      <Filter>Ressourcendateien</Filter>
    </None>
    <None Include="res\dot_disabled.ico">
      <Filter>Ressourcendateien</Filter>
    </None>
    <None Include="res\global_constant.ico">
      <Filter>Ressourcendateien</Filter>
    </None>
  </ItemGroup>
  <ItemGroup>
    <ClInclude Include="..\AutoBuild\AutoBuild.h">
      <Filter>Headerdateien</Filter>
    </ClInclude>
    <ClInclude Include="ConstGlobalSvOr.h">
      <Filter>Headerdateien</Filter>
    </ClInclude>
    <ClInclude Include="resource.h">
      <Filter>Headerdateien</Filter>
    </ClInclude>
    <ClInclude Include="stdafx.h">
      <Filter>Headerdateien</Filter>
    </ClInclude>
    <ClInclude Include="SVOResource.h">
      <Filter>Headerdateien</Filter>
    </ClInclude>
    <ClInclude Include="targetver.h">
      <Filter>Headerdateien</Filter>
    </ClInclude>
  </ItemGroup>
  <ItemGroup>
    <ResourceCompile Include="SVOResource.rc">
      <Filter>Quelldateien</Filter>
    </ResourceCompile>
  </ItemGroup>
  <ItemGroup>
    <Image Include="res\Tree.bmp">
      <Filter>Ressourcendateien</Filter>
    </Image>
    <Image Include="res\HMI.ico">
      <Filter>Ressourcendateien</Filter>
    </Image>
    <Image Include="res\CollapseLoop.ICO">
      <Filter>Ressourcendateien</Filter>
    </Image>
    <Image Include="res\ExpandLoop.ico">
      <Filter>Ressourcendateien</Filter>
    </Image>
  </ItemGroup>
</Project>